// !$*UTF8*$!
{
	archiveVersion = 1;
	classes = {
	};
	objectVersion = 50;
	objects = {

/* Begin PBXBuildFile section */
		1004F55425ECB7C5006666EA /* Drinkable.swift in Sources */ = {isa = PBXBuildFile; fileRef = 1004F55325ECB7C5006666EA /* Drinkable.swift */; };
		105EE25825E8CCD000E6D2E2 /* EnergyDrink.swift in Sources */ = {isa = PBXBuildFile; fileRef = 105EE25725E8CCD000E6D2E2 /* EnergyDrink.swift */; };
		105EE26B25E8D0CD00E6D2E2 /* StroberryMilk.swift in Sources */ = {isa = PBXBuildFile; fileRef = 105EE26A25E8D0CD00E6D2E2 /* StroberryMilk.swift */; };
		105EE27025E8D0D800E6D2E2 /* ChocolateMilk.swift in Sources */ = {isa = PBXBuildFile; fileRef = 105EE26F25E8D0D800E6D2E2 /* ChocolateMilk.swift */; };
		105EE27525E8D0E300E6D2E2 /* BananaMilk.swift in Sources */ = {isa = PBXBuildFile; fileRef = 105EE27425E8D0E300E6D2E2 /* BananaMilk.swift */; };
		105EE27A25E8D61000E6D2E2 /* Top.swift in Sources */ = {isa = PBXBuildFile; fileRef = 105EE27925E8D61000E6D2E2 /* Top.swift */; };
		105EE27F25E8D62200E6D2E2 /* Georgia.swift in Sources */ = {isa = PBXBuildFile; fileRef = 105EE27E25E8D62200E6D2E2 /* Georgia.swift */; };
		105EE28425E8D63600E6D2E2 /* Cantata.swift in Sources */ = {isa = PBXBuildFile; fileRef = 105EE28325E8D63600E6D2E2 /* Cantata.swift */; };
		1061001325EA1F7800D07810 /* MilkFactory.swift in Sources */ = {isa = PBXBuildFile; fileRef = 1061001225EA1F7800D07810 /* MilkFactory.swift */; };
		1061001B25EA1F9000D07810 /* EnergyDrinkFactory.swift in Sources */ = {isa = PBXBuildFile; fileRef = 1061001A25EA1F9000D07810 /* EnergyDrinkFactory.swift */; };
		1061002025EA1F9C00D07810 /* SodaFactory.swift in Sources */ = {isa = PBXBuildFile; fileRef = 1061001F25EA1F9C00D07810 /* SodaFactory.swift */; };
		1061002525EA1FA600D07810 /* CoffeeFactory.swift in Sources */ = {isa = PBXBuildFile; fileRef = 1061002425EA1FA600D07810 /* CoffeeFactory.swift */; };
		1087276625EE15A500F260A2 /* Money.swift in Sources */ = {isa = PBXBuildFile; fileRef = 1087276525EE15A500F260A2 /* Money.swift */; };
		108B4FA825EE290B00658B66 /* Stock.swift in Sources */ = {isa = PBXBuildFile; fileRef = 108B4FA725EE290B00658B66 /* Stock.swift */; };
		10C692A025EA2B5C009F6AEF /* BeverageFactory.swift in Sources */ = {isa = PBXBuildFile; fileRef = 10C6929F25EA2B5C009F6AEF /* BeverageFactory.swift */; };
		10C692A825EA2CC7009F6AEF /* Monster.swift in Sources */ = {isa = PBXBuildFile; fileRef = 10C692A725EA2CC7009F6AEF /* Monster.swift */; };
		10C692AD25EA2CE1009F6AEF /* Hot6ix.swift in Sources */ = {isa = PBXBuildFile; fileRef = 10C692AC25EA2CE1009F6AEF /* Hot6ix.swift */; };
		10C692B225EA2D0F009F6AEF /* Coke.swift in Sources */ = {isa = PBXBuildFile; fileRef = 10C692B125EA2D0F009F6AEF /* Coke.swift */; };
		10C692B725EA2D23009F6AEF /* Sprite.swift in Sources */ = {isa = PBXBuildFile; fileRef = 10C692B625EA2D23009F6AEF /* Sprite.swift */; };
		10C692C225EA3525009F6AEF /* FactoryTest.swift in Sources */ = {isa = PBXBuildFile; fileRef = 10C692C125EA3525009F6AEF /* FactoryTest.swift */; };
		10C692CA25EA4FE7009F6AEF /* VendingMachineTest.swift in Sources */ = {isa = PBXBuildFile; fileRef = 10C692C925EA4FE7009F6AEF /* VendingMachineTest.swift */; };
		10CC271225E932C000C70F6E /* ModelTest.swift in Sources */ = {isa = PBXBuildFile; fileRef = 10CC271125E932C000C70F6E /* ModelTest.swift */; };
		10ED09C725EA69D600569FE6 /* Customer.swift in Sources */ = {isa = PBXBuildFile; fileRef = 10ED09C625EA69D600569FE6 /* Customer.swift */; };
		10ED09D725EA750700569FE6 /* ConsumerTest.swift in Sources */ = {isa = PBXBuildFile; fileRef = 10ED09D625EA750700569FE6 /* ConsumerTest.swift */; };
		10ED70B725EF68E80038BED9 /* ArrayUtility.swift in Sources */ = {isa = PBXBuildFile; fileRef = 10ED70B625EF68E80038BED9 /* ArrayUtility.swift */; };
		10F5F04225E782C400B70881 /* AppDelegate.swift in Sources */ = {isa = PBXBuildFile; fileRef = 10F5F04125E782C400B70881 /* AppDelegate.swift */; };
		10F5F04425E782C400B70881 /* SceneDelegate.swift in Sources */ = {isa = PBXBuildFile; fileRef = 10F5F04325E782C400B70881 /* SceneDelegate.swift */; };
		10F5F04625E782C400B70881 /* ViewController.swift in Sources */ = {isa = PBXBuildFile; fileRef = 10F5F04525E782C400B70881 /* ViewController.swift */; };
		10F5F04925E782C400B70881 /* Main.storyboard in Resources */ = {isa = PBXBuildFile; fileRef = 10F5F04725E782C400B70881 /* Main.storyboard */; };
		10F5F04B25E782C500B70881 /* Assets.xcassets in Resources */ = {isa = PBXBuildFile; fileRef = 10F5F04A25E782C500B70881 /* Assets.xcassets */; };
		10F5F04E25E782C500B70881 /* LaunchScreen.storyboard in Resources */ = {isa = PBXBuildFile; fileRef = 10F5F04C25E782C500B70881 /* LaunchScreen.storyboard */; };
		10F5F05925E782C500B70881 /* VendingMachineAppTests.swift in Sources */ = {isa = PBXBuildFile; fileRef = 10F5F05825E782C500B70881 /* VendingMachineAppTests.swift */; };
		10F5F06425E782C500B70881 /* VendingMachineAppUITests.swift in Sources */ = {isa = PBXBuildFile; fileRef = 10F5F06325E782C500B70881 /* VendingMachineAppUITests.swift */; };
		10F5F08325E7845B00B70881 /* Beverage.swift in Sources */ = {isa = PBXBuildFile; fileRef = 10F5F07E25E7845B00B70881 /* Beverage.swift */; };
		10F5F08425E7845B00B70881 /* Soda.swift in Sources */ = {isa = PBXBuildFile; fileRef = 10F5F07F25E7845B00B70881 /* Soda.swift */; };
		10F5F08525E7845B00B70881 /* Milk.swift in Sources */ = {isa = PBXBuildFile; fileRef = 10F5F08025E7845B00B70881 /* Milk.swift */; };
		10F5F08625E7845B00B70881 /* VendingMachine.swift in Sources */ = {isa = PBXBuildFile; fileRef = 10F5F08125E7845B00B70881 /* VendingMachine.swift */; };
		10F5F08725E7845B00B70881 /* Coffee.swift in Sources */ = {isa = PBXBuildFile; fileRef = 10F5F08225E7845B00B70881 /* Coffee.swift */; };
		10F5F08C25E7A1B900B70881 /* DateUtility.swift in Sources */ = {isa = PBXBuildFile; fileRef = 10F5F08B25E7A1B900B70881 /* DateUtility.swift */; };
		10F5F09825E7D2EE00B70881 /* StringUtility.swift in Sources */ = {isa = PBXBuildFile; fileRef = 10F5F09725E7D2EE00B70881 /* StringUtility.swift */; };
/* End PBXBuildFile section */

/* Begin PBXContainerItemProxy section */
		10F5F05525E782C500B70881 /* PBXContainerItemProxy */ = {
			isa = PBXContainerItemProxy;
			containerPortal = 10F5F03625E782C400B70881 /* Project object */;
			proxyType = 1;
			remoteGlobalIDString = 10F5F03D25E782C400B70881;
			remoteInfo = VendingMachineApp;
		};
		10F5F06025E782C500B70881 /* PBXContainerItemProxy */ = {
			isa = PBXContainerItemProxy;
			containerPortal = 10F5F03625E782C400B70881 /* Project object */;
			proxyType = 1;
			remoteGlobalIDString = 10F5F03D25E782C400B70881;
			remoteInfo = VendingMachineApp;
		};
/* End PBXContainerItemProxy section */

/* Begin PBXFileReference section */
		1004F55325ECB7C5006666EA /* Drinkable.swift */ = {isa = PBXFileReference; lastKnownFileType = sourcecode.swift; path = Drinkable.swift; sourceTree = "<group>"; };
		105EE25725E8CCD000E6D2E2 /* EnergyDrink.swift */ = {isa = PBXFileReference; lastKnownFileType = sourcecode.swift; path = EnergyDrink.swift; sourceTree = "<group>"; };
		105EE26A25E8D0CD00E6D2E2 /* StroberryMilk.swift */ = {isa = PBXFileReference; lastKnownFileType = sourcecode.swift; path = StroberryMilk.swift; sourceTree = "<group>"; };
		105EE26F25E8D0D800E6D2E2 /* ChocolateMilk.swift */ = {isa = PBXFileReference; lastKnownFileType = sourcecode.swift; path = ChocolateMilk.swift; sourceTree = "<group>"; };
		105EE27425E8D0E300E6D2E2 /* BananaMilk.swift */ = {isa = PBXFileReference; lastKnownFileType = sourcecode.swift; path = BananaMilk.swift; sourceTree = "<group>"; };
		105EE27925E8D61000E6D2E2 /* Top.swift */ = {isa = PBXFileReference; lastKnownFileType = sourcecode.swift; path = Top.swift; sourceTree = "<group>"; };
		105EE27E25E8D62200E6D2E2 /* Georgia.swift */ = {isa = PBXFileReference; lastKnownFileType = sourcecode.swift; path = Georgia.swift; sourceTree = "<group>"; };
		105EE28325E8D63600E6D2E2 /* Cantata.swift */ = {isa = PBXFileReference; lastKnownFileType = sourcecode.swift; path = Cantata.swift; sourceTree = "<group>"; };
		1061001225EA1F7800D07810 /* MilkFactory.swift */ = {isa = PBXFileReference; lastKnownFileType = sourcecode.swift; path = MilkFactory.swift; sourceTree = "<group>"; };
		1061001A25EA1F9000D07810 /* EnergyDrinkFactory.swift */ = {isa = PBXFileReference; lastKnownFileType = sourcecode.swift; path = EnergyDrinkFactory.swift; sourceTree = "<group>"; };
		1061001F25EA1F9C00D07810 /* SodaFactory.swift */ = {isa = PBXFileReference; lastKnownFileType = sourcecode.swift; path = SodaFactory.swift; sourceTree = "<group>"; };
		1061002425EA1FA600D07810 /* CoffeeFactory.swift */ = {isa = PBXFileReference; lastKnownFileType = sourcecode.swift; path = CoffeeFactory.swift; sourceTree = "<group>"; };
		1087276525EE15A500F260A2 /* Money.swift */ = {isa = PBXFileReference; lastKnownFileType = sourcecode.swift; path = Money.swift; sourceTree = "<group>"; };
		108B4FA725EE290B00658B66 /* Stock.swift */ = {isa = PBXFileReference; lastKnownFileType = sourcecode.swift; path = Stock.swift; sourceTree = "<group>"; };
		10C6929F25EA2B5C009F6AEF /* BeverageFactory.swift */ = {isa = PBXFileReference; lastKnownFileType = sourcecode.swift; path = BeverageFactory.swift; sourceTree = "<group>"; };
		10C692A725EA2CC7009F6AEF /* Monster.swift */ = {isa = PBXFileReference; lastKnownFileType = sourcecode.swift; path = Monster.swift; sourceTree = "<group>"; };
		10C692AC25EA2CE1009F6AEF /* Hot6ix.swift */ = {isa = PBXFileReference; lastKnownFileType = sourcecode.swift; path = Hot6ix.swift; sourceTree = "<group>"; };
		10C692B125EA2D0F009F6AEF /* Coke.swift */ = {isa = PBXFileReference; lastKnownFileType = sourcecode.swift; path = Coke.swift; sourceTree = "<group>"; };
		10C692B625EA2D23009F6AEF /* Sprite.swift */ = {isa = PBXFileReference; lastKnownFileType = sourcecode.swift; path = Sprite.swift; sourceTree = "<group>"; };
		10C692C125EA3525009F6AEF /* FactoryTest.swift */ = {isa = PBXFileReference; lastKnownFileType = sourcecode.swift; path = FactoryTest.swift; sourceTree = "<group>"; };
		10C692C925EA4FE7009F6AEF /* VendingMachineTest.swift */ = {isa = PBXFileReference; lastKnownFileType = sourcecode.swift; path = VendingMachineTest.swift; sourceTree = "<group>"; };
		10CC271125E932C000C70F6E /* ModelTest.swift */ = {isa = PBXFileReference; lastKnownFileType = sourcecode.swift; path = ModelTest.swift; sourceTree = "<group>"; };
		10ED09C625EA69D600569FE6 /* Customer.swift */ = {isa = PBXFileReference; lastKnownFileType = sourcecode.swift; path = Customer.swift; sourceTree = "<group>"; };
		10ED09D625EA750700569FE6 /* ConsumerTest.swift */ = {isa = PBXFileReference; lastKnownFileType = sourcecode.swift; path = ConsumerTest.swift; sourceTree = "<group>"; };
		10ED70B625EF68E80038BED9 /* ArrayUtility.swift */ = {isa = PBXFileReference; lastKnownFileType = sourcecode.swift; path = ArrayUtility.swift; sourceTree = "<group>"; };
		10F5F03E25E782C400B70881 /* VendingMachineApp.app */ = {isa = PBXFileReference; explicitFileType = wrapper.application; includeInIndex = 0; path = VendingMachineApp.app; sourceTree = BUILT_PRODUCTS_DIR; };
		10F5F04125E782C400B70881 /* AppDelegate.swift */ = {isa = PBXFileReference; lastKnownFileType = sourcecode.swift; path = AppDelegate.swift; sourceTree = "<group>"; };
		10F5F04325E782C400B70881 /* SceneDelegate.swift */ = {isa = PBXFileReference; lastKnownFileType = sourcecode.swift; path = SceneDelegate.swift; sourceTree = "<group>"; };
		10F5F04525E782C400B70881 /* ViewController.swift */ = {isa = PBXFileReference; lastKnownFileType = sourcecode.swift; path = ViewController.swift; sourceTree = "<group>"; };
		10F5F04825E782C400B70881 /* Base */ = {isa = PBXFileReference; lastKnownFileType = file.storyboard; name = Base; path = Base.lproj/Main.storyboard; sourceTree = "<group>"; };
		10F5F04A25E782C500B70881 /* Assets.xcassets */ = {isa = PBXFileReference; lastKnownFileType = folder.assetcatalog; path = Assets.xcassets; sourceTree = "<group>"; };
		10F5F04D25E782C500B70881 /* Base */ = {isa = PBXFileReference; lastKnownFileType = file.storyboard; name = Base; path = Base.lproj/LaunchScreen.storyboard; sourceTree = "<group>"; };
		10F5F04F25E782C500B70881 /* Info.plist */ = {isa = PBXFileReference; lastKnownFileType = text.plist.xml; path = Info.plist; sourceTree = "<group>"; };
		10F5F05425E782C500B70881 /* VendingMachineAppTests.xctest */ = {isa = PBXFileReference; explicitFileType = wrapper.cfbundle; includeInIndex = 0; path = VendingMachineAppTests.xctest; sourceTree = BUILT_PRODUCTS_DIR; };
		10F5F05825E782C500B70881 /* VendingMachineAppTests.swift */ = {isa = PBXFileReference; lastKnownFileType = sourcecode.swift; path = VendingMachineAppTests.swift; sourceTree = "<group>"; };
		10F5F05A25E782C500B70881 /* Info.plist */ = {isa = PBXFileReference; lastKnownFileType = text.plist.xml; path = Info.plist; sourceTree = "<group>"; };
		10F5F05F25E782C500B70881 /* VendingMachineAppUITests.xctest */ = {isa = PBXFileReference; explicitFileType = wrapper.cfbundle; includeInIndex = 0; path = VendingMachineAppUITests.xctest; sourceTree = BUILT_PRODUCTS_DIR; };
		10F5F06325E782C500B70881 /* VendingMachineAppUITests.swift */ = {isa = PBXFileReference; lastKnownFileType = sourcecode.swift; path = VendingMachineAppUITests.swift; sourceTree = "<group>"; };
		10F5F06525E782C500B70881 /* Info.plist */ = {isa = PBXFileReference; lastKnownFileType = text.plist.xml; path = Info.plist; sourceTree = "<group>"; };
		10F5F07E25E7845B00B70881 /* Beverage.swift */ = {isa = PBXFileReference; fileEncoding = 4; lastKnownFileType = sourcecode.swift; path = Beverage.swift; sourceTree = "<group>"; };
		10F5F07F25E7845B00B70881 /* Soda.swift */ = {isa = PBXFileReference; fileEncoding = 4; lastKnownFileType = sourcecode.swift; path = Soda.swift; sourceTree = "<group>"; };
		10F5F08025E7845B00B70881 /* Milk.swift */ = {isa = PBXFileReference; fileEncoding = 4; lastKnownFileType = sourcecode.swift; path = Milk.swift; sourceTree = "<group>"; };
		10F5F08125E7845B00B70881 /* VendingMachine.swift */ = {isa = PBXFileReference; fileEncoding = 4; lastKnownFileType = sourcecode.swift; path = VendingMachine.swift; sourceTree = "<group>"; };
		10F5F08225E7845B00B70881 /* Coffee.swift */ = {isa = PBXFileReference; fileEncoding = 4; lastKnownFileType = sourcecode.swift; path = Coffee.swift; sourceTree = "<group>"; };
		10F5F08B25E7A1B900B70881 /* DateUtility.swift */ = {isa = PBXFileReference; lastKnownFileType = sourcecode.swift; path = DateUtility.swift; sourceTree = "<group>"; };
		10F5F09725E7D2EE00B70881 /* StringUtility.swift */ = {isa = PBXFileReference; lastKnownFileType = sourcecode.swift; path = StringUtility.swift; sourceTree = "<group>"; };
/* End PBXFileReference section */

/* Begin PBXFrameworksBuildPhase section */
		10F5F03B25E782C400B70881 /* Frameworks */ = {
			isa = PBXFrameworksBuildPhase;
			buildActionMask = 2147483647;
			files = (
			);
			runOnlyForDeploymentPostprocessing = 0;
		};
		10F5F05125E782C500B70881 /* Frameworks */ = {
			isa = PBXFrameworksBuildPhase;
			buildActionMask = 2147483647;
			files = (
			);
			runOnlyForDeploymentPostprocessing = 0;
		};
		10F5F05C25E782C500B70881 /* Frameworks */ = {
			isa = PBXFrameworksBuildPhase;
			buildActionMask = 2147483647;
			files = (
			);
			runOnlyForDeploymentPostprocessing = 0;
		};
/* End PBXFrameworksBuildPhase section */

/* Begin PBXGroup section */
		105EE25C25E8CD3600E6D2E2 /* Coffee */ = {
			isa = PBXGroup;
			children = (
				10F5F08225E7845B00B70881 /* Coffee.swift */,
				1061002425EA1FA600D07810 /* CoffeeFactory.swift */,
				105EE27925E8D61000E6D2E2 /* Top.swift */,
				105EE27E25E8D62200E6D2E2 /* Georgia.swift */,
				105EE28325E8D63600E6D2E2 /* Cantata.swift */,
			);
			path = Coffee;
			sourceTree = "<group>";
		};
		105EE25E25E8CD4400E6D2E2 /* Soda */ = {
			isa = PBXGroup;
			children = (
				10F5F07F25E7845B00B70881 /* Soda.swift */,
				1061001F25EA1F9C00D07810 /* SodaFactory.swift */,
				10C692B625EA2D23009F6AEF /* Sprite.swift */,
				10C692B125EA2D0F009F6AEF /* Coke.swift */,
			);
			path = Soda;
			sourceTree = "<group>";
		};
		105EE25F25E8CD4F00E6D2E2 /* Milk */ = {
			isa = PBXGroup;
			children = (
				10F5F08025E7845B00B70881 /* Milk.swift */,
				1061001225EA1F7800D07810 /* MilkFactory.swift */,
				105EE26A25E8D0CD00E6D2E2 /* StroberryMilk.swift */,
				105EE26F25E8D0D800E6D2E2 /* ChocolateMilk.swift */,
				105EE27425E8D0E300E6D2E2 /* BananaMilk.swift */,
			);
			path = Milk;
			sourceTree = "<group>";
		};
		105EE26025E8CD5B00E6D2E2 /* EnergyDrink */ = {
			isa = PBXGroup;
			children = (
				105EE25725E8CCD000E6D2E2 /* EnergyDrink.swift */,
				1061001A25EA1F9000D07810 /* EnergyDrinkFactory.swift */,
				10C692A725EA2CC7009F6AEF /* Monster.swift */,
				10C692AC25EA2CE1009F6AEF /* Hot6ix.swift */,
			);
			path = EnergyDrink;
			sourceTree = "<group>";
		};
		105EE26125E8CDE900E6D2E2 /* Protocol */ = {
			isa = PBXGroup;
			children = (
				1004F55325ECB7C5006666EA /* Drinkable.swift */,
			);
			path = Protocol;
			sourceTree = "<group>";
		};
		10F5F03525E782C400B70881 = {
			isa = PBXGroup;
			children = (
				10F5F04025E782C400B70881 /* VendingMachineApp */,
				10F5F05725E782C500B70881 /* VendingMachineAppTests */,
				10F5F06225E782C500B70881 /* VendingMachineAppUITests */,
				10F5F03F25E782C400B70881 /* Products */,
			);
			sourceTree = "<group>";
		};
		10F5F03F25E782C400B70881 /* Products */ = {
			isa = PBXGroup;
			children = (
				10F5F03E25E782C400B70881 /* VendingMachineApp.app */,
				10F5F05425E782C500B70881 /* VendingMachineAppTests.xctest */,
				10F5F05F25E782C500B70881 /* VendingMachineAppUITests.xctest */,
			);
			name = Products;
			sourceTree = "<group>";
		};
		10F5F04025E782C400B70881 /* VendingMachineApp */ = {
			isa = PBXGroup;
			children = (
				10F5F04125E782C400B70881 /* AppDelegate.swift */,
				10F5F04325E782C400B70881 /* SceneDelegate.swift */,
				10F5F04525E782C400B70881 /* ViewController.swift */,
				10F5F04725E782C400B70881 /* Main.storyboard */,
				10F5F04A25E782C500B70881 /* Assets.xcassets */,
				10F5F04C25E782C500B70881 /* LaunchScreen.storyboard */,
				10F5F04F25E782C500B70881 /* Info.plist */,
				105EE26125E8CDE900E6D2E2 /* Protocol */,
				10F5F09025E7A1C100B70881 /* Utility */,
				10F5F07D25E7845B00B70881 /* Model */,
			);
			path = VendingMachineApp;
			sourceTree = "<group>";
		};
		10F5F05725E782C500B70881 /* VendingMachineAppTests */ = {
			isa = PBXGroup;
			children = (
				10F5F05A25E782C500B70881 /* Info.plist */,
				10F5F05825E782C500B70881 /* VendingMachineAppTests.swift */,
				10CC271125E932C000C70F6E /* ModelTest.swift */,
				10C692C125EA3525009F6AEF /* FactoryTest.swift */,
				10C692C925EA4FE7009F6AEF /* VendingMachineTest.swift */,
				10ED09D625EA750700569FE6 /* ConsumerTest.swift */,
			);
			path = VendingMachineAppTests;
			sourceTree = "<group>";
		};
		10F5F06225E782C500B70881 /* VendingMachineAppUITests */ = {
			isa = PBXGroup;
			children = (
				10F5F06325E782C500B70881 /* VendingMachineAppUITests.swift */,
				10F5F06525E782C500B70881 /* Info.plist */,
			);
			path = VendingMachineAppUITests;
			sourceTree = "<group>";
		};
		10F5F07D25E7845B00B70881 /* Model */ = {
			isa = PBXGroup;
			children = (
				105EE26025E8CD5B00E6D2E2 /* EnergyDrink */,
				105EE25F25E8CD4F00E6D2E2 /* Milk */,
				105EE25E25E8CD4400E6D2E2 /* Soda */,
				105EE25C25E8CD3600E6D2E2 /* Coffee */,
				10F5F07E25E7845B00B70881 /* Beverage.swift */,
				10C6929F25EA2B5C009F6AEF /* BeverageFactory.swift */,
				10F5F08125E7845B00B70881 /* VendingMachine.swift */,
				10ED09C625EA69D600569FE6 /* Customer.swift */,
				1087276525EE15A500F260A2 /* Money.swift */,
				108B4FA725EE290B00658B66 /* Stock.swift */,
			);
			path = Model;
			sourceTree = "<group>";
		};
		10F5F09025E7A1C100B70881 /* Utility */ = {
			isa = PBXGroup;
			children = (
				10F5F08B25E7A1B900B70881 /* DateUtility.swift */,
				10F5F09725E7D2EE00B70881 /* StringUtility.swift */,
				10ED70B625EF68E80038BED9 /* ArrayUtility.swift */,
			);
			path = Utility;
			sourceTree = "<group>";
		};
/* End PBXGroup section */

/* Begin PBXNativeTarget section */
		10F5F03D25E782C400B70881 /* VendingMachineApp */ = {
			isa = PBXNativeTarget;
			buildConfigurationList = 10F5F06825E782C500B70881 /* Build configuration list for PBXNativeTarget "VendingMachineApp" */;
			buildPhases = (
				10F5F03A25E782C400B70881 /* Sources */,
				10F5F03B25E782C400B70881 /* Frameworks */,
				10F5F03C25E782C400B70881 /* Resources */,
			);
			buildRules = (
			);
			dependencies = (
			);
			name = VendingMachineApp;
			productName = VendingMachineApp;
			productReference = 10F5F03E25E782C400B70881 /* VendingMachineApp.app */;
			productType = "com.apple.product-type.application";
		};
		10F5F05325E782C500B70881 /* VendingMachineAppTests */ = {
			isa = PBXNativeTarget;
			buildConfigurationList = 10F5F06B25E782C500B70881 /* Build configuration list for PBXNativeTarget "VendingMachineAppTests" */;
			buildPhases = (
				10F5F05025E782C500B70881 /* Sources */,
				10F5F05125E782C500B70881 /* Frameworks */,
				10F5F05225E782C500B70881 /* Resources */,
			);
			buildRules = (
			);
			dependencies = (
				10F5F05625E782C500B70881 /* PBXTargetDependency */,
			);
			name = VendingMachineAppTests;
			productName = VendingMachineAppTests;
			productReference = 10F5F05425E782C500B70881 /* VendingMachineAppTests.xctest */;
			productType = "com.apple.product-type.bundle.unit-test";
		};
		10F5F05E25E782C500B70881 /* VendingMachineAppUITests */ = {
			isa = PBXNativeTarget;
			buildConfigurationList = 10F5F06E25E782C500B70881 /* Build configuration list for PBXNativeTarget "VendingMachineAppUITests" */;
			buildPhases = (
				10F5F05B25E782C500B70881 /* Sources */,
				10F5F05C25E782C500B70881 /* Frameworks */,
				10F5F05D25E782C500B70881 /* Resources */,
			);
			buildRules = (
			);
			dependencies = (
				10F5F06125E782C500B70881 /* PBXTargetDependency */,
			);
			name = VendingMachineAppUITests;
			productName = VendingMachineAppUITests;
			productReference = 10F5F05F25E782C500B70881 /* VendingMachineAppUITests.xctest */;
			productType = "com.apple.product-type.bundle.ui-testing";
		};
/* End PBXNativeTarget section */

/* Begin PBXProject section */
		10F5F03625E782C400B70881 /* Project object */ = {
			isa = PBXProject;
			attributes = {
				LastSwiftUpdateCheck = 1240;
				LastUpgradeCheck = 1240;
				TargetAttributes = {
					10F5F03D25E782C400B70881 = {
						CreatedOnToolsVersion = 12.4;
					};
					10F5F05325E782C500B70881 = {
						CreatedOnToolsVersion = 12.4;
						TestTargetID = 10F5F03D25E782C400B70881;
					};
					10F5F05E25E782C500B70881 = {
						CreatedOnToolsVersion = 12.4;
						TestTargetID = 10F5F03D25E782C400B70881;
					};
				};
			};
			buildConfigurationList = 10F5F03925E782C400B70881 /* Build configuration list for PBXProject "VendingMachineApp" */;
			compatibilityVersion = "Xcode 9.3";
			developmentRegion = en;
			hasScannedForEncodings = 0;
			knownRegions = (
				en,
				Base,
			);
			mainGroup = 10F5F03525E782C400B70881;
			productRefGroup = 10F5F03F25E782C400B70881 /* Products */;
			projectDirPath = "";
			projectRoot = "";
			targets = (
				10F5F03D25E782C400B70881 /* VendingMachineApp */,
				10F5F05325E782C500B70881 /* VendingMachineAppTests */,
				10F5F05E25E782C500B70881 /* VendingMachineAppUITests */,
			);
		};
/* End PBXProject section */

/* Begin PBXResourcesBuildPhase section */
		10F5F03C25E782C400B70881 /* Resources */ = {
			isa = PBXResourcesBuildPhase;
			buildActionMask = 2147483647;
			files = (
				10F5F04E25E782C500B70881 /* LaunchScreen.storyboard in Resources */,
				10F5F04B25E782C500B70881 /* Assets.xcassets in Resources */,
				10F5F04925E782C400B70881 /* Main.storyboard in Resources */,
			);
			runOnlyForDeploymentPostprocessing = 0;
		};
		10F5F05225E782C500B70881 /* Resources */ = {
			isa = PBXResourcesBuildPhase;
			buildActionMask = 2147483647;
			files = (
			);
			runOnlyForDeploymentPostprocessing = 0;
		};
		10F5F05D25E782C500B70881 /* Resources */ = {
			isa = PBXResourcesBuildPhase;
			buildActionMask = 2147483647;
			files = (
			);
			runOnlyForDeploymentPostprocessing = 0;
		};
/* End PBXResourcesBuildPhase section */

/* Begin PBXSourcesBuildPhase section */
		10F5F03A25E782C400B70881 /* Sources */ = {
			isa = PBXSourcesBuildPhase;
			buildActionMask = 2147483647;
			files = (
				10ED09C725EA69D600569FE6 /* Customer.swift in Sources */,
				10F5F04625E782C400B70881 /* ViewController.swift in Sources */,
				105EE25825E8CCD000E6D2E2 /* EnergyDrink.swift in Sources */,
				10C692A825EA2CC7009F6AEF /* Monster.swift in Sources */,
				10F5F04225E782C400B70881 /* AppDelegate.swift in Sources */,
				10C692B725EA2D23009F6AEF /* Sprite.swift in Sources */,
				10F5F08325E7845B00B70881 /* Beverage.swift in Sources */,
				105EE27F25E8D62200E6D2E2 /* Georgia.swift in Sources */,
				108B4FA825EE290B00658B66 /* Stock.swift in Sources */,
				10F5F09825E7D2EE00B70881 /* StringUtility.swift in Sources */,
				10F5F04425E782C400B70881 /* SceneDelegate.swift in Sources */,
				10F5F08525E7845B00B70881 /* Milk.swift in Sources */,
				105EE28425E8D63600E6D2E2 /* Cantata.swift in Sources */,
				10C692A025EA2B5C009F6AEF /* BeverageFactory.swift in Sources */,
				1061001B25EA1F9000D07810 /* EnergyDrinkFactory.swift in Sources */,
				105EE27A25E8D61000E6D2E2 /* Top.swift in Sources */,
				10C692B225EA2D0F009F6AEF /* Coke.swift in Sources */,
				105EE27025E8D0D800E6D2E2 /* ChocolateMilk.swift in Sources */,
				10C692AD25EA2CE1009F6AEF /* Hot6ix.swift in Sources */,
				1004F55425ECB7C5006666EA /* Drinkable.swift in Sources */,
				10ED70B725EF68E80038BED9 /* ArrayUtility.swift in Sources */,
				1061002525EA1FA600D07810 /* CoffeeFactory.swift in Sources */,
				10F5F08425E7845B00B70881 /* Soda.swift in Sources */,
				105EE26B25E8D0CD00E6D2E2 /* StroberryMilk.swift in Sources */,
				1061001325EA1F7800D07810 /* MilkFactory.swift in Sources */,
				1087276625EE15A500F260A2 /* Money.swift in Sources */,
				10F5F08625E7845B00B70881 /* VendingMachine.swift in Sources */,
				105EE27525E8D0E300E6D2E2 /* BananaMilk.swift in Sources */,
				10F5F08C25E7A1B900B70881 /* DateUtility.swift in Sources */,
				10F5F08725E7845B00B70881 /* Coffee.swift in Sources */,
				1061002025EA1F9C00D07810 /* SodaFactory.swift in Sources */,
			);
			runOnlyForDeploymentPostprocessing = 0;
		};
		10F5F05025E782C500B70881 /* Sources */ = {
			isa = PBXSourcesBuildPhase;
			buildActionMask = 2147483647;
			files = (
				10C692C225EA3525009F6AEF /* FactoryTest.swift in Sources */,
				10CC271225E932C000C70F6E /* ModelTest.swift in Sources */,
				10F5F05925E782C500B70881 /* VendingMachineAppTests.swift in Sources */,
				10C692CA25EA4FE7009F6AEF /* VendingMachineTest.swift in Sources */,
				10ED09D725EA750700569FE6 /* ConsumerTest.swift in Sources */,
			);
			runOnlyForDeploymentPostprocessing = 0;
		};
		10F5F05B25E782C500B70881 /* Sources */ = {
			isa = PBXSourcesBuildPhase;
			buildActionMask = 2147483647;
			files = (
				10F5F06425E782C500B70881 /* VendingMachineAppUITests.swift in Sources */,
			);
			runOnlyForDeploymentPostprocessing = 0;
		};
/* End PBXSourcesBuildPhase section */

/* Begin PBXTargetDependency section */
		10F5F05625E782C500B70881 /* PBXTargetDependency */ = {
			isa = PBXTargetDependency;
			target = 10F5F03D25E782C400B70881 /* VendingMachineApp */;
			targetProxy = 10F5F05525E782C500B70881 /* PBXContainerItemProxy */;
		};
		10F5F06125E782C500B70881 /* PBXTargetDependency */ = {
			isa = PBXTargetDependency;
			target = 10F5F03D25E782C400B70881 /* VendingMachineApp */;
			targetProxy = 10F5F06025E782C500B70881 /* PBXContainerItemProxy */;
		};
/* End PBXTargetDependency section */

/* Begin PBXVariantGroup section */
		10F5F04725E782C400B70881 /* Main.storyboard */ = {
			isa = PBXVariantGroup;
			children = (
				10F5F04825E782C400B70881 /* Base */,
			);
			name = Main.storyboard;
			sourceTree = "<group>";
		};
		10F5F04C25E782C500B70881 /* LaunchScreen.storyboard */ = {
			isa = PBXVariantGroup;
			children = (
				10F5F04D25E782C500B70881 /* Base */,
			);
			name = LaunchScreen.storyboard;
			sourceTree = "<group>";
		};
/* End PBXVariantGroup section */

/* Begin XCBuildConfiguration section */
		10F5F06625E782C500B70881 /* Debug */ = {
			isa = XCBuildConfiguration;
			buildSettings = {
				ALWAYS_SEARCH_USER_PATHS = NO;
				CLANG_ANALYZER_NONNULL = YES;
				CLANG_ANALYZER_NUMBER_OBJECT_CONVERSION = YES_AGGRESSIVE;
				CLANG_CXX_LANGUAGE_STANDARD = "gnu++14";
				CLANG_CXX_LIBRARY = "libc++";
				CLANG_ENABLE_MODULES = YES;
				CLANG_ENABLE_OBJC_ARC = YES;
				CLANG_ENABLE_OBJC_WEAK = YES;
				CLANG_WARN_BLOCK_CAPTURE_AUTORELEASING = YES;
				CLANG_WARN_BOOL_CONVERSION = YES;
				CLANG_WARN_COMMA = YES;
				CLANG_WARN_CONSTANT_CONVERSION = YES;
				CLANG_WARN_DEPRECATED_OBJC_IMPLEMENTATIONS = YES;
				CLANG_WARN_DIRECT_OBJC_ISA_USAGE = YES_ERROR;
				CLANG_WARN_DOCUMENTATION_COMMENTS = YES;
				CLANG_WARN_EMPTY_BODY = YES;
				CLANG_WARN_ENUM_CONVERSION = YES;
				CLANG_WARN_INFINITE_RECURSION = YES;
				CLANG_WARN_INT_CONVERSION = YES;
				CLANG_WARN_NON_LITERAL_NULL_CONVERSION = YES;
				CLANG_WARN_OBJC_IMPLICIT_RETAIN_SELF = YES;
				CLANG_WARN_OBJC_LITERAL_CONVERSION = YES;
				CLANG_WARN_OBJC_ROOT_CLASS = YES_ERROR;
				CLANG_WARN_QUOTED_INCLUDE_IN_FRAMEWORK_HEADER = YES;
				CLANG_WARN_RANGE_LOOP_ANALYSIS = YES;
				CLANG_WARN_STRICT_PROTOTYPES = YES;
				CLANG_WARN_SUSPICIOUS_MOVE = YES;
				CLANG_WARN_UNGUARDED_AVAILABILITY = YES_AGGRESSIVE;
				CLANG_WARN_UNREACHABLE_CODE = YES;
				CLANG_WARN__DUPLICATE_METHOD_MATCH = YES;
				COPY_PHASE_STRIP = NO;
				DEBUG_INFORMATION_FORMAT = dwarf;
				ENABLE_STRICT_OBJC_MSGSEND = YES;
				ENABLE_TESTABILITY = YES;
				GCC_C_LANGUAGE_STANDARD = gnu11;
				GCC_DYNAMIC_NO_PIC = NO;
				GCC_NO_COMMON_BLOCKS = YES;
				GCC_OPTIMIZATION_LEVEL = 0;
				GCC_PREPROCESSOR_DEFINITIONS = (
					"DEBUG=1",
					"$(inherited)",
				);
				GCC_WARN_64_TO_32_BIT_CONVERSION = YES;
				GCC_WARN_ABOUT_RETURN_TYPE = YES_ERROR;
				GCC_WARN_UNDECLARED_SELECTOR = YES;
				GCC_WARN_UNINITIALIZED_AUTOS = YES_AGGRESSIVE;
				GCC_WARN_UNUSED_FUNCTION = YES;
				GCC_WARN_UNUSED_VARIABLE = YES;
				IPHONEOS_DEPLOYMENT_TARGET = 14.4;
				MTL_ENABLE_DEBUG_INFO = INCLUDE_SOURCE;
				MTL_FAST_MATH = YES;
				ONLY_ACTIVE_ARCH = YES;
				SDKROOT = iphoneos;
				SWIFT_ACTIVE_COMPILATION_CONDITIONS = DEBUG;
				SWIFT_OPTIMIZATION_LEVEL = "-Onone";
			};
			name = Debug;
		};
		10F5F06725E782C500B70881 /* Release */ = {
			isa = XCBuildConfiguration;
			buildSettings = {
				ALWAYS_SEARCH_USER_PATHS = NO;
				CLANG_ANALYZER_NONNULL = YES;
				CLANG_ANALYZER_NUMBER_OBJECT_CONVERSION = YES_AGGRESSIVE;
				CLANG_CXX_LANGUAGE_STANDARD = "gnu++14";
				CLANG_CXX_LIBRARY = "libc++";
				CLANG_ENABLE_MODULES = YES;
				CLANG_ENABLE_OBJC_ARC = YES;
				CLANG_ENABLE_OBJC_WEAK = YES;
				CLANG_WARN_BLOCK_CAPTURE_AUTORELEASING = YES;
				CLANG_WARN_BOOL_CONVERSION = YES;
				CLANG_WARN_COMMA = YES;
				CLANG_WARN_CONSTANT_CONVERSION = YES;
				CLANG_WARN_DEPRECATED_OBJC_IMPLEMENTATIONS = YES;
				CLANG_WARN_DIRECT_OBJC_ISA_USAGE = YES_ERROR;
				CLANG_WARN_DOCUMENTATION_COMMENTS = YES;
				CLANG_WARN_EMPTY_BODY = YES;
				CLANG_WARN_ENUM_CONVERSION = YES;
				CLANG_WARN_INFINITE_RECURSION = YES;
				CLANG_WARN_INT_CONVERSION = YES;
				CLANG_WARN_NON_LITERAL_NULL_CONVERSION = YES;
				CLANG_WARN_OBJC_IMPLICIT_RETAIN_SELF = YES;
				CLANG_WARN_OBJC_LITERAL_CONVERSION = YES;
				CLANG_WARN_OBJC_ROOT_CLASS = YES_ERROR;
				CLANG_WARN_QUOTED_INCLUDE_IN_FRAMEWORK_HEADER = YES;
				CLANG_WARN_RANGE_LOOP_ANALYSIS = YES;
				CLANG_WARN_STRICT_PROTOTYPES = YES;
				CLANG_WARN_SUSPICIOUS_MOVE = YES;
				CLANG_WARN_UNGUARDED_AVAILABILITY = YES_AGGRESSIVE;
				CLANG_WARN_UNREACHABLE_CODE = YES;
				CLANG_WARN__DUPLICATE_METHOD_MATCH = YES;
				COPY_PHASE_STRIP = NO;
				DEBUG_INFORMATION_FORMAT = "dwarf-with-dsym";
				ENABLE_NS_ASSERTIONS = NO;
				ENABLE_STRICT_OBJC_MSGSEND = YES;
				GCC_C_LANGUAGE_STANDARD = gnu11;
				GCC_NO_COMMON_BLOCKS = YES;
				GCC_WARN_64_TO_32_BIT_CONVERSION = YES;
				GCC_WARN_ABOUT_RETURN_TYPE = YES_ERROR;
				GCC_WARN_UNDECLARED_SELECTOR = YES;
				GCC_WARN_UNINITIALIZED_AUTOS = YES_AGGRESSIVE;
				GCC_WARN_UNUSED_FUNCTION = YES;
				GCC_WARN_UNUSED_VARIABLE = YES;
				IPHONEOS_DEPLOYMENT_TARGET = 14.4;
				MTL_ENABLE_DEBUG_INFO = NO;
				MTL_FAST_MATH = YES;
				SDKROOT = iphoneos;
				SWIFT_COMPILATION_MODE = wholemodule;
				SWIFT_OPTIMIZATION_LEVEL = "-O";
				VALIDATE_PRODUCT = YES;
			};
			name = Release;
		};
		10F5F06925E782C500B70881 /* Debug */ = {
			isa = XCBuildConfiguration;
			buildSettings = {
				ASSETCATALOG_COMPILER_APPICON_NAME = AppIcon;
				ASSETCATALOG_COMPILER_GLOBAL_ACCENT_COLOR_NAME = AccentColor;
				CODE_SIGN_STYLE = Automatic;
				INFOPLIST_FILE = VendingMachineApp/Info.plist;
				LD_RUNPATH_SEARCH_PATHS = (
					"$(inherited)",
					"@executable_path/Frameworks",
				);
				PRODUCT_BUNDLE_IDENTIFIER = kr.codesquad.VendingMachineApp;
				PRODUCT_NAME = "$(TARGET_NAME)";
				SWIFT_VERSION = 5.0;
				TARGETED_DEVICE_FAMILY = 2;
			};
			name = Debug;
		};
		10F5F06A25E782C500B70881 /* Release */ = {
			isa = XCBuildConfiguration;
			buildSettings = {
				ASSETCATALOG_COMPILER_APPICON_NAME = AppIcon;
				ASSETCATALOG_COMPILER_GLOBAL_ACCENT_COLOR_NAME = AccentColor;
				CODE_SIGN_STYLE = Automatic;
				INFOPLIST_FILE = VendingMachineApp/Info.plist;
				LD_RUNPATH_SEARCH_PATHS = (
					"$(inherited)",
					"@executable_path/Frameworks",
				);
				PRODUCT_BUNDLE_IDENTIFIER = kr.codesquad.VendingMachineApp;
				PRODUCT_NAME = "$(TARGET_NAME)";
				SWIFT_VERSION = 5.0;
				TARGETED_DEVICE_FAMILY = 2;
			};
			name = Release;
		};
		10F5F06C25E782C500B70881 /* Debug */ = {
			isa = XCBuildConfiguration;
			buildSettings = {
				ALWAYS_EMBED_SWIFT_STANDARD_LIBRARIES = YES;
				BUNDLE_LOADER = "$(TEST_HOST)";
				CODE_SIGN_STYLE = Automatic;
				INFOPLIST_FILE = VendingMachineAppTests/Info.plist;
				IPHONEOS_DEPLOYMENT_TARGET = 14.4;
				LD_RUNPATH_SEARCH_PATHS = (
					"$(inherited)",
					"@executable_path/Frameworks",
					"@loader_path/Frameworks",
				);
				PRODUCT_BUNDLE_IDENTIFIER = kr.codesquad.VendingMachineAppTests;
				PRODUCT_NAME = "$(TARGET_NAME)";
				SWIFT_VERSION = 5.0;
				TARGETED_DEVICE_FAMILY = "1,2";
				TEST_HOST = "$(BUILT_PRODUCTS_DIR)/VendingMachineApp.app/VendingMachineApp";
			};
			name = Debug;
		};
		10F5F06D25E782C500B70881 /* Release */ = {
			isa = XCBuildConfiguration;
			buildSettings = {
				ALWAYS_EMBED_SWIFT_STANDARD_LIBRARIES = YES;
				BUNDLE_LOADER = "$(TEST_HOST)";
				CODE_SIGN_STYLE = Automatic;
				INFOPLIST_FILE = VendingMachineAppTests/Info.plist;
				IPHONEOS_DEPLOYMENT_TARGET = 14.4;
				LD_RUNPATH_SEARCH_PATHS = (
					"$(inherited)",
					"@executable_path/Frameworks",
					"@loader_path/Frameworks",
				);
				PRODUCT_BUNDLE_IDENTIFIER = kr.codesquad.VendingMachineAppTests;
				PRODUCT_NAME = "$(TARGET_NAME)";
				SWIFT_VERSION = 5.0;
				TARGETED_DEVICE_FAMILY = "1,2";
				TEST_HOST = "$(BUILT_PRODUCTS_DIR)/VendingMachineApp.app/VendingMachineApp";
			};
			name = Release;
		};
		10F5F06F25E782C500B70881 /* Debug */ = {
			isa = XCBuildConfiguration;
			buildSettings = {
				ALWAYS_EMBED_SWIFT_STANDARD_LIBRARIES = YES;
				CODE_SIGN_STYLE = Automatic;
				INFOPLIST_FILE = VendingMachineAppUITests/Info.plist;
				LD_RUNPATH_SEARCH_PATHS = (
					"$(inherited)",
					"@executable_path/Frameworks",
					"@loader_path/Frameworks",
				);
				PRODUCT_BUNDLE_IDENTIFIER = kr.codesquad.VendingMachineAppUITests;
				PRODUCT_NAME = "$(TARGET_NAME)";
				SWIFT_VERSION = 5.0;
				TARGETED_DEVICE_FAMILY = "1,2";
				TEST_TARGET_NAME = VendingMachineApp;
			};
			name = Debug;
		};
		10F5F07025E782C500B70881 /* Release */ = {
			isa = XCBuildConfiguration;
			buildSettings = {
				ALWAYS_EMBED_SWIFT_STANDARD_LIBRARIES = YES;
				CODE_SIGN_STYLE = Automatic;
				INFOPLIST_FILE = VendingMachineAppUITests/Info.plist;
				LD_RUNPATH_SEARCH_PATHS = (
					"$(inherited)",
					"@executable_path/Frameworks",
					"@loader_path/Frameworks",
				);
				PRODUCT_BUNDLE_IDENTIFIER = kr.codesquad.VendingMachineAppUITests;
				PRODUCT_NAME = "$(TARGET_NAME)";
				SWIFT_VERSION = 5.0;
				TARGETED_DEVICE_FAMILY = "1,2";
				TEST_TARGET_NAME = VendingMachineApp;
			};
			name = Release;
		};
/* End XCBuildConfiguration section */

/* Begin XCConfigurationList section */
		10F5F03925E782C400B70881 /* Build configuration list for PBXProject "VendingMachineApp" */ = {
			isa = XCConfigurationList;
			buildConfigurations = (
				10F5F06625E782C500B70881 /* Debug */,
				10F5F06725E782C500B70881 /* Release */,
			);
			defaultConfigurationIsVisible = 0;
			defaultConfigurationName = Release;
		};
		10F5F06825E782C500B70881 /* Build configuration list for PBXNativeTarget "VendingMachineApp" */ = {
			isa = XCConfigurationList;
			buildConfigurations = (
				10F5F06925E782C500B70881 /* Debug */,
				10F5F06A25E782C500B70881 /* Release */,
			);
			defaultConfigurationIsVisible = 0;
			defaultConfigurationName = Release;
		};
		10F5F06B25E782C500B70881 /* Build configuration list for PBXNativeTarget "VendingMachineAppTests" */ = {
			isa = XCConfigurationList;
			buildConfigurations = (
				10F5F06C25E782C500B70881 /* Debug */,
				10F5F06D25E782C500B70881 /* Release */,
			);
			defaultConfigurationIsVisible = 0;
			defaultConfigurationName = Release;
		};
		10F5F06E25E782C500B70881 /* Build configuration list for PBXNativeTarget "VendingMachineAppUITests" */ = {
			isa = XCConfigurationList;
			buildConfigurations = (
				10F5F06F25E782C500B70881 /* Debug */,
				10F5F07025E782C500B70881 /* Release */,
			);
			defaultConfigurationIsVisible = 0;
			defaultConfigurationName = Release;
		};
/* End XCConfigurationList section */
	};
	rootObject = 10F5F03625E782C400B70881 /* Project object */;
}
