// !$*UTF8*$!
{
	archiveVersion = 1;
	classes = {
	};
	objectVersion = 48;
	objects = {

/* Begin PBXBuildFile section */
		3C602C622251F5B600688526 /* Beverage.swift in Sources */ = {isa = PBXBuildFile; fileRef = 3C602C612251F5B600688526 /* Beverage.swift */; };
		3C602C6A2255A1CD00688526 /* UnitTestVendingMachine.swift in Sources */ = {isa = PBXBuildFile; fileRef = 3C602C692255A1CD00688526 /* UnitTestVendingMachine.swift */; };
		3C602C712256312B00688526 /* Milk.swift in Sources */ = {isa = PBXBuildFile; fileRef = 3C602C702256312B00688526 /* Milk.swift */; };
		3C602C722256312B00688526 /* Milk.swift in Sources */ = {isa = PBXBuildFile; fileRef = 3C602C702256312B00688526 /* Milk.swift */; };
		3C602C74225631DB00688526 /* Soda.swift in Sources */ = {isa = PBXBuildFile; fileRef = 3C602C73225631DB00688526 /* Soda.swift */; };
		3C602C75225631DB00688526 /* Soda.swift in Sources */ = {isa = PBXBuildFile; fileRef = 3C602C73225631DB00688526 /* Soda.swift */; };
		3C602C77225631FA00688526 /* Coffee.swift in Sources */ = {isa = PBXBuildFile; fileRef = 3C602C76225631FA00688526 /* Coffee.swift */; };
		3C602C78225631FA00688526 /* Coffee.swift in Sources */ = {isa = PBXBuildFile; fileRef = 3C602C76225631FA00688526 /* Coffee.swift */; };
		3C602C7A22670F0100688526 /* Beverage.swift in Sources */ = {isa = PBXBuildFile; fileRef = 3C602C612251F5B600688526 /* Beverage.swift */; };
		3C602C8F226D5F6B00688526 /* VendingMachine.swift in Sources */ = {isa = PBXBuildFile; fileRef = 3C602C8E226D5F6B00688526 /* VendingMachine.swift */; };
		3C602C90226D5F6E00688526 /* VendingMachine.swift in Sources */ = {isa = PBXBuildFile; fileRef = 3C602C8E226D5F6B00688526 /* VendingMachine.swift */; };
		3C602C92226DF2AD00688526 /* OutputVIew.swift in Sources */ = {isa = PBXBuildFile; fileRef = 3C602C91226DF2AD00688526 /* OutputVIew.swift */; };
		3C8965352295433200D1D381 /* Inventory.swift in Sources */ = {isa = PBXBuildFile; fileRef = 3C8965342295433200D1D381 /* Inventory.swift */; };
		3C8965362295433500D1D381 /* Inventory.swift in Sources */ = {isa = PBXBuildFile; fileRef = 3C8965342295433200D1D381 /* Inventory.swift */; };
		3C9431D1228C342E009C72EE /* Error.swift in Sources */ = {isa = PBXBuildFile; fileRef = 3C9431D0228C342E009C72EE /* Error.swift */; };
		3C9536DA2276A37900B61835 /* InputView.swift in Sources */ = {isa = PBXBuildFile; fileRef = 3C9536D92276A37900B61835 /* InputView.swift */; };
		3C9536DB2276A37900B61835 /* InputView.swift in Sources */ = {isa = PBXBuildFile; fileRef = 3C9536D92276A37900B61835 /* InputView.swift */; };
		3CEC686A22912C5B00E60984 /* Error.swift in Sources */ = {isa = PBXBuildFile; fileRef = 3C9431D0228C342E009C72EE /* Error.swift */; };
		3CEC686B229136BD00E60984 /* OutputVIew.swift in Sources */ = {isa = PBXBuildFile; fileRef = 3C602C91226DF2AD00688526 /* OutputVIew.swift */; };
		839DA90D1F8D1F95009E05F3 /* main.swift in Sources */ = {isa = PBXBuildFile; fileRef = 839DA90C1F8D1F95009E05F3 /* main.swift */; };
/* End PBXBuildFile section */

/* Begin PBXCopyFilesBuildPhase section */
		839DA9071F8D1F95009E05F3 /* CopyFiles */ = {
			isa = PBXCopyFilesBuildPhase;
			buildActionMask = 2147483647;
			dstPath = /usr/share/man/man1/;
			dstSubfolderSpec = 0;
			files = (
			);
			runOnlyForDeploymentPostprocessing = 1;
		};
/* End PBXCopyFilesBuildPhase section */

/* Begin PBXFileReference section */
		3C602C612251F5B600688526 /* Beverage.swift */ = {isa = PBXFileReference; lastKnownFileType = sourcecode.swift; path = Beverage.swift; sourceTree = "<group>"; };
		3C602C672255A1CD00688526 /* UnitTestVendingMachine.xctest */ = {isa = PBXFileReference; explicitFileType = wrapper.cfbundle; includeInIndex = 0; path = UnitTestVendingMachine.xctest; sourceTree = BUILT_PRODUCTS_DIR; };
		3C602C692255A1CD00688526 /* UnitTestVendingMachine.swift */ = {isa = PBXFileReference; lastKnownFileType = sourcecode.swift; path = UnitTestVendingMachine.swift; sourceTree = "<group>"; };
		3C602C6B2255A1CD00688526 /* Info.plist */ = {isa = PBXFileReference; lastKnownFileType = text.plist.xml; path = Info.plist; sourceTree = "<group>"; };
		3C602C702256312B00688526 /* Milk.swift */ = {isa = PBXFileReference; lastKnownFileType = sourcecode.swift; path = Milk.swift; sourceTree = "<group>"; };
		3C602C73225631DB00688526 /* Soda.swift */ = {isa = PBXFileReference; lastKnownFileType = sourcecode.swift; path = Soda.swift; sourceTree = "<group>"; };
		3C602C76225631FA00688526 /* Coffee.swift */ = {isa = PBXFileReference; lastKnownFileType = sourcecode.swift; path = Coffee.swift; sourceTree = "<group>"; };
		3C602C8E226D5F6B00688526 /* VendingMachine.swift */ = {isa = PBXFileReference; lastKnownFileType = sourcecode.swift; path = VendingMachine.swift; sourceTree = "<group>"; };
		3C602C91226DF2AD00688526 /* OutputVIew.swift */ = {isa = PBXFileReference; lastKnownFileType = sourcecode.swift; path = OutputVIew.swift; sourceTree = "<group>"; };
		3C8965342295433200D1D381 /* Inventory.swift */ = {isa = PBXFileReference; lastKnownFileType = sourcecode.swift; path = Inventory.swift; sourceTree = "<group>"; };
		3C9431D0228C342E009C72EE /* Error.swift */ = {isa = PBXFileReference; lastKnownFileType = sourcecode.swift; path = Error.swift; sourceTree = "<group>"; };
		3C9536D92276A37900B61835 /* InputView.swift */ = {isa = PBXFileReference; lastKnownFileType = sourcecode.swift; path = InputView.swift; sourceTree = "<group>"; };
		839DA9091F8D1F95009E05F3 /* VendingMachine */ = {isa = PBXFileReference; explicitFileType = "compiled.mach-o.executable"; includeInIndex = 0; path = VendingMachine; sourceTree = BUILT_PRODUCTS_DIR; };
		839DA90C1F8D1F95009E05F3 /* main.swift */ = {isa = PBXFileReference; lastKnownFileType = sourcecode.swift; path = main.swift; sourceTree = "<group>"; };
/* End PBXFileReference section */

/* Begin PBXFrameworksBuildPhase section */
		3C602C642255A1CD00688526 /* Frameworks */ = {
			isa = PBXFrameworksBuildPhase;
			buildActionMask = 2147483647;
			files = (
			);
			runOnlyForDeploymentPostprocessing = 0;
		};
		839DA9061F8D1F95009E05F3 /* Frameworks */ = {
			isa = PBXFrameworksBuildPhase;
			buildActionMask = 2147483647;
			files = (
			);
			runOnlyForDeploymentPostprocessing = 0;
		};
/* End PBXFrameworksBuildPhase section */

/* Begin PBXGroup section */
		3C602C682255A1CD00688526 /* UnitTestVendingMachine */ = {
			isa = PBXGroup;
			children = (
				3C602C692255A1CD00688526 /* UnitTestVendingMachine.swift */,
				3C602C6B2255A1CD00688526 /* Info.plist */,
			);
			path = UnitTestVendingMachine;
			sourceTree = "<group>";
		};
		3C602C6F225630F900688526 /* Beverage */ = {
			isa = PBXGroup;
			children = (
				3C602C612251F5B600688526 /* Beverage.swift */,
				3C602C702256312B00688526 /* Milk.swift */,
				3C602C73225631DB00688526 /* Soda.swift */,
				3C602C76225631FA00688526 /* Coffee.swift */,
			);
			path = Beverage;
			sourceTree = "<group>";
		};
		839DA9001F8D1F95009E05F3 = {
			isa = PBXGroup;
			children = (
				839DA90B1F8D1F95009E05F3 /* VendingMachine */,
				3C602C682255A1CD00688526 /* UnitTestVendingMachine */,
				839DA90A1F8D1F95009E05F3 /* Products */,
			);
			sourceTree = "<group>";
		};
		839DA90A1F8D1F95009E05F3 /* Products */ = {
			isa = PBXGroup;
			children = (
				839DA9091F8D1F95009E05F3 /* VendingMachine */,
				3C602C672255A1CD00688526 /* UnitTestVendingMachine.xctest */,
			);
			name = Products;
			sourceTree = "<group>";
		};
		839DA90B1F8D1F95009E05F3 /* VendingMachine */ = {
			isa = PBXGroup;
			children = (
				839DA90C1F8D1F95009E05F3 /* main.swift */,
				3C602C8E226D5F6B00688526 /* VendingMachine.swift */,
				3C8965342295433200D1D381 /* Inventory.swift */,
				3C9431D0228C342E009C72EE /* Error.swift */,
				3C9536D92276A37900B61835 /* InputView.swift */,
				3C602C91226DF2AD00688526 /* OutputVIew.swift */,
				3C602C6F225630F900688526 /* Beverage */,
			);
			path = VendingMachine;
			sourceTree = "<group>";
		};
/* End PBXGroup section */

/* Begin PBXNativeTarget section */
		3C602C662255A1CD00688526 /* UnitTestVendingMachine */ = {
			isa = PBXNativeTarget;
			buildConfigurationList = 3C602C6E2255A1CD00688526 /* Build configuration list for PBXNativeTarget "UnitTestVendingMachine" */;
			buildPhases = (
				3C602C632255A1CD00688526 /* Sources */,
				3C602C642255A1CD00688526 /* Frameworks */,
				3C602C652255A1CD00688526 /* Resources */,
			);
			buildRules = (
			);
			dependencies = (
			);
			name = UnitTestVendingMachine;
			productName = UnitTestVendingMachine;
			productReference = 3C602C672255A1CD00688526 /* UnitTestVendingMachine.xctest */;
			productType = "com.apple.product-type.bundle.unit-test";
		};
		839DA9081F8D1F95009E05F3 /* VendingMachine */ = {
			isa = PBXNativeTarget;
			buildConfigurationList = 839DA9101F8D1F95009E05F3 /* Build configuration list for PBXNativeTarget "VendingMachine" */;
			buildPhases = (
				839DA9051F8D1F95009E05F3 /* Sources */,
				839DA9061F8D1F95009E05F3 /* Frameworks */,
				839DA9071F8D1F95009E05F3 /* CopyFiles */,
			);
			buildRules = (
			);
			dependencies = (
			);
			name = VendingMachine;
			productName = VendingMachine;
			productReference = 839DA9091F8D1F95009E05F3 /* VendingMachine */;
			productType = "com.apple.product-type.tool";
		};
/* End PBXNativeTarget section */

/* Begin PBXProject section */
		839DA9011F8D1F95009E05F3 /* Project object */ = {
			isa = PBXProject;
			attributes = {
				LastSwiftUpdateCheck = 1010;
				LastUpgradeCheck = 0900;
				ORGANIZATIONNAME = JK;
				TargetAttributes = {
					3C602C662255A1CD00688526 = {
						CreatedOnToolsVersion = 10.1;
						ProvisioningStyle = Automatic;
					};
					839DA9081F8D1F95009E05F3 = {
						CreatedOnToolsVersion = 9.0;
						ProvisioningStyle = Automatic;
					};
				};
			};
			buildConfigurationList = 839DA9041F8D1F95009E05F3 /* Build configuration list for PBXProject "VendingMachine" */;
			compatibilityVersion = "Xcode 8.0";
			developmentRegion = en;
			hasScannedForEncodings = 0;
			knownRegions = (
				en,
			);
			mainGroup = 839DA9001F8D1F95009E05F3;
			productRefGroup = 839DA90A1F8D1F95009E05F3 /* Products */;
			projectDirPath = "";
			projectRoot = "";
			targets = (
				839DA9081F8D1F95009E05F3 /* VendingMachine */,
				3C602C662255A1CD00688526 /* UnitTestVendingMachine */,
			);
		};
/* End PBXProject section */

/* Begin PBXResourcesBuildPhase section */
		3C602C652255A1CD00688526 /* Resources */ = {
			isa = PBXResourcesBuildPhase;
			buildActionMask = 2147483647;
			files = (
			);
			runOnlyForDeploymentPostprocessing = 0;
		};
/* End PBXResourcesBuildPhase section */

/* Begin PBXSourcesBuildPhase section */
		3C602C632255A1CD00688526 /* Sources */ = {
			isa = PBXSourcesBuildPhase;
			buildActionMask = 2147483647;
			files = (
				3CEC686A22912C5B00E60984 /* Error.swift in Sources */,
				3C602C7A22670F0100688526 /* Beverage.swift in Sources */,
				3C8965362295433500D1D381 /* Inventory.swift in Sources */,
				3C9536DB2276A37900B61835 /* InputView.swift in Sources */,
				3C602C75225631DB00688526 /* Soda.swift in Sources */,
				3C602C722256312B00688526 /* Milk.swift in Sources */,
				3C602C6A2255A1CD00688526 /* UnitTestVendingMachine.swift in Sources */,
				3C602C78225631FA00688526 /* Coffee.swift in Sources */,
				3CEC686B229136BD00E60984 /* OutputVIew.swift in Sources */,
				3C602C90226D5F6E00688526 /* VendingMachine.swift in Sources */,
			);
			runOnlyForDeploymentPostprocessing = 0;
		};
		839DA9051F8D1F95009E05F3 /* Sources */ = {
			isa = PBXSourcesBuildPhase;
			buildActionMask = 2147483647;
			files = (
				3C602C74225631DB00688526 /* Soda.swift in Sources */,
				3C602C622251F5B600688526 /* Beverage.swift in Sources */,
				3C8965352295433200D1D381 /* Inventory.swift in Sources */,
				3C602C712256312B00688526 /* Milk.swift in Sources */,
				3C602C92226DF2AD00688526 /* OutputVIew.swift in Sources */,
				839DA90D1F8D1F95009E05F3 /* main.swift in Sources */,
				3C9536DA2276A37900B61835 /* InputView.swift in Sources */,
				3C602C77225631FA00688526 /* Coffee.swift in Sources */,
				3C9431D1228C342E009C72EE /* Error.swift in Sources */,
				3C602C8F226D5F6B00688526 /* VendingMachine.swift in Sources */,
			);
			runOnlyForDeploymentPostprocessing = 0;
		};
/* End PBXSourcesBuildPhase section */

/* Begin XCBuildConfiguration section */
		3C602C6C2255A1CD00688526 /* Debug */ = {
			isa = XCBuildConfiguration;
			buildSettings = {
				CLANG_ENABLE_OBJC_WEAK = YES;
				CLANG_WARN_DEPRECATED_OBJC_IMPLEMENTATIONS = YES;
				CLANG_WARN_OBJC_IMPLICIT_RETAIN_SELF = YES;
				CODE_SIGN_STYLE = Automatic;
				COMBINE_HIDPI_IMAGES = YES;
				INFOPLIST_FILE = UnitTestVendingMachine/Info.plist;
				LD_RUNPATH_SEARCH_PATHS = "$(inherited) @executable_path/../Frameworks @loader_path/../Frameworks";
				MACOSX_DEPLOYMENT_TARGET = 10.14;
				MTL_ENABLE_DEBUG_INFO = INCLUDE_SOURCE;
				MTL_FAST_MATH = YES;
				PRODUCT_BUNDLE_IDENTIFIER = JINA.UnitTestVendingMachine;
				PRODUCT_NAME = "$(TARGET_NAME)";
				SWIFT_VERSION = 4.2;
			};
			name = Debug;
		};
		3C602C6D2255A1CD00688526 /* Release */ = {
			isa = XCBuildConfiguration;
			buildSettings = {
				CLANG_ENABLE_OBJC_WEAK = YES;
				CLANG_WARN_DEPRECATED_OBJC_IMPLEMENTATIONS = YES;
				CLANG_WARN_OBJC_IMPLICIT_RETAIN_SELF = YES;
				CODE_SIGN_STYLE = Automatic;
				COMBINE_HIDPI_IMAGES = YES;
				INFOPLIST_FILE = UnitTestVendingMachine/Info.plist;
				LD_RUNPATH_SEARCH_PATHS = "$(inherited) @executable_path/../Frameworks @loader_path/../Frameworks";
				MACOSX_DEPLOYMENT_TARGET = 10.14;
				MTL_FAST_MATH = YES;
				PRODUCT_BUNDLE_IDENTIFIER = JINA.UnitTestVendingMachine;
				PRODUCT_NAME = "$(TARGET_NAME)";
				SWIFT_VERSION = 4.2;
			};
			name = Release;
		};
		839DA90E1F8D1F95009E05F3 /* Debug */ = {
			isa = XCBuildConfiguration;
			buildSettings = {
				ALWAYS_SEARCH_USER_PATHS = NO;
				CLANG_ANALYZER_NONNULL = YES;
				CLANG_ANALYZER_NUMBER_OBJECT_CONVERSION = YES_AGGRESSIVE;
				CLANG_CXX_LANGUAGE_STANDARD = "gnu++14";
				CLANG_CXX_LIBRARY = "libc++";
				CLANG_ENABLE_MODULES = YES;
				CLANG_ENABLE_OBJC_ARC = YES;
				CLANG_WARN_BLOCK_CAPTURE_AUTORELEASING = YES;
				CLANG_WARN_BOOL_CONVERSION = YES;
				CLANG_WARN_COMMA = YES;
				CLANG_WARN_CONSTANT_CONVERSION = YES;
				CLANG_WARN_DIRECT_OBJC_ISA_USAGE = YES_ERROR;
				CLANG_WARN_DOCUMENTATION_COMMENTS = YES;
				CLANG_WARN_EMPTY_BODY = YES;
				CLANG_WARN_ENUM_CONVERSION = YES;
				CLANG_WARN_INFINITE_RECURSION = YES;
				CLANG_WARN_INT_CONVERSION = YES;
				CLANG_WARN_NON_LITERAL_NULL_CONVERSION = YES;
				CLANG_WARN_OBJC_LITERAL_CONVERSION = YES;
				CLANG_WARN_OBJC_ROOT_CLASS = YES_ERROR;
				CLANG_WARN_RANGE_LOOP_ANALYSIS = YES;
				CLANG_WARN_STRICT_PROTOTYPES = YES;
				CLANG_WARN_SUSPICIOUS_MOVE = YES;
				CLANG_WARN_UNGUARDED_AVAILABILITY = YES_AGGRESSIVE;
				CLANG_WARN_UNREACHABLE_CODE = YES;
				CLANG_WARN__DUPLICATE_METHOD_MATCH = YES;
				CODE_SIGN_IDENTITY = "-";
				COPY_PHASE_STRIP = NO;
				DEBUG_INFORMATION_FORMAT = dwarf;
				ENABLE_STRICT_OBJC_MSGSEND = YES;
				ENABLE_TESTABILITY = YES;
				GCC_C_LANGUAGE_STANDARD = gnu11;
				GCC_DYNAMIC_NO_PIC = NO;
				GCC_NO_COMMON_BLOCKS = YES;
				GCC_OPTIMIZATION_LEVEL = 0;
				GCC_PREPROCESSOR_DEFINITIONS = (
					"DEBUG=1",
					"$(inherited)",
				);
				GCC_WARN_64_TO_32_BIT_CONVERSION = YES;
				GCC_WARN_ABOUT_RETURN_TYPE = YES_ERROR;
				GCC_WARN_UNDECLARED_SELECTOR = YES;
				GCC_WARN_UNINITIALIZED_AUTOS = YES_AGGRESSIVE;
				GCC_WARN_UNUSED_FUNCTION = YES;
				GCC_WARN_UNUSED_VARIABLE = YES;
				MACOSX_DEPLOYMENT_TARGET = 10.13;
				MTL_ENABLE_DEBUG_INFO = YES;
				ONLY_ACTIVE_ARCH = YES;
				SDKROOT = macosx;
				SWIFT_ACTIVE_COMPILATION_CONDITIONS = DEBUG;
				SWIFT_OPTIMIZATION_LEVEL = "-Onone";
			};
			name = Debug;
		};
		839DA90F1F8D1F95009E05F3 /* Release */ = {
			isa = XCBuildConfiguration;
			buildSettings = {
				ALWAYS_SEARCH_USER_PATHS = NO;
				CLANG_ANALYZER_NONNULL = YES;
				CLANG_ANALYZER_NUMBER_OBJECT_CONVERSION = YES_AGGRESSIVE;
				CLANG_CXX_LANGUAGE_STANDARD = "gnu++14";
				CLANG_CXX_LIBRARY = "libc++";
				CLANG_ENABLE_MODULES = YES;
				CLANG_ENABLE_OBJC_ARC = YES;
				CLANG_WARN_BLOCK_CAPTURE_AUTORELEASING = YES;
				CLANG_WARN_BOOL_CONVERSION = YES;
				CLANG_WARN_COMMA = YES;
				CLANG_WARN_CONSTANT_CONVERSION = YES;
				CLANG_WARN_DIRECT_OBJC_ISA_USAGE = YES_ERROR;
				CLANG_WARN_DOCUMENTATION_COMMENTS = YES;
				CLANG_WARN_EMPTY_BODY = YES;
				CLANG_WARN_ENUM_CONVERSION = YES;
				CLANG_WARN_INFINITE_RECURSION = YES;
				CLANG_WARN_INT_CONVERSION = YES;
				CLANG_WARN_NON_LITERAL_NULL_CONVERSION = YES;
				CLANG_WARN_OBJC_LITERAL_CONVERSION = YES;
				CLANG_WARN_OBJC_ROOT_CLASS = YES_ERROR;
				CLANG_WARN_RANGE_LOOP_ANALYSIS = YES;
				CLANG_WARN_STRICT_PROTOTYPES = YES;
				CLANG_WARN_SUSPICIOUS_MOVE = YES;
				CLANG_WARN_UNGUARDED_AVAILABILITY = YES_AGGRESSIVE;
				CLANG_WARN_UNREACHABLE_CODE = YES;
				CLANG_WARN__DUPLICATE_METHOD_MATCH = YES;
				CODE_SIGN_IDENTITY = "-";
				COPY_PHASE_STRIP = NO;
				DEBUG_INFORMATION_FORMAT = "dwarf-with-dsym";
				ENABLE_NS_ASSERTIONS = NO;
				ENABLE_STRICT_OBJC_MSGSEND = YES;
				GCC_C_LANGUAGE_STANDARD = gnu11;
				GCC_NO_COMMON_BLOCKS = YES;
				GCC_WARN_64_TO_32_BIT_CONVERSION = YES;
				GCC_WARN_ABOUT_RETURN_TYPE = YES_ERROR;
				GCC_WARN_UNDECLARED_SELECTOR = YES;
				GCC_WARN_UNINITIALIZED_AUTOS = YES_AGGRESSIVE;
				GCC_WARN_UNUSED_FUNCTION = YES;
				GCC_WARN_UNUSED_VARIABLE = YES;
				MACOSX_DEPLOYMENT_TARGET = 10.13;
				MTL_ENABLE_DEBUG_INFO = NO;
				SDKROOT = macosx;
				SWIFT_OPTIMIZATION_LEVEL = "-Owholemodule";
			};
			name = Release;
		};
		839DA9111F8D1F95009E05F3 /* Debug */ = {
			isa = XCBuildConfiguration;
			buildSettings = {
				CODE_SIGN_STYLE = Automatic;
				PRODUCT_NAME = "$(TARGET_NAME)";
				SWIFT_VERSION = 4.0;
			};
			name = Debug;
		};
		839DA9121F8D1F95009E05F3 /* Release */ = {
			isa = XCBuildConfiguration;
			buildSettings = {
				CODE_SIGN_STYLE = Automatic;
				PRODUCT_NAME = "$(TARGET_NAME)";
				SWIFT_VERSION = 4.0;
			};
			name = Release;
		};
/* End XCBuildConfiguration section */

/* Begin XCConfigurationList section */
		3C602C6E2255A1CD00688526 /* Build configuration list for PBXNativeTarget "UnitTestVendingMachine" */ = {
			isa = XCConfigurationList;
			buildConfigurations = (
				3C602C6C2255A1CD00688526 /* Debug */,
				3C602C6D2255A1CD00688526 /* Release */,
			);
			defaultConfigurationIsVisible = 0;
			defaultConfigurationName = Release;
		};
		839DA9041F8D1F95009E05F3 /* Build configuration list for PBXProject "VendingMachine" */ = {
			isa = XCConfigurationList;
			buildConfigurations = (
				839DA90E1F8D1F95009E05F3 /* Debug */,
				839DA90F1F8D1F95009E05F3 /* Release */,
			);
			defaultConfigurationIsVisible = 0;
			defaultConfigurationName = Release;
		};
		839DA9101F8D1F95009E05F3 /* Build configuration list for PBXNativeTarget "VendingMachine" */ = {
			isa = XCConfigurationList;
			buildConfigurations = (
				839DA9111F8D1F95009E05F3 /* Debug */,
				839DA9121F8D1F95009E05F3 /* Release */,
			);
			defaultConfigurationIsVisible = 0;
			defaultConfigurationName = Release;
		};
/* End XCConfigurationList section */
	};
	rootObject = 839DA9011F8D1F95009E05F3 /* Project object */;
}
