// !$*UTF8*$!
{
	archiveVersion = 1;
	classes = {
	};
	objectVersion = 50;
	objects = {

/* Begin PBXBuildFile section */
		7626C00325F060B3006749CA /* BananaMilk.swift in Sources */ = {isa = PBXBuildFile; fileRef = 7626C00225F060B3006749CA /* BananaMilk.swift */; };
		7626C00925F060C1006749CA /* ChocoMilk.swift in Sources */ = {isa = PBXBuildFile; fileRef = 7626C00825F060C1006749CA /* ChocoMilk.swift */; };
		7626C00D25F060D2006749CA /* Americano.swift in Sources */ = {isa = PBXBuildFile; fileRef = 7626C00C25F060D2006749CA /* Americano.swift */; };
		7626C01125F0B37D006749CA /* Coke.swift in Sources */ = {isa = PBXBuildFile; fileRef = 7626C01025F0B37D006749CA /* Coke.swift */; };
		7626C01525F0B3D2006749CA /* EnergyDrink.swift in Sources */ = {isa = PBXBuildFile; fileRef = 7626C01425F0B3D2006749CA /* EnergyDrink.swift */; };
		7626C01925F0B433006749CA /* CaffeLatte.swift in Sources */ = {isa = PBXBuildFile; fileRef = 7626C01825F0B433006749CA /* CaffeLatte.swift */; };
		7626C01F25F1F44C006749CA /* BeverageType.swift in Sources */ = {isa = PBXBuildFile; fileRef = 7626C01E25F1F44C006749CA /* BeverageType.swift */; };
		7626C02C25F5BA42006749CA /* VendingMachineAppTests.swift in Sources */ = {isa = PBXBuildFile; fileRef = 7626C02B25F5BA42006749CA /* VendingMachineAppTests.swift */; };
		7626C04025F5C75D006749CA /* VendingMachine.swift in Sources */ = {isa = PBXBuildFile; fileRef = 7663A7E525E6A29B0034156D /* VendingMachine.swift */; };
		7626C04425F5C7AB006749CA /* Beverage.swift in Sources */ = {isa = PBXBuildFile; fileRef = 7663A7ED25E6A2A80034156D /* Beverage.swift */; };
		7626C04925F5C7CD006749CA /* BeverageTests.swift in Sources */ = {isa = PBXBuildFile; fileRef = 7626C04825F5C7CD006749CA /* BeverageTests.swift */; };
		7626C05125F5CCAB006749CA /* Stock.swift in Sources */ = {isa = PBXBuildFile; fileRef = 7663A7F225E7E0A60034156D /* Stock.swift */; };
		7626C05525F5CCB6006749CA /* Milk.swift in Sources */ = {isa = PBXBuildFile; fileRef = 7663A7F725E8081C0034156D /* Milk.swift */; };
		7626C05925F5CCBB006749CA /* Coffee.swift in Sources */ = {isa = PBXBuildFile; fileRef = 7663A80825E80BA80034156D /* Coffee.swift */; };
		7626C06025F5CCBE006749CA /* SoftDrink.swift in Sources */ = {isa = PBXBuildFile; fileRef = 7663A81A25E815190034156D /* SoftDrink.swift */; };
		7626C06425F5CCC0006749CA /* BananaMilk.swift in Sources */ = {isa = PBXBuildFile; fileRef = 7626C00225F060B3006749CA /* BananaMilk.swift */; };
		7626C06825F5CCC4006749CA /* ChocoMilk.swift in Sources */ = {isa = PBXBuildFile; fileRef = 7626C00825F060C1006749CA /* ChocoMilk.swift */; };
		7626C06C25F5CCC7006749CA /* CaffeLatte.swift in Sources */ = {isa = PBXBuildFile; fileRef = 7626C01825F0B433006749CA /* CaffeLatte.swift */; };
		7626C07025F5CCC9006749CA /* Americano.swift in Sources */ = {isa = PBXBuildFile; fileRef = 7626C00C25F060D2006749CA /* Americano.swift */; };
		7626C07425F5CCCD006749CA /* Coke.swift in Sources */ = {isa = PBXBuildFile; fileRef = 7626C01025F0B37D006749CA /* Coke.swift */; };
		7626C07825F5CCD0006749CA /* EnergyDrink.swift in Sources */ = {isa = PBXBuildFile; fileRef = 7626C01425F0B3D2006749CA /* EnergyDrink.swift */; };
		7626C07C25F5CCD4006749CA /* DateExtension.swift in Sources */ = {isa = PBXBuildFile; fileRef = 76CF906725EC387F001A73C4 /* DateExtension.swift */; };
		7626C08025F5CCD7006749CA /* BeverageType.swift in Sources */ = {isa = PBXBuildFile; fileRef = 7626C01E25F1F44C006749CA /* BeverageType.swift */; };
		7626C08525F5E8C1006749CA /* Cashier.swift in Sources */ = {isa = PBXBuildFile; fileRef = 7626C08425F5E8C1006749CA /* Cashier.swift */; };
		7626C08625F5E8C1006749CA /* Cashier.swift in Sources */ = {isa = PBXBuildFile; fileRef = 7626C08425F5E8C1006749CA /* Cashier.swift */; };
		7626C08B25F614FE006749CA /* PurchaseHistory.swift in Sources */ = {isa = PBXBuildFile; fileRef = 7626C08A25F614FE006749CA /* PurchaseHistory.swift */; };
		7626C08C25F614FE006749CA /* PurchaseHistory.swift in Sources */ = {isa = PBXBuildFile; fileRef = 7626C08A25F614FE006749CA /* PurchaseHistory.swift */; };
		7626C09B25F6336A006749CA /* VendingMachineTests.swift in Sources */ = {isa = PBXBuildFile; fileRef = 7626C09925F6336A006749CA /* VendingMachineTests.swift */; };
		7663A79E25E642A60034156D /* AppDelegate.swift in Sources */ = {isa = PBXBuildFile; fileRef = 7663A79D25E642A60034156D /* AppDelegate.swift */; };
		7663A7A025E642A60034156D /* SceneDelegate.swift in Sources */ = {isa = PBXBuildFile; fileRef = 7663A79F25E642A60034156D /* SceneDelegate.swift */; };
		7663A7A225E642A60034156D /* ViewController.swift in Sources */ = {isa = PBXBuildFile; fileRef = 7663A7A125E642A60034156D /* ViewController.swift */; };
		7663A7A525E642A60034156D /* Main.storyboard in Resources */ = {isa = PBXBuildFile; fileRef = 7663A7A325E642A60034156D /* Main.storyboard */; };
		7663A7A725E642A60034156D /* Assets.xcassets in Resources */ = {isa = PBXBuildFile; fileRef = 7663A7A625E642A60034156D /* Assets.xcassets */; };
		7663A7AA25E642A60034156D /* LaunchScreen.storyboard in Resources */ = {isa = PBXBuildFile; fileRef = 7663A7A825E642A60034156D /* LaunchScreen.storyboard */; };
		7663A7E625E6A29B0034156D /* VendingMachine.swift in Sources */ = {isa = PBXBuildFile; fileRef = 7663A7E525E6A29B0034156D /* VendingMachine.swift */; };
		7663A7EE25E6A2A80034156D /* Beverage.swift in Sources */ = {isa = PBXBuildFile; fileRef = 7663A7ED25E6A2A80034156D /* Beverage.swift */; };
		7663A7F325E7E0A60034156D /* Stock.swift in Sources */ = {isa = PBXBuildFile; fileRef = 7663A7F225E7E0A60034156D /* Stock.swift */; };
		7663A7F825E8081C0034156D /* Milk.swift in Sources */ = {isa = PBXBuildFile; fileRef = 7663A7F725E8081C0034156D /* Milk.swift */; };
		7663A80925E80BA80034156D /* Coffee.swift in Sources */ = {isa = PBXBuildFile; fileRef = 7663A80825E80BA80034156D /* Coffee.swift */; };
		7663A81B25E815190034156D /* SoftDrink.swift in Sources */ = {isa = PBXBuildFile; fileRef = 7663A81A25E815190034156D /* SoftDrink.swift */; };
		76CF906825EC387F001A73C4 /* DateExtension.swift in Sources */ = {isa = PBXBuildFile; fileRef = 76CF906725EC387F001A73C4 /* DateExtension.swift */; };
/* End PBXBuildFile section */

/* Begin PBXContainerItemProxy section */
		7626C02E25F5BA42006749CA /* PBXContainerItemProxy */ = {
			isa = PBXContainerItemProxy;
			containerPortal = 7663A79225E642A60034156D /* Project object */;
			proxyType = 1;
			remoteGlobalIDString = 7663A79925E642A60034156D;
			remoteInfo = VendingMachineApp;
		};
		76CF907C25EE24C6001A73C4 /* PBXContainerItemProxy */ = {
			isa = PBXContainerItemProxy;
			containerPortal = 7663A79225E642A60034156D /* Project object */;
			proxyType = 1;
			remoteGlobalIDString = 7663A79925E642A60034156D;
			remoteInfo = VendingMachineApp;
		};
/* End PBXContainerItemProxy section */

/* Begin PBXFileReference section */
		7626C00225F060B3006749CA /* BananaMilk.swift */ = {isa = PBXFileReference; lastKnownFileType = sourcecode.swift; path = BananaMilk.swift; sourceTree = "<group>"; };
		7626C00825F060C1006749CA /* ChocoMilk.swift */ = {isa = PBXFileReference; lastKnownFileType = sourcecode.swift; path = ChocoMilk.swift; sourceTree = "<group>"; };
		7626C00C25F060D2006749CA /* Americano.swift */ = {isa = PBXFileReference; lastKnownFileType = sourcecode.swift; path = Americano.swift; sourceTree = "<group>"; };
		7626C01025F0B37D006749CA /* Coke.swift */ = {isa = PBXFileReference; lastKnownFileType = sourcecode.swift; path = Coke.swift; sourceTree = "<group>"; };
		7626C01425F0B3D2006749CA /* EnergyDrink.swift */ = {isa = PBXFileReference; lastKnownFileType = sourcecode.swift; path = EnergyDrink.swift; sourceTree = "<group>"; };
		7626C01825F0B433006749CA /* CaffeLatte.swift */ = {isa = PBXFileReference; lastKnownFileType = sourcecode.swift; path = CaffeLatte.swift; sourceTree = "<group>"; };
		7626C01E25F1F44C006749CA /* BeverageType.swift */ = {isa = PBXFileReference; lastKnownFileType = sourcecode.swift; path = BeverageType.swift; sourceTree = "<group>"; };
		7626C02925F5BA42006749CA /* VendingMachineAppTests.xctest */ = {isa = PBXFileReference; explicitFileType = wrapper.cfbundle; includeInIndex = 0; path = VendingMachineAppTests.xctest; sourceTree = BUILT_PRODUCTS_DIR; };
		7626C02B25F5BA42006749CA /* VendingMachineAppTests.swift */ = {isa = PBXFileReference; lastKnownFileType = sourcecode.swift; path = VendingMachineAppTests.swift; sourceTree = "<group>"; };
		7626C02D25F5BA42006749CA /* Info.plist */ = {isa = PBXFileReference; lastKnownFileType = text.plist.xml; path = Info.plist; sourceTree = "<group>"; };
		7626C04825F5C7CD006749CA /* BeverageTests.swift */ = {isa = PBXFileReference; lastKnownFileType = sourcecode.swift; path = BeverageTests.swift; sourceTree = "<group>"; };
		7626C08425F5E8C1006749CA /* Cashier.swift */ = {isa = PBXFileReference; lastKnownFileType = sourcecode.swift; path = Cashier.swift; sourceTree = "<group>"; };
		7626C08A25F614FE006749CA /* PurchaseHistory.swift */ = {isa = PBXFileReference; lastKnownFileType = sourcecode.swift; path = PurchaseHistory.swift; sourceTree = "<group>"; };
		7626C09925F6336A006749CA /* VendingMachineTests.swift */ = {isa = PBXFileReference; lastKnownFileType = sourcecode.swift; path = VendingMachineTests.swift; sourceTree = "<group>"; };
		7663A79A25E642A60034156D /* VendingMachineApp.app */ = {isa = PBXFileReference; explicitFileType = wrapper.application; includeInIndex = 0; path = VendingMachineApp.app; sourceTree = BUILT_PRODUCTS_DIR; };
		7663A79D25E642A60034156D /* AppDelegate.swift */ = {isa = PBXFileReference; lastKnownFileType = sourcecode.swift; path = AppDelegate.swift; sourceTree = "<group>"; };
		7663A79F25E642A60034156D /* SceneDelegate.swift */ = {isa = PBXFileReference; lastKnownFileType = sourcecode.swift; path = SceneDelegate.swift; sourceTree = "<group>"; };
		7663A7A125E642A60034156D /* ViewController.swift */ = {isa = PBXFileReference; lastKnownFileType = sourcecode.swift; path = ViewController.swift; sourceTree = "<group>"; };
		7663A7A425E642A60034156D /* Base */ = {isa = PBXFileReference; lastKnownFileType = file.storyboard; name = Base; path = Base.lproj/Main.storyboard; sourceTree = "<group>"; };
		7663A7A625E642A60034156D /* Assets.xcassets */ = {isa = PBXFileReference; lastKnownFileType = folder.assetcatalog; path = Assets.xcassets; sourceTree = "<group>"; };
		7663A7A925E642A60034156D /* Base */ = {isa = PBXFileReference; lastKnownFileType = file.storyboard; name = Base; path = Base.lproj/LaunchScreen.storyboard; sourceTree = "<group>"; };
		7663A7AB25E642A60034156D /* Info.plist */ = {isa = PBXFileReference; lastKnownFileType = text.plist.xml; path = Info.plist; sourceTree = "<group>"; };
		7663A7E525E6A29B0034156D /* VendingMachine.swift */ = {isa = PBXFileReference; lastKnownFileType = sourcecode.swift; path = VendingMachine.swift; sourceTree = "<group>"; };
		7663A7ED25E6A2A80034156D /* Beverage.swift */ = {isa = PBXFileReference; lastKnownFileType = sourcecode.swift; path = Beverage.swift; sourceTree = "<group>"; };
		7663A7F225E7E0A60034156D /* Stock.swift */ = {isa = PBXFileReference; lastKnownFileType = sourcecode.swift; path = Stock.swift; sourceTree = "<group>"; };
		7663A7F725E8081C0034156D /* Milk.swift */ = {isa = PBXFileReference; lastKnownFileType = sourcecode.swift; path = Milk.swift; sourceTree = "<group>"; };
		7663A80825E80BA80034156D /* Coffee.swift */ = {isa = PBXFileReference; lastKnownFileType = sourcecode.swift; path = Coffee.swift; sourceTree = "<group>"; };
		7663A81A25E815190034156D /* SoftDrink.swift */ = {isa = PBXFileReference; lastKnownFileType = sourcecode.swift; path = SoftDrink.swift; sourceTree = "<group>"; };
		76CF906725EC387F001A73C4 /* DateExtension.swift */ = {isa = PBXFileReference; lastKnownFileType = sourcecode.swift; path = DateExtension.swift; sourceTree = "<group>"; };
		76CF907725EE24C6001A73C4 /* VendingMachineAppTest.xctest */ = {isa = PBXFileReference; explicitFileType = wrapper.cfbundle; includeInIndex = 0; path = VendingMachineAppTest.xctest; sourceTree = BUILT_PRODUCTS_DIR; };
/* End PBXFileReference section */

/* Begin PBXFrameworksBuildPhase section */
		7626C02625F5BA42006749CA /* Frameworks */ = {
			isa = PBXFrameworksBuildPhase;
			buildActionMask = 2147483647;
			files = (
			);
			runOnlyForDeploymentPostprocessing = 0;
		};
		7663A79725E642A60034156D /* Frameworks */ = {
			isa = PBXFrameworksBuildPhase;
			buildActionMask = 2147483647;
			files = (
			);
			runOnlyForDeploymentPostprocessing = 0;
		};
		76CF907425EE24C6001A73C4 /* Frameworks */ = {
			isa = PBXFrameworksBuildPhase;
			buildActionMask = 2147483647;
			files = (
			);
			runOnlyForDeploymentPostprocessing = 0;
		};
/* End PBXFrameworksBuildPhase section */

/* Begin PBXGroup section */
		7626C02A25F5BA42006749CA /* VendingMachineAppTests */ = {
			isa = PBXGroup;
			children = (
				7626C02B25F5BA42006749CA /* VendingMachineAppTests.swift */,
				7626C02D25F5BA42006749CA /* Info.plist */,
				7626C04825F5C7CD006749CA /* BeverageTests.swift */,
				7626C09925F6336A006749CA /* VendingMachineTests.swift */,
			);
			path = VendingMachineAppTests;
			sourceTree = "<group>";
		};
		7663A79125E642A60034156D = {
			isa = PBXGroup;
			children = (
				7663A79C25E642A60034156D /* VendingMachineApp */,
				7626C02A25F5BA42006749CA /* VendingMachineAppTests */,
				7663A79B25E642A60034156D /* Products */,
			);
			sourceTree = "<group>";
		};
		7663A79B25E642A60034156D /* Products */ = {
			isa = PBXGroup;
			children = (
				7663A79A25E642A60034156D /* VendingMachineApp.app */,
				76CF907725EE24C6001A73C4 /* VendingMachineAppTest.xctest */,
				7626C02925F5BA42006749CA /* VendingMachineAppTests.xctest */,
			);
			name = Products;
			sourceTree = "<group>";
		};
		7663A79C25E642A60034156D /* VendingMachineApp */ = {
			isa = PBXGroup;
			children = (
				7663A7E425E64D080034156D /* Models */,
				7663A7A125E642A60034156D /* ViewController.swift */,
				7663A79F25E642A60034156D /* SceneDelegate.swift */,
				7663A79D25E642A60034156D /* AppDelegate.swift */,
				7663A7A325E642A60034156D /* Main.storyboard */,
				7663A7A625E642A60034156D /* Assets.xcassets */,
				7663A7A825E642A60034156D /* LaunchScreen.storyboard */,
				7663A7AB25E642A60034156D /* Info.plist */,
			);
			path = VendingMachineApp;
			sourceTree = "<group>";
		};
		7663A7E425E64D080034156D /* Models */ = {
			isa = PBXGroup;
			children = (
				7663A7E525E6A29B0034156D /* VendingMachine.swift */,
				7663A7F225E7E0A60034156D /* Stock.swift */,
				7626C08425F5E8C1006749CA /* Cashier.swift */,
				7626C08A25F614FE006749CA /* PurchaseHistory.swift */,
				7663A7ED25E6A2A80034156D /* Beverage.swift */,
				7663A7F725E8081C0034156D /* Milk.swift */,
				7663A80825E80BA80034156D /* Coffee.swift */,
				7663A81A25E815190034156D /* SoftDrink.swift */,
				7626C00225F060B3006749CA /* BananaMilk.swift */,
				7626C00825F060C1006749CA /* ChocoMilk.swift */,
				7626C00C25F060D2006749CA /* Americano.swift */,
				7626C01825F0B433006749CA /* CaffeLatte.swift */,
				7626C01025F0B37D006749CA /* Coke.swift */,
				7626C01425F0B3D2006749CA /* EnergyDrink.swift */,
				76CF906725EC387F001A73C4 /* DateExtension.swift */,
				7626C01E25F1F44C006749CA /* BeverageType.swift */,
			);
			path = Models;
			sourceTree = "<group>";
		};
/* End PBXGroup section */

/* Begin PBXNativeTarget section */
		7626C02825F5BA42006749CA /* VendingMachineAppTests */ = {
			isa = PBXNativeTarget;
			buildConfigurationList = 7626C03025F5BA42006749CA /* Build configuration list for PBXNativeTarget "VendingMachineAppTests" */;
			buildPhases = (
				7626C02525F5BA42006749CA /* Sources */,
				7626C02625F5BA42006749CA /* Frameworks */,
				7626C02725F5BA42006749CA /* Resources */,
			);
			buildRules = (
			);
			dependencies = (
				7626C02F25F5BA42006749CA /* PBXTargetDependency */,
			);
			name = VendingMachineAppTests;
			productName = VendingMachineAppTests;
			productReference = 7626C02925F5BA42006749CA /* VendingMachineAppTests.xctest */;
			productType = "com.apple.product-type.bundle.unit-test";
		};
		7663A79925E642A60034156D /* VendingMachineApp */ = {
			isa = PBXNativeTarget;
			buildConfigurationList = 7663A7C425E642A70034156D /* Build configuration list for PBXNativeTarget "VendingMachineApp" */;
			buildPhases = (
				7663A79625E642A60034156D /* Sources */,
				7663A79725E642A60034156D /* Frameworks */,
				7663A79825E642A60034156D /* Resources */,
			);
			buildRules = (
			);
			dependencies = (
			);
			name = VendingMachineApp;
			productName = VendingMachineApp;
			productReference = 7663A79A25E642A60034156D /* VendingMachineApp.app */;
			productType = "com.apple.product-type.application";
		};
		76CF907625EE24C6001A73C4 /* VendingMachineAppTest */ = {
			isa = PBXNativeTarget;
			buildConfigurationList = 76CF908025EE24C6001A73C4 /* Build configuration list for PBXNativeTarget "VendingMachineAppTest" */;
			buildPhases = (
				76CF907325EE24C6001A73C4 /* Sources */,
				76CF907425EE24C6001A73C4 /* Frameworks */,
				76CF907525EE24C6001A73C4 /* Resources */,
			);
			buildRules = (
			);
			dependencies = (
				76CF907D25EE24C6001A73C4 /* PBXTargetDependency */,
			);
			name = VendingMachineAppTest;
			productName = VendingMachineAppTest;
			productReference = 76CF907725EE24C6001A73C4 /* VendingMachineAppTest.xctest */;
			productType = "com.apple.product-type.bundle.unit-test";
		};
/* End PBXNativeTarget section */

/* Begin PBXProject section */
		7663A79225E642A60034156D /* Project object */ = {
			isa = PBXProject;
			attributes = {
				LastSwiftUpdateCheck = 1240;
				LastUpgradeCheck = 1240;
				TargetAttributes = {
					7626C02825F5BA42006749CA = {
						CreatedOnToolsVersion = 12.4;
						TestTargetID = 7663A79925E642A60034156D;
					};
					7663A79925E642A60034156D = {
						CreatedOnToolsVersion = 12.4;
					};
					76CF907625EE24C6001A73C4 = {
						CreatedOnToolsVersion = 12.4;
						TestTargetID = 7663A79925E642A60034156D;
					};
				};
			};
			buildConfigurationList = 7663A79525E642A60034156D /* Build configuration list for PBXProject "VendingMachineApp" */;
			compatibilityVersion = "Xcode 9.3";
			developmentRegion = en;
			hasScannedForEncodings = 0;
			knownRegions = (
				en,
				Base,
			);
			mainGroup = 7663A79125E642A60034156D;
			productRefGroup = 7663A79B25E642A60034156D /* Products */;
			projectDirPath = "";
			projectRoot = "";
			targets = (
				7663A79925E642A60034156D /* VendingMachineApp */,
				76CF907625EE24C6001A73C4 /* VendingMachineAppTest */,
				7626C02825F5BA42006749CA /* VendingMachineAppTests */,
			);
		};
/* End PBXProject section */

/* Begin PBXResourcesBuildPhase section */
		7626C02725F5BA42006749CA /* Resources */ = {
			isa = PBXResourcesBuildPhase;
			buildActionMask = 2147483647;
			files = (
			);
			runOnlyForDeploymentPostprocessing = 0;
		};
		7663A79825E642A60034156D /* Resources */ = {
			isa = PBXResourcesBuildPhase;
			buildActionMask = 2147483647;
			files = (
				7663A7AA25E642A60034156D /* LaunchScreen.storyboard in Resources */,
				7663A7A725E642A60034156D /* Assets.xcassets in Resources */,
				7663A7A525E642A60034156D /* Main.storyboard in Resources */,
			);
			runOnlyForDeploymentPostprocessing = 0;
		};
		76CF907525EE24C6001A73C4 /* Resources */ = {
			isa = PBXResourcesBuildPhase;
			buildActionMask = 2147483647;
			files = (
			);
			runOnlyForDeploymentPostprocessing = 0;
		};
/* End PBXResourcesBuildPhase section */

/* Begin PBXSourcesBuildPhase section */
		7626C02525F5BA42006749CA /* Sources */ = {
			isa = PBXSourcesBuildPhase;
			buildActionMask = 2147483647;
			files = (
				7626C07825F5CCD0006749CA /* EnergyDrink.swift in Sources */,
				7626C08025F5CCD7006749CA /* BeverageType.swift in Sources */,
				7626C06425F5CCC0006749CA /* BananaMilk.swift in Sources */,
				7626C04425F5C7AB006749CA /* Beverage.swift in Sources */,
				7626C07425F5CCCD006749CA /* Coke.swift in Sources */,
				7626C07025F5CCC9006749CA /* Americano.swift in Sources */,
				7626C05125F5CCAB006749CA /* Stock.swift in Sources */,
				7626C06825F5CCC4006749CA /* ChocoMilk.swift in Sources */,
				7626C08625F5E8C1006749CA /* Cashier.swift in Sources */,
				7626C05525F5CCB6006749CA /* Milk.swift in Sources */,
				7626C08C25F614FE006749CA /* PurchaseHistory.swift in Sources */,
				7626C07C25F5CCD4006749CA /* DateExtension.swift in Sources */,
				7626C06C25F5CCC7006749CA /* CaffeLatte.swift in Sources */,
				7626C06025F5CCBE006749CA /* SoftDrink.swift in Sources */,
				7626C02C25F5BA42006749CA /* VendingMachineAppTests.swift in Sources */,
				7626C04925F5C7CD006749CA /* BeverageTests.swift in Sources */,
				7626C04025F5C75D006749CA /* VendingMachine.swift in Sources */,
				7626C05925F5CCBB006749CA /* Coffee.swift in Sources */,
				7626C09B25F6336A006749CA /* VendingMachineTests.swift in Sources */,
			);
			runOnlyForDeploymentPostprocessing = 0;
		};
		7663A79625E642A60034156D /* Sources */ = {
			isa = PBXSourcesBuildPhase;
			buildActionMask = 2147483647;
			files = (
				7663A7EE25E6A2A80034156D /* Beverage.swift in Sources */,
				7663A7A225E642A60034156D /* ViewController.swift in Sources */,
				7626C01125F0B37D006749CA /* Coke.swift in Sources */,
				7663A7F325E7E0A60034156D /* Stock.swift in Sources */,
				7663A7F825E8081C0034156D /* Milk.swift in Sources */,
				7626C00D25F060D2006749CA /* Americano.swift in Sources */,
				7626C00925F060C1006749CA /* ChocoMilk.swift in Sources */,
				7626C08525F5E8C1006749CA /* Cashier.swift in Sources */,
				7626C00325F060B3006749CA /* BananaMilk.swift in Sources */,
				7663A79E25E642A60034156D /* AppDelegate.swift in Sources */,
				7626C01F25F1F44C006749CA /* BeverageType.swift in Sources */,
				76CF906825EC387F001A73C4 /* DateExtension.swift in Sources */,
				7626C08B25F614FE006749CA /* PurchaseHistory.swift in Sources */,
				7663A81B25E815190034156D /* SoftDrink.swift in Sources */,
				7663A7A025E642A60034156D /* SceneDelegate.swift in Sources */,
				7663A7E625E6A29B0034156D /* VendingMachine.swift in Sources */,
				7626C01525F0B3D2006749CA /* EnergyDrink.swift in Sources */,
				7663A80925E80BA80034156D /* Coffee.swift in Sources */,
				7626C01925F0B433006749CA /* CaffeLatte.swift in Sources */,
			);
			runOnlyForDeploymentPostprocessing = 0;
		};
		76CF907325EE24C6001A73C4 /* Sources */ = {
			isa = PBXSourcesBuildPhase;
			buildActionMask = 2147483647;
			files = (
			);
			runOnlyForDeploymentPostprocessing = 0;
		};
/* End PBXSourcesBuildPhase section */

/* Begin PBXTargetDependency section */
		7626C02F25F5BA42006749CA /* PBXTargetDependency */ = {
			isa = PBXTargetDependency;
			target = 7663A79925E642A60034156D /* VendingMachineApp */;
			targetProxy = 7626C02E25F5BA42006749CA /* PBXContainerItemProxy */;
		};
		76CF907D25EE24C6001A73C4 /* PBXTargetDependency */ = {
			isa = PBXTargetDependency;
			target = 7663A79925E642A60034156D /* VendingMachineApp */;
			targetProxy = 76CF907C25EE24C6001A73C4 /* PBXContainerItemProxy */;
		};
/* End PBXTargetDependency section */

/* Begin PBXVariantGroup section */
		7663A7A325E642A60034156D /* Main.storyboard */ = {
			isa = PBXVariantGroup;
			children = (
				7663A7A425E642A60034156D /* Base */,
			);
			name = Main.storyboard;
			sourceTree = "<group>";
		};
		7663A7A825E642A60034156D /* LaunchScreen.storyboard */ = {
			isa = PBXVariantGroup;
			children = (
				7663A7A925E642A60034156D /* Base */,
			);
			name = LaunchScreen.storyboard;
			sourceTree = "<group>";
		};
/* End PBXVariantGroup section */

/* Begin XCBuildConfiguration section */
		7626C03125F5BA42006749CA /* Debug */ = {
			isa = XCBuildConfiguration;
			buildSettings = {
				BUNDLE_LOADER = "$(TEST_HOST)";
				CODE_SIGN_STYLE = Automatic;
				DEVELOPMENT_TEAM = 7A464AFW63;
				INFOPLIST_FILE = VendingMachineAppTests/Info.plist;
				LD_RUNPATH_SEARCH_PATHS = (
					"$(inherited)",
					"@executable_path/Frameworks",
					"@loader_path/Frameworks",
				);
				PRODUCT_BUNDLE_IDENTIFIER = codesquad.VendingMachineAppTests;
				PRODUCT_NAME = "$(TARGET_NAME)";
				SWIFT_VERSION = 5.0;
				TARGETED_DEVICE_FAMILY = "1,2";
				TEST_HOST = "$(BUILT_PRODUCTS_DIR)/VendingMachineApp.app/VendingMachineApp";
			};
			name = Debug;
		};
		7626C03225F5BA42006749CA /* Release */ = {
			isa = XCBuildConfiguration;
			buildSettings = {
				BUNDLE_LOADER = "$(TEST_HOST)";
				CODE_SIGN_STYLE = Automatic;
				DEVELOPMENT_TEAM = 7A464AFW63;
				INFOPLIST_FILE = VendingMachineAppTests/Info.plist;
				LD_RUNPATH_SEARCH_PATHS = (
					"$(inherited)",
					"@executable_path/Frameworks",
					"@loader_path/Frameworks",
				);
				PRODUCT_BUNDLE_IDENTIFIER = codesquad.VendingMachineAppTests;
				PRODUCT_NAME = "$(TARGET_NAME)";
				SWIFT_VERSION = 5.0;
				TARGETED_DEVICE_FAMILY = "1,2";
				TEST_HOST = "$(BUILT_PRODUCTS_DIR)/VendingMachineApp.app/VendingMachineApp";
			};
			name = Release;
		};
		7663A7C225E642A70034156D /* Debug */ = {
			isa = XCBuildConfiguration;
			buildSettings = {
				ALWAYS_SEARCH_USER_PATHS = NO;
				CLANG_ANALYZER_NONNULL = YES;
				CLANG_ANALYZER_NUMBER_OBJECT_CONVERSION = YES_AGGRESSIVE;
				CLANG_CXX_LANGUAGE_STANDARD = "gnu++14";
				CLANG_CXX_LIBRARY = "libc++";
				CLANG_ENABLE_MODULES = YES;
				CLANG_ENABLE_OBJC_ARC = YES;
				CLANG_ENABLE_OBJC_WEAK = YES;
				CLANG_WARN_BLOCK_CAPTURE_AUTORELEASING = YES;
				CLANG_WARN_BOOL_CONVERSION = YES;
				CLANG_WARN_COMMA = YES;
				CLANG_WARN_CONSTANT_CONVERSION = YES;
				CLANG_WARN_DEPRECATED_OBJC_IMPLEMENTATIONS = YES;
				CLANG_WARN_DIRECT_OBJC_ISA_USAGE = YES_ERROR;
				CLANG_WARN_DOCUMENTATION_COMMENTS = YES;
				CLANG_WARN_EMPTY_BODY = YES;
				CLANG_WARN_ENUM_CONVERSION = YES;
				CLANG_WARN_INFINITE_RECURSION = YES;
				CLANG_WARN_INT_CONVERSION = YES;
				CLANG_WARN_NON_LITERAL_NULL_CONVERSION = YES;
				CLANG_WARN_OBJC_IMPLICIT_RETAIN_SELF = YES;
				CLANG_WARN_OBJC_LITERAL_CONVERSION = YES;
				CLANG_WARN_OBJC_ROOT_CLASS = YES_ERROR;
				CLANG_WARN_QUOTED_INCLUDE_IN_FRAMEWORK_HEADER = YES;
				CLANG_WARN_RANGE_LOOP_ANALYSIS = YES;
				CLANG_WARN_STRICT_PROTOTYPES = YES;
				CLANG_WARN_SUSPICIOUS_MOVE = YES;
				CLANG_WARN_UNGUARDED_AVAILABILITY = YES_AGGRESSIVE;
				CLANG_WARN_UNREACHABLE_CODE = YES;
				CLANG_WARN__DUPLICATE_METHOD_MATCH = YES;
				COPY_PHASE_STRIP = NO;
				DEBUG_INFORMATION_FORMAT = dwarf;
				ENABLE_STRICT_OBJC_MSGSEND = YES;
				ENABLE_TESTABILITY = YES;
				GCC_C_LANGUAGE_STANDARD = gnu11;
				GCC_DYNAMIC_NO_PIC = NO;
				GCC_NO_COMMON_BLOCKS = YES;
				GCC_OPTIMIZATION_LEVEL = 0;
				GCC_PREPROCESSOR_DEFINITIONS = (
					"DEBUG=1",
					"$(inherited)",
				);
				GCC_WARN_64_TO_32_BIT_CONVERSION = YES;
				GCC_WARN_ABOUT_RETURN_TYPE = YES_ERROR;
				GCC_WARN_UNDECLARED_SELECTOR = YES;
				GCC_WARN_UNINITIALIZED_AUTOS = YES_AGGRESSIVE;
				GCC_WARN_UNUSED_FUNCTION = YES;
				GCC_WARN_UNUSED_VARIABLE = YES;
				IPHONEOS_DEPLOYMENT_TARGET = 14.4;
				MTL_ENABLE_DEBUG_INFO = INCLUDE_SOURCE;
				MTL_FAST_MATH = YES;
				ONLY_ACTIVE_ARCH = YES;
				SDKROOT = iphoneos;
				SWIFT_ACTIVE_COMPILATION_CONDITIONS = DEBUG;
				SWIFT_OPTIMIZATION_LEVEL = "-Onone";
			};
			name = Debug;
		};
		7663A7C325E642A70034156D /* Release */ = {
			isa = XCBuildConfiguration;
			buildSettings = {
				ALWAYS_SEARCH_USER_PATHS = NO;
				CLANG_ANALYZER_NONNULL = YES;
				CLANG_ANALYZER_NUMBER_OBJECT_CONVERSION = YES_AGGRESSIVE;
				CLANG_CXX_LANGUAGE_STANDARD = "gnu++14";
				CLANG_CXX_LIBRARY = "libc++";
				CLANG_ENABLE_MODULES = YES;
				CLANG_ENABLE_OBJC_ARC = YES;
				CLANG_ENABLE_OBJC_WEAK = YES;
				CLANG_WARN_BLOCK_CAPTURE_AUTORELEASING = YES;
				CLANG_WARN_BOOL_CONVERSION = YES;
				CLANG_WARN_COMMA = YES;
				CLANG_WARN_CONSTANT_CONVERSION = YES;
				CLANG_WARN_DEPRECATED_OBJC_IMPLEMENTATIONS = YES;
				CLANG_WARN_DIRECT_OBJC_ISA_USAGE = YES_ERROR;
				CLANG_WARN_DOCUMENTATION_COMMENTS = YES;
				CLANG_WARN_EMPTY_BODY = YES;
				CLANG_WARN_ENUM_CONVERSION = YES;
				CLANG_WARN_INFINITE_RECURSION = YES;
				CLANG_WARN_INT_CONVERSION = YES;
				CLANG_WARN_NON_LITERAL_NULL_CONVERSION = YES;
				CLANG_WARN_OBJC_IMPLICIT_RETAIN_SELF = YES;
				CLANG_WARN_OBJC_LITERAL_CONVERSION = YES;
				CLANG_WARN_OBJC_ROOT_CLASS = YES_ERROR;
				CLANG_WARN_QUOTED_INCLUDE_IN_FRAMEWORK_HEADER = YES;
				CLANG_WARN_RANGE_LOOP_ANALYSIS = YES;
				CLANG_WARN_STRICT_PROTOTYPES = YES;
				CLANG_WARN_SUSPICIOUS_MOVE = YES;
				CLANG_WARN_UNGUARDED_AVAILABILITY = YES_AGGRESSIVE;
				CLANG_WARN_UNREACHABLE_CODE = YES;
				CLANG_WARN__DUPLICATE_METHOD_MATCH = YES;
				COPY_PHASE_STRIP = NO;
				DEBUG_INFORMATION_FORMAT = "dwarf-with-dsym";
				ENABLE_NS_ASSERTIONS = NO;
				ENABLE_STRICT_OBJC_MSGSEND = YES;
				GCC_C_LANGUAGE_STANDARD = gnu11;
				GCC_NO_COMMON_BLOCKS = YES;
				GCC_WARN_64_TO_32_BIT_CONVERSION = YES;
				GCC_WARN_ABOUT_RETURN_TYPE = YES_ERROR;
				GCC_WARN_UNDECLARED_SELECTOR = YES;
				GCC_WARN_UNINITIALIZED_AUTOS = YES_AGGRESSIVE;
				GCC_WARN_UNUSED_FUNCTION = YES;
				GCC_WARN_UNUSED_VARIABLE = YES;
				IPHONEOS_DEPLOYMENT_TARGET = 14.4;
				MTL_ENABLE_DEBUG_INFO = NO;
				MTL_FAST_MATH = YES;
				SDKROOT = iphoneos;
				SWIFT_COMPILATION_MODE = wholemodule;
				SWIFT_OPTIMIZATION_LEVEL = "-O";
				VALIDATE_PRODUCT = YES;
			};
			name = Release;
		};
		7663A7C525E642A70034156D /* Debug */ = {
			isa = XCBuildConfiguration;
			buildSettings = {
				ASSETCATALOG_COMPILER_APPICON_NAME = AppIcon;
				ASSETCATALOG_COMPILER_GLOBAL_ACCENT_COLOR_NAME = AccentColor;
				CODE_SIGN_STYLE = Automatic;
				DEVELOPMENT_TEAM = 7A464AFW63;
				INFOPLIST_FILE = VendingMachineApp/Info.plist;
				LD_RUNPATH_SEARCH_PATHS = (
					"$(inherited)",
					"@executable_path/Frameworks",
				);
				PRODUCT_BUNDLE_IDENTIFIER = codesquad.VendingMachineApp;
				PRODUCT_NAME = "$(TARGET_NAME)";
				SWIFT_VERSION = 5.0;
				TARGETED_DEVICE_FAMILY = 2;
			};
			name = Debug;
		};
		7663A7C625E642A70034156D /* Release */ = {
			isa = XCBuildConfiguration;
			buildSettings = {
				ASSETCATALOG_COMPILER_APPICON_NAME = AppIcon;
				ASSETCATALOG_COMPILER_GLOBAL_ACCENT_COLOR_NAME = AccentColor;
				CODE_SIGN_STYLE = Automatic;
				DEVELOPMENT_TEAM = 7A464AFW63;
				INFOPLIST_FILE = VendingMachineApp/Info.plist;
				LD_RUNPATH_SEARCH_PATHS = (
					"$(inherited)",
					"@executable_path/Frameworks",
				);
				PRODUCT_BUNDLE_IDENTIFIER = codesquad.VendingMachineApp;
				PRODUCT_NAME = "$(TARGET_NAME)";
				SWIFT_VERSION = 5.0;
				TARGETED_DEVICE_FAMILY = 2;
			};
			name = Release;
		};
		76CF907E25EE24C6001A73C4 /* Debug */ = {
			isa = XCBuildConfiguration;
			buildSettings = {
				BUNDLE_LOADER = "$(TEST_HOST)";
				CODE_SIGN_STYLE = Automatic;
				DEVELOPMENT_TEAM = 7A464AFW63;
				INFOPLIST_FILE = VendingMachineAppTest/Info.plist;
				LD_RUNPATH_SEARCH_PATHS = (
					"$(inherited)",
					"@executable_path/Frameworks",
					"@loader_path/Frameworks",
				);
				PRODUCT_BUNDLE_IDENTIFIER = codesquad.VendingMachineAppTest;
				PRODUCT_NAME = "$(TARGET_NAME)";
				SWIFT_VERSION = 5.0;
				TARGETED_DEVICE_FAMILY = "1,2";
				TEST_HOST = "$(BUILT_PRODUCTS_DIR)/VendingMachineApp.app/VendingMachineApp";
			};
			name = Debug;
		};
		76CF907F25EE24C6001A73C4 /* Release */ = {
			isa = XCBuildConfiguration;
			buildSettings = {
				BUNDLE_LOADER = "$(TEST_HOST)";
				CODE_SIGN_STYLE = Automatic;
				DEVELOPMENT_TEAM = 7A464AFW63;
				INFOPLIST_FILE = VendingMachineAppTest/Info.plist;
				LD_RUNPATH_SEARCH_PATHS = (
					"$(inherited)",
					"@executable_path/Frameworks",
					"@loader_path/Frameworks",
				);
				PRODUCT_BUNDLE_IDENTIFIER = codesquad.VendingMachineAppTest;
				PRODUCT_NAME = "$(TARGET_NAME)";
				SWIFT_VERSION = 5.0;
				TARGETED_DEVICE_FAMILY = "1,2";
				TEST_HOST = "$(BUILT_PRODUCTS_DIR)/VendingMachineApp.app/VendingMachineApp";
			};
			name = Release;
		};
/* End XCBuildConfiguration section */

/* Begin XCConfigurationList section */
		7626C03025F5BA42006749CA /* Build configuration list for PBXNativeTarget "VendingMachineAppTests" */ = {
			isa = XCConfigurationList;
			buildConfigurations = (
				7626C03125F5BA42006749CA /* Debug */,
				7626C03225F5BA42006749CA /* Release */,
			);
			defaultConfigurationIsVisible = 0;
			defaultConfigurationName = Release;
		};
		7663A79525E642A60034156D /* Build configuration list for PBXProject "VendingMachineApp" */ = {
			isa = XCConfigurationList;
			buildConfigurations = (
				7663A7C225E642A70034156D /* Debug */,
				7663A7C325E642A70034156D /* Release */,
			);
			defaultConfigurationIsVisible = 0;
			defaultConfigurationName = Release;
		};
		7663A7C425E642A70034156D /* Build configuration list for PBXNativeTarget "VendingMachineApp" */ = {
			isa = XCConfigurationList;
			buildConfigurations = (
				7663A7C525E642A70034156D /* Debug */,
				7663A7C625E642A70034156D /* Release */,
			);
			defaultConfigurationIsVisible = 0;
			defaultConfigurationName = Release;
		};
		76CF908025EE24C6001A73C4 /* Build configuration list for PBXNativeTarget "VendingMachineAppTest" */ = {
			isa = XCConfigurationList;
			buildConfigurations = (
				76CF907E25EE24C6001A73C4 /* Debug */,
				76CF907F25EE24C6001A73C4 /* Release */,
			);
			defaultConfigurationIsVisible = 0;
			defaultConfigurationName = Release;
		};
/* End XCConfigurationList section */
	};
	rootObject = 7663A79225E642A60034156D /* Project object */;
}
