// !$*UTF8*$!
{
	archiveVersion = 1;
	classes = {
	};
	objectVersion = 50;
	objects = {

/* Begin PBXBuildFile section */
		82605F9625FE739200C3E84A /* AppDelegate.swift in Sources */ = {isa = PBXBuildFile; fileRef = 82A851E225E63339001024D9 /* AppDelegate.swift */; };
		82605F9C25FF9EBE00C3E84A /* SaveManager.swift in Sources */ = {isa = PBXBuildFile; fileRef = 82605F9B25FF9EBE00C3E84A /* SaveManager.swift */; };
		826E983225F8C0E100807D58 /* ViewController.swift in Sources */ = {isa = PBXBuildFile; fileRef = 82A851E625E63339001024D9 /* ViewController.swift */; };
		8272F9AC25F040F3008167CE /* StrawBerryMilk.swift in Sources */ = {isa = PBXBuildFile; fileRef = 8272F9AB25F040F3008167CE /* StrawBerryMilk.swift */; };
		8272F9B025F04101008167CE /* BananaMilk.swift in Sources */ = {isa = PBXBuildFile; fileRef = 8272F9AF25F04101008167CE /* BananaMilk.swift */; };
		8272F9B425F04113008167CE /* Cider.swift in Sources */ = {isa = PBXBuildFile; fileRef = 8272F9B325F04113008167CE /* Cider.swift */; };
		8272F9B825F04125008167CE /* Coke.swift in Sources */ = {isa = PBXBuildFile; fileRef = 8272F9B725F04125008167CE /* Coke.swift */; };
		8272F9BB25F0412C008167CE /* Cider.swift in Sources */ = {isa = PBXBuildFile; fileRef = 8272F9B325F04113008167CE /* Cider.swift */; };
		8272F9BC25F0412C008167CE /* Coke.swift in Sources */ = {isa = PBXBuildFile; fileRef = 8272F9B725F04125008167CE /* Coke.swift */; };
		8272F9C125F0412F008167CE /* StrawBerryMilk.swift in Sources */ = {isa = PBXBuildFile; fileRef = 8272F9AB25F040F3008167CE /* StrawBerryMilk.swift */; };
		8272F9C225F0412F008167CE /* BananaMilk.swift in Sources */ = {isa = PBXBuildFile; fileRef = 8272F9AF25F04101008167CE /* BananaMilk.swift */; };
		8272F9C625F0413E008167CE /* Monster.swift in Sources */ = {isa = PBXBuildFile; fileRef = 8272F9C525F0413E008167CE /* Monster.swift */; };
		8272F9CA25F0414B008167CE /* Hot6.swift in Sources */ = {isa = PBXBuildFile; fileRef = 8272F9C925F0414B008167CE /* Hot6.swift */; };
		8272F9CE25F0418B008167CE /* CaffeMocha.swift in Sources */ = {isa = PBXBuildFile; fileRef = 8272F9CD25F0418B008167CE /* CaffeMocha.swift */; };
		8272F9D425F04194008167CE /* CaffeLatte.swift in Sources */ = {isa = PBXBuildFile; fileRef = 8272F9D325F04194008167CE /* CaffeLatte.swift */; };
		827542D425F07DBA0036DDAA /* CaffeMocha.swift in Sources */ = {isa = PBXBuildFile; fileRef = 8272F9CD25F0418B008167CE /* CaffeMocha.swift */; };
		827542D525F07DBA0036DDAA /* CaffeLatte.swift in Sources */ = {isa = PBXBuildFile; fileRef = 8272F9D325F04194008167CE /* CaffeLatte.swift */; };
		827542D825F07DC10036DDAA /* Monster.swift in Sources */ = {isa = PBXBuildFile; fileRef = 8272F9C525F0413E008167CE /* Monster.swift */; };
		827542DB25F07DC40036DDAA /* Hot6.swift in Sources */ = {isa = PBXBuildFile; fileRef = 8272F9C925F0414B008167CE /* Hot6.swift */; };
		82820816260306D200615ED1 /* StockView.swift in Sources */ = {isa = PBXBuildFile; fileRef = 82820815260306D200615ED1 /* StockView.swift */; };
		828B37862603A9BE0043B93A /* MoneyView.swift in Sources */ = {isa = PBXBuildFile; fileRef = 828B37852603A9BE0043B93A /* MoneyView.swift */; };
		828B378C2603BC110043B93A /* BoughtView.swift in Sources */ = {isa = PBXBuildFile; fileRef = 828B378B2603BC110043B93A /* BoughtView.swift */; };
		828EB06525EFD1BD00EC132C /* VendingMachineAppTests.swift in Sources */ = {isa = PBXBuildFile; fileRef = 828EB06425EFD1BD00EC132C /* VendingMachineAppTests.swift */; };
		828EB07325EFD24100EC132C /* VendingMachine.swift in Sources */ = {isa = PBXBuildFile; fileRef = 829C787E25E7C8B1007C4A68 /* VendingMachine.swift */; };
		828EB07625EFD24600EC132C /* Beverage.swift in Sources */ = {isa = PBXBuildFile; fileRef = 829C786F25E7C2CB007C4A68 /* Beverage.swift */; };
		828EB07925EFD24E00EC132C /* Date.swift in Sources */ = {isa = PBXBuildFile; fileRef = 829C788125E7CCA1007C4A68 /* Date.swift */; };
		828EB07A25EFD24E00EC132C /* Milk.swift in Sources */ = {isa = PBXBuildFile; fileRef = 82B22CE825E9995200972CD7 /* Milk.swift */; };
		828EB07B25EFD24E00EC132C /* Soda.swift in Sources */ = {isa = PBXBuildFile; fileRef = 82B22CEB25E9995B00972CD7 /* Soda.swift */; };
		828EB07C25EFD24E00EC132C /* Energydrink.swift in Sources */ = {isa = PBXBuildFile; fileRef = 82B22CF125E99A0700972CD7 /* Energydrink.swift */; };
		828EB07D25EFD24E00EC132C /* Coffee.swift in Sources */ = {isa = PBXBuildFile; fileRef = 82B22CEE25E9996500972CD7 /* Coffee.swift */; };
		828EB08125EFD25200EC132C /* BeverageCreater.swift in Sources */ = {isa = PBXBuildFile; fileRef = 829567FE25EF1A8000528A59 /* BeverageCreater.swift */; };
		828EB08225EFD25200EC132C /* Money.swift in Sources */ = {isa = PBXBuildFile; fileRef = 8295680125EF806100528A59 /* Money.swift */; };
		828EB08F25EFD52A00EC132C /* BeverageFactory.swift in Sources */ = {isa = PBXBuildFile; fileRef = 82F1617E25EE286D00E1C9F6 /* BeverageFactory.swift */; };
		828EB09425EFD52B00EC132C /* BeverageFactory.swift in Sources */ = {isa = PBXBuildFile; fileRef = 82F1617E25EE286D00E1C9F6 /* BeverageFactory.swift */; };
		829567FF25EF1A8000528A59 /* BeverageCreater.swift in Sources */ = {isa = PBXBuildFile; fileRef = 829567FE25EF1A8000528A59 /* BeverageCreater.swift */; };
		8295680225EF806100528A59 /* Money.swift in Sources */ = {isa = PBXBuildFile; fileRef = 8295680125EF806100528A59 /* Money.swift */; };
		829C787025E7C2CB007C4A68 /* Beverage.swift in Sources */ = {isa = PBXBuildFile; fileRef = 829C786F25E7C2CB007C4A68 /* Beverage.swift */; };
		829C787F25E7C8B1007C4A68 /* VendingMachine.swift in Sources */ = {isa = PBXBuildFile; fileRef = 829C787E25E7C8B1007C4A68 /* VendingMachine.swift */; };
		829C788225E7CCA1007C4A68 /* Date.swift in Sources */ = {isa = PBXBuildFile; fileRef = 829C788125E7CCA1007C4A68 /* Date.swift */; };
		82A851E325E63339001024D9 /* AppDelegate.swift in Sources */ = {isa = PBXBuildFile; fileRef = 82A851E225E63339001024D9 /* AppDelegate.swift */; };
		82A851E525E63339001024D9 /* SceneDelegate.swift in Sources */ = {isa = PBXBuildFile; fileRef = 82A851E425E63339001024D9 /* SceneDelegate.swift */; };
		82A851E725E63339001024D9 /* ViewController.swift in Sources */ = {isa = PBXBuildFile; fileRef = 82A851E625E63339001024D9 /* ViewController.swift */; };
		82A851EA25E63339001024D9 /* Main.storyboard in Resources */ = {isa = PBXBuildFile; fileRef = 82A851E825E63339001024D9 /* Main.storyboard */; };
		82A851EC25E6333A001024D9 /* Assets.xcassets in Resources */ = {isa = PBXBuildFile; fileRef = 82A851EB25E6333A001024D9 /* Assets.xcassets */; };
		82A851EF25E6333A001024D9 /* LaunchScreen.storyboard in Resources */ = {isa = PBXBuildFile; fileRef = 82A851ED25E6333A001024D9 /* LaunchScreen.storyboard */; };
		82B22CE925E9995200972CD7 /* Milk.swift in Sources */ = {isa = PBXBuildFile; fileRef = 82B22CE825E9995200972CD7 /* Milk.swift */; };
		82B22CEC25E9995B00972CD7 /* Soda.swift in Sources */ = {isa = PBXBuildFile; fileRef = 82B22CEB25E9995B00972CD7 /* Soda.swift */; };
		82B22CEF25E9996500972CD7 /* Coffee.swift in Sources */ = {isa = PBXBuildFile; fileRef = 82B22CEE25E9996500972CD7 /* Coffee.swift */; };
		82B22CF225E99A0700972CD7 /* Energydrink.swift in Sources */ = {isa = PBXBuildFile; fileRef = 82B22CF125E99A0700972CD7 /* Energydrink.swift */; };
		82B6974025F2E0CF00A17AF7 /* Beverages.swift in Sources */ = {isa = PBXBuildFile; fileRef = 82B6973F25F2E0CF00A17AF7 /* Beverages.swift */; };
		82E6362725F2F9D200567670 /* Beverages.swift in Sources */ = {isa = PBXBuildFile; fileRef = 82B6973F25F2E0CF00A17AF7 /* Beverages.swift */; };
/* End PBXBuildFile section */

/* Begin PBXContainerItemProxy section */
		828EB06725EFD1BD00EC132C /* PBXContainerItemProxy */ = {
			isa = PBXContainerItemProxy;
			containerPortal = 82A851D725E63339001024D9 /* Project object */;
			proxyType = 1;
			remoteGlobalIDString = 82A851DE25E63339001024D9;
			remoteInfo = VendingMachineApp;
		};
/* End PBXContainerItemProxy section */

/* Begin PBXFileReference section */
		82605F9B25FF9EBE00C3E84A /* SaveManager.swift */ = {isa = PBXFileReference; lastKnownFileType = sourcecode.swift; path = SaveManager.swift; sourceTree = "<group>"; };
		8272F9AB25F040F3008167CE /* StrawBerryMilk.swift */ = {isa = PBXFileReference; lastKnownFileType = sourcecode.swift; path = StrawBerryMilk.swift; sourceTree = "<group>"; };
		8272F9AF25F04101008167CE /* BananaMilk.swift */ = {isa = PBXFileReference; lastKnownFileType = sourcecode.swift; path = BananaMilk.swift; sourceTree = "<group>"; };
		8272F9B325F04113008167CE /* Cider.swift */ = {isa = PBXFileReference; lastKnownFileType = sourcecode.swift; path = Cider.swift; sourceTree = "<group>"; };
		8272F9B725F04125008167CE /* Coke.swift */ = {isa = PBXFileReference; lastKnownFileType = sourcecode.swift; path = Coke.swift; sourceTree = "<group>"; };
		8272F9C525F0413E008167CE /* Monster.swift */ = {isa = PBXFileReference; lastKnownFileType = sourcecode.swift; path = Monster.swift; sourceTree = "<group>"; };
		8272F9C925F0414B008167CE /* Hot6.swift */ = {isa = PBXFileReference; lastKnownFileType = sourcecode.swift; path = Hot6.swift; sourceTree = "<group>"; };
		8272F9CD25F0418B008167CE /* CaffeMocha.swift */ = {isa = PBXFileReference; lastKnownFileType = sourcecode.swift; path = CaffeMocha.swift; sourceTree = "<group>"; };
		8272F9D325F04194008167CE /* CaffeLatte.swift */ = {isa = PBXFileReference; lastKnownFileType = sourcecode.swift; path = CaffeLatte.swift; sourceTree = "<group>"; };
		82820815260306D200615ED1 /* StockView.swift */ = {isa = PBXFileReference; lastKnownFileType = sourcecode.swift; path = StockView.swift; sourceTree = "<group>"; };
		828B37852603A9BE0043B93A /* MoneyView.swift */ = {isa = PBXFileReference; lastKnownFileType = sourcecode.swift; path = MoneyView.swift; sourceTree = "<group>"; };
		828B378B2603BC110043B93A /* BoughtView.swift */ = {isa = PBXFileReference; lastKnownFileType = sourcecode.swift; path = BoughtView.swift; sourceTree = "<group>"; };
		828EB06225EFD1BD00EC132C /* VendingMachineAppTests.xctest */ = {isa = PBXFileReference; explicitFileType = wrapper.cfbundle; includeInIndex = 0; path = VendingMachineAppTests.xctest; sourceTree = BUILT_PRODUCTS_DIR; };
		828EB06425EFD1BD00EC132C /* VendingMachineAppTests.swift */ = {isa = PBXFileReference; lastKnownFileType = sourcecode.swift; path = VendingMachineAppTests.swift; sourceTree = "<group>"; };
		828EB06625EFD1BD00EC132C /* Info.plist */ = {isa = PBXFileReference; lastKnownFileType = text.plist.xml; path = Info.plist; sourceTree = "<group>"; };
		829567FE25EF1A8000528A59 /* BeverageCreater.swift */ = {isa = PBXFileReference; lastKnownFileType = sourcecode.swift; path = BeverageCreater.swift; sourceTree = "<group>"; };
		8295680125EF806100528A59 /* Money.swift */ = {isa = PBXFileReference; lastKnownFileType = sourcecode.swift; path = Money.swift; sourceTree = "<group>"; };
		829C786F25E7C2CB007C4A68 /* Beverage.swift */ = {isa = PBXFileReference; lastKnownFileType = sourcecode.swift; path = Beverage.swift; sourceTree = "<group>"; };
		829C787E25E7C8B1007C4A68 /* VendingMachine.swift */ = {isa = PBXFileReference; lastKnownFileType = sourcecode.swift; path = VendingMachine.swift; sourceTree = "<group>"; };
		829C788125E7CCA1007C4A68 /* Date.swift */ = {isa = PBXFileReference; lastKnownFileType = sourcecode.swift; path = Date.swift; sourceTree = "<group>"; };
		82A851DF25E63339001024D9 /* VendingMachineApp.app */ = {isa = PBXFileReference; explicitFileType = wrapper.application; includeInIndex = 0; path = VendingMachineApp.app; sourceTree = BUILT_PRODUCTS_DIR; };
		82A851E225E63339001024D9 /* AppDelegate.swift */ = {isa = PBXFileReference; lastKnownFileType = sourcecode.swift; path = AppDelegate.swift; sourceTree = "<group>"; };
		82A851E425E63339001024D9 /* SceneDelegate.swift */ = {isa = PBXFileReference; lastKnownFileType = sourcecode.swift; path = SceneDelegate.swift; sourceTree = "<group>"; };
		82A851E625E63339001024D9 /* ViewController.swift */ = {isa = PBXFileReference; lastKnownFileType = sourcecode.swift; path = ViewController.swift; sourceTree = "<group>"; };
		82A851E925E63339001024D9 /* Base */ = {isa = PBXFileReference; lastKnownFileType = file.storyboard; name = Base; path = Base.lproj/Main.storyboard; sourceTree = "<group>"; };
		82A851EB25E6333A001024D9 /* Assets.xcassets */ = {isa = PBXFileReference; lastKnownFileType = folder.assetcatalog; path = Assets.xcassets; sourceTree = "<group>"; };
		82A851EE25E6333A001024D9 /* Base */ = {isa = PBXFileReference; lastKnownFileType = file.storyboard; name = Base; path = Base.lproj/LaunchScreen.storyboard; sourceTree = "<group>"; };
		82A851F025E6333A001024D9 /* Info.plist */ = {isa = PBXFileReference; lastKnownFileType = text.plist.xml; path = Info.plist; sourceTree = "<group>"; };
		82B22CE825E9995200972CD7 /* Milk.swift */ = {isa = PBXFileReference; lastKnownFileType = sourcecode.swift; path = Milk.swift; sourceTree = "<group>"; };
		82B22CEB25E9995B00972CD7 /* Soda.swift */ = {isa = PBXFileReference; lastKnownFileType = sourcecode.swift; path = Soda.swift; sourceTree = "<group>"; };
		82B22CEE25E9996500972CD7 /* Coffee.swift */ = {isa = PBXFileReference; lastKnownFileType = sourcecode.swift; path = Coffee.swift; sourceTree = "<group>"; };
		82B22CF125E99A0700972CD7 /* Energydrink.swift */ = {isa = PBXFileReference; lastKnownFileType = sourcecode.swift; path = Energydrink.swift; sourceTree = "<group>"; };
		82B6973F25F2E0CF00A17AF7 /* Beverages.swift */ = {isa = PBXFileReference; lastKnownFileType = sourcecode.swift; path = Beverages.swift; sourceTree = "<group>"; };
		82F1617E25EE286D00E1C9F6 /* BeverageFactory.swift */ = {isa = PBXFileReference; lastKnownFileType = sourcecode.swift; path = BeverageFactory.swift; sourceTree = "<group>"; };
/* End PBXFileReference section */

/* Begin PBXFrameworksBuildPhase section */
		828EB05F25EFD1BD00EC132C /* Frameworks */ = {
			isa = PBXFrameworksBuildPhase;
			buildActionMask = 2147483647;
			files = (
			);
			runOnlyForDeploymentPostprocessing = 0;
		};
		82A851DC25E63339001024D9 /* Frameworks */ = {
			isa = PBXFrameworksBuildPhase;
			buildActionMask = 2147483647;
			files = (
			);
			runOnlyForDeploymentPostprocessing = 0;
		};
/* End PBXFrameworksBuildPhase section */

/* Begin PBXGroup section */
		828EB06325EFD1BD00EC132C /* VendingMachineAppTests */ = {
			isa = PBXGroup;
			children = (
				828EB06425EFD1BD00EC132C /* VendingMachineAppTests.swift */,
				828EB06625EFD1BD00EC132C /* Info.plist */,
			);
			path = VendingMachineAppTests;
			sourceTree = "<group>";
		};
		82A851D625E63339001024D9 = {
			isa = PBXGroup;
			children = (
				82A851E125E63339001024D9 /* VendingMachineApp */,
				828EB06325EFD1BD00EC132C /* VendingMachineAppTests */,
				82A851E025E63339001024D9 /* Products */,
			);
			sourceTree = "<group>";
		};
		82A851E025E63339001024D9 /* Products */ = {
			isa = PBXGroup;
			children = (
				82A851DF25E63339001024D9 /* VendingMachineApp.app */,
				828EB06225EFD1BD00EC132C /* VendingMachineAppTests.xctest */,
			);
			name = Products;
			sourceTree = "<group>";
		};
		82A851E125E63339001024D9 /* VendingMachineApp */ = {
			isa = PBXGroup;
			children = (
				82A851E225E63339001024D9 /* AppDelegate.swift */,
				82A851E425E63339001024D9 /* SceneDelegate.swift */,
				82A851E625E63339001024D9 /* ViewController.swift */,
				82A851E825E63339001024D9 /* Main.storyboard */,
				82A851EB25E6333A001024D9 /* Assets.xcassets */,
				82A851ED25E6333A001024D9 /* LaunchScreen.storyboard */,
				82A851F025E6333A001024D9 /* Info.plist */,
				829C786F25E7C2CB007C4A68 /* Beverage.swift */,
				82B6973F25F2E0CF00A17AF7 /* Beverages.swift */,
				829C787E25E7C8B1007C4A68 /* VendingMachine.swift */,
				829C788125E7CCA1007C4A68 /* Date.swift */,
				82B22CE825E9995200972CD7 /* Milk.swift */,
				8272F9AF25F04101008167CE /* BananaMilk.swift */,
				8272F9AB25F040F3008167CE /* StrawBerryMilk.swift */,
				82B22CEB25E9995B00972CD7 /* Soda.swift */,
				8272F9B325F04113008167CE /* Cider.swift */,
				8272F9B725F04125008167CE /* Coke.swift */,
				82B22CF125E99A0700972CD7 /* Energydrink.swift */,
				8272F9C925F0414B008167CE /* Hot6.swift */,
				8272F9C525F0413E008167CE /* Monster.swift */,
				82B22CEE25E9996500972CD7 /* Coffee.swift */,
				8272F9CD25F0418B008167CE /* CaffeMocha.swift */,
				8272F9D325F04194008167CE /* CaffeLatte.swift */,
				8295680125EF806100528A59 /* Money.swift */,
				82F1617E25EE286D00E1C9F6 /* BeverageFactory.swift */,
				829567FE25EF1A8000528A59 /* BeverageCreater.swift */,
				82605F9B25FF9EBE00C3E84A /* SaveManager.swift */,
				82820815260306D200615ED1 /* StockView.swift */,
				828B37852603A9BE0043B93A /* MoneyView.swift */,
				828B378B2603BC110043B93A /* BoughtView.swift */,
			);
			path = VendingMachineApp;
			sourceTree = "<group>";
		};
/* End PBXGroup section */

/* Begin PBXNativeTarget section */
		828EB06125EFD1BD00EC132C /* VendingMachineAppTests */ = {
			isa = PBXNativeTarget;
			buildConfigurationList = 828EB06925EFD1BD00EC132C /* Build configuration list for PBXNativeTarget "VendingMachineAppTests" */;
			buildPhases = (
				828EB05E25EFD1BD00EC132C /* Sources */,
				828EB05F25EFD1BD00EC132C /* Frameworks */,
				828EB06025EFD1BD00EC132C /* Resources */,
			);
			buildRules = (
			);
			dependencies = (
				828EB06825EFD1BD00EC132C /* PBXTargetDependency */,
			);
			name = VendingMachineAppTests;
			productName = VendingMachineAppTests;
			productReference = 828EB06225EFD1BD00EC132C /* VendingMachineAppTests.xctest */;
			productType = "com.apple.product-type.bundle.unit-test";
		};
		82A851DE25E63339001024D9 /* VendingMachineApp */ = {
			isa = PBXNativeTarget;
			buildConfigurationList = 82A851F325E6333A001024D9 /* Build configuration list for PBXNativeTarget "VendingMachineApp" */;
			buildPhases = (
				82A851DB25E63339001024D9 /* Sources */,
				82A851DC25E63339001024D9 /* Frameworks */,
				82A851DD25E63339001024D9 /* Resources */,
			);
			buildRules = (
			);
			dependencies = (
			);
			name = VendingMachineApp;
			productName = VendingMachineApp;
			productReference = 82A851DF25E63339001024D9 /* VendingMachineApp.app */;
			productType = "com.apple.product-type.application";
		};
/* End PBXNativeTarget section */

/* Begin PBXProject section */
		82A851D725E63339001024D9 /* Project object */ = {
			isa = PBXProject;
			attributes = {
				LastSwiftUpdateCheck = 1240;
				LastUpgradeCheck = 1240;
				TargetAttributes = {
					828EB06125EFD1BD00EC132C = {
						CreatedOnToolsVersion = 12.4;
						TestTargetID = 82A851DE25E63339001024D9;
					};
					82A851DE25E63339001024D9 = {
						CreatedOnToolsVersion = 12.4;
					};
				};
			};
			buildConfigurationList = 82A851DA25E63339001024D9 /* Build configuration list for PBXProject "VendingMachineApp" */;
			compatibilityVersion = "Xcode 9.3";
			developmentRegion = en;
			hasScannedForEncodings = 0;
			knownRegions = (
				en,
				Base,
			);
			mainGroup = 82A851D625E63339001024D9;
			productRefGroup = 82A851E025E63339001024D9 /* Products */;
			projectDirPath = "";
			projectRoot = "";
			targets = (
				82A851DE25E63339001024D9 /* VendingMachineApp */,
				828EB06125EFD1BD00EC132C /* VendingMachineAppTests */,
			);
		};
/* End PBXProject section */

/* Begin PBXResourcesBuildPhase section */
		828EB06025EFD1BD00EC132C /* Resources */ = {
			isa = PBXResourcesBuildPhase;
			buildActionMask = 2147483647;
			files = (
			);
			runOnlyForDeploymentPostprocessing = 0;
		};
		82A851DD25E63339001024D9 /* Resources */ = {
			isa = PBXResourcesBuildPhase;
			buildActionMask = 2147483647;
			files = (
				82A851EF25E6333A001024D9 /* LaunchScreen.storyboard in Resources */,
				82A851EC25E6333A001024D9 /* Assets.xcassets in Resources */,
				82A851EA25E63339001024D9 /* Main.storyboard in Resources */,
			);
			runOnlyForDeploymentPostprocessing = 0;
		};
/* End PBXResourcesBuildPhase section */

/* Begin PBXSourcesBuildPhase section */
		828EB05E25EFD1BD00EC132C /* Sources */ = {
			isa = PBXSourcesBuildPhase;
			buildActionMask = 2147483647;
			files = (
				8272F9BC25F0412C008167CE /* Coke.swift in Sources */,
				828EB07B25EFD24E00EC132C /* Soda.swift in Sources */,
				8272F9BB25F0412C008167CE /* Cider.swift in Sources */,
				8272F9C125F0412F008167CE /* StrawBerryMilk.swift in Sources */,
				826E983225F8C0E100807D58 /* ViewController.swift in Sources */,
				828EB08225EFD25200EC132C /* Money.swift in Sources */,
				828EB07625EFD24600EC132C /* Beverage.swift in Sources */,
				82E6362725F2F9D200567670 /* Beverages.swift in Sources */,
				827542D525F07DBA0036DDAA /* CaffeLatte.swift in Sources */,
				828EB07C25EFD24E00EC132C /* Energydrink.swift in Sources */,
				828EB06525EFD1BD00EC132C /* VendingMachineAppTests.swift in Sources */,
				827542D425F07DBA0036DDAA /* CaffeMocha.swift in Sources */,
				827542D825F07DC10036DDAA /* Monster.swift in Sources */,
				828EB07325EFD24100EC132C /* VendingMachine.swift in Sources */,
				828EB07925EFD24E00EC132C /* Date.swift in Sources */,
				828EB08125EFD25200EC132C /* BeverageCreater.swift in Sources */,
				8272F9C225F0412F008167CE /* BananaMilk.swift in Sources */,
				828EB07A25EFD24E00EC132C /* Milk.swift in Sources */,
				827542DB25F07DC40036DDAA /* Hot6.swift in Sources */,
				828EB09425EFD52B00EC132C /* BeverageFactory.swift in Sources */,
				828EB07D25EFD24E00EC132C /* Coffee.swift in Sources */,
				82605F9625FE739200C3E84A /* AppDelegate.swift in Sources */,
			);
			runOnlyForDeploymentPostprocessing = 0;
		};
		82A851DB25E63339001024D9 /* Sources */ = {
			isa = PBXSourcesBuildPhase;
			buildActionMask = 2147483647;
			files = (
				828EB08F25EFD52A00EC132C /* BeverageFactory.swift in Sources */,
				82B22CF225E99A0700972CD7 /* Energydrink.swift in Sources */,
				82820816260306D200615ED1 /* StockView.swift in Sources */,
				82605F9C25FF9EBE00C3E84A /* SaveManager.swift in Sources */,
				829C787F25E7C8B1007C4A68 /* VendingMachine.swift in Sources */,
				8272F9D425F04194008167CE /* CaffeLatte.swift in Sources */,
				82B6974025F2E0CF00A17AF7 /* Beverages.swift in Sources */,
				8272F9AC25F040F3008167CE /* StrawBerryMilk.swift in Sources */,
				829C788225E7CCA1007C4A68 /* Date.swift in Sources */,
				8295680225EF806100528A59 /* Money.swift in Sources */,
				82A851E725E63339001024D9 /* ViewController.swift in Sources */,
				82B22CE925E9995200972CD7 /* Milk.swift in Sources */,
				82B22CEC25E9995B00972CD7 /* Soda.swift in Sources */,
				82B22CEF25E9996500972CD7 /* Coffee.swift in Sources */,
				8272F9C625F0413E008167CE /* Monster.swift in Sources */,
				82A851E325E63339001024D9 /* AppDelegate.swift in Sources */,
				8272F9B025F04101008167CE /* BananaMilk.swift in Sources */,
				8272F9B825F04125008167CE /* Coke.swift in Sources */,
				829C787025E7C2CB007C4A68 /* Beverage.swift in Sources */,
				828B378C2603BC110043B93A /* BoughtView.swift in Sources */,
				8272F9B425F04113008167CE /* Cider.swift in Sources */,
				8272F9CE25F0418B008167CE /* CaffeMocha.swift in Sources */,
				8272F9CA25F0414B008167CE /* Hot6.swift in Sources */,
				82A851E525E63339001024D9 /* SceneDelegate.swift in Sources */,
				829567FF25EF1A8000528A59 /* BeverageCreater.swift in Sources */,
				828B37862603A9BE0043B93A /* MoneyView.swift in Sources */,
			);
			runOnlyForDeploymentPostprocessing = 0;
		};
/* End PBXSourcesBuildPhase section */

/* Begin PBXTargetDependency section */
		828EB06825EFD1BD00EC132C /* PBXTargetDependency */ = {
			isa = PBXTargetDependency;
			target = 82A851DE25E63339001024D9 /* VendingMachineApp */;
			targetProxy = 828EB06725EFD1BD00EC132C /* PBXContainerItemProxy */;
		};
/* End PBXTargetDependency section */

/* Begin PBXVariantGroup section */
		82A851E825E63339001024D9 /* Main.storyboard */ = {
			isa = PBXVariantGroup;
			children = (
				82A851E925E63339001024D9 /* Base */,
			);
			name = Main.storyboard;
			sourceTree = "<group>";
		};
		82A851ED25E6333A001024D9 /* LaunchScreen.storyboard */ = {
			isa = PBXVariantGroup;
			children = (
				82A851EE25E6333A001024D9 /* Base */,
			);
			name = LaunchScreen.storyboard;
			sourceTree = "<group>";
		};
/* End PBXVariantGroup section */

/* Begin XCBuildConfiguration section */
		828EB06A25EFD1BD00EC132C /* Debug */ = {
			isa = XCBuildConfiguration;
			buildSettings = {
				BUNDLE_LOADER = "$(TEST_HOST)";
				CODE_SIGN_STYLE = Automatic;
				DEVELOPMENT_TEAM = TA9B4FGCP9;
				INFOPLIST_FILE = VendingMachineAppTests/Info.plist;
				LD_RUNPATH_SEARCH_PATHS = (
					"$(inherited)",
					"@executable_path/Frameworks",
					"@loader_path/Frameworks",
				);
				PRODUCT_BUNDLE_IDENTIFIER = jhPark.VendingMachineAppTests;
				PRODUCT_NAME = "$(TARGET_NAME)";
				SWIFT_VERSION = 5.0;
				TARGETED_DEVICE_FAMILY = "1,2";
				TEST_HOST = "$(BUILT_PRODUCTS_DIR)/VendingMachineApp.app/VendingMachineApp";
			};
			name = Debug;
		};
		828EB06B25EFD1BD00EC132C /* Release */ = {
			isa = XCBuildConfiguration;
			buildSettings = {
				BUNDLE_LOADER = "$(TEST_HOST)";
				CODE_SIGN_STYLE = Automatic;
				DEVELOPMENT_TEAM = TA9B4FGCP9;
				INFOPLIST_FILE = VendingMachineAppTests/Info.plist;
				LD_RUNPATH_SEARCH_PATHS = (
					"$(inherited)",
					"@executable_path/Frameworks",
					"@loader_path/Frameworks",
				);
				PRODUCT_BUNDLE_IDENTIFIER = jhPark.VendingMachineAppTests;
				PRODUCT_NAME = "$(TARGET_NAME)";
				SWIFT_VERSION = 5.0;
				TARGETED_DEVICE_FAMILY = "1,2";
				TEST_HOST = "$(BUILT_PRODUCTS_DIR)/VendingMachineApp.app/VendingMachineApp";
			};
			name = Release;
		};
		82A851F125E6333A001024D9 /* Debug */ = {
			isa = XCBuildConfiguration;
			buildSettings = {
				ALWAYS_SEARCH_USER_PATHS = NO;
				CLANG_ANALYZER_NONNULL = YES;
				CLANG_ANALYZER_NUMBER_OBJECT_CONVERSION = YES_AGGRESSIVE;
				CLANG_CXX_LANGUAGE_STANDARD = "gnu++14";
				CLANG_CXX_LIBRARY = "libc++";
				CLANG_ENABLE_MODULES = YES;
				CLANG_ENABLE_OBJC_ARC = YES;
				CLANG_ENABLE_OBJC_WEAK = YES;
				CLANG_WARN_BLOCK_CAPTURE_AUTORELEASING = YES;
				CLANG_WARN_BOOL_CONVERSION = YES;
				CLANG_WARN_COMMA = YES;
				CLANG_WARN_CONSTANT_CONVERSION = YES;
				CLANG_WARN_DEPRECATED_OBJC_IMPLEMENTATIONS = YES;
				CLANG_WARN_DIRECT_OBJC_ISA_USAGE = YES_ERROR;
				CLANG_WARN_DOCUMENTATION_COMMENTS = YES;
				CLANG_WARN_EMPTY_BODY = YES;
				CLANG_WARN_ENUM_CONVERSION = YES;
				CLANG_WARN_INFINITE_RECURSION = YES;
				CLANG_WARN_INT_CONVERSION = YES;
				CLANG_WARN_NON_LITERAL_NULL_CONVERSION = YES;
				CLANG_WARN_OBJC_IMPLICIT_RETAIN_SELF = YES;
				CLANG_WARN_OBJC_LITERAL_CONVERSION = YES;
				CLANG_WARN_OBJC_ROOT_CLASS = YES_ERROR;
				CLANG_WARN_QUOTED_INCLUDE_IN_FRAMEWORK_HEADER = YES;
				CLANG_WARN_RANGE_LOOP_ANALYSIS = YES;
				CLANG_WARN_STRICT_PROTOTYPES = YES;
				CLANG_WARN_SUSPICIOUS_MOVE = YES;
				CLANG_WARN_UNGUARDED_AVAILABILITY = YES_AGGRESSIVE;
				CLANG_WARN_UNREACHABLE_CODE = YES;
				CLANG_WARN__DUPLICATE_METHOD_MATCH = YES;
				COPY_PHASE_STRIP = NO;
				DEBUG_INFORMATION_FORMAT = dwarf;
				ENABLE_STRICT_OBJC_MSGSEND = YES;
				ENABLE_TESTABILITY = YES;
				GCC_C_LANGUAGE_STANDARD = gnu11;
				GCC_DYNAMIC_NO_PIC = NO;
				GCC_NO_COMMON_BLOCKS = YES;
				GCC_OPTIMIZATION_LEVEL = 0;
				GCC_PREPROCESSOR_DEFINITIONS = (
					"DEBUG=1",
					"$(inherited)",
				);
				GCC_WARN_64_TO_32_BIT_CONVERSION = YES;
				GCC_WARN_ABOUT_RETURN_TYPE = YES_ERROR;
				GCC_WARN_UNDECLARED_SELECTOR = YES;
				GCC_WARN_UNINITIALIZED_AUTOS = YES_AGGRESSIVE;
				GCC_WARN_UNUSED_FUNCTION = YES;
				GCC_WARN_UNUSED_VARIABLE = YES;
				IPHONEOS_DEPLOYMENT_TARGET = 14.4;
				MTL_ENABLE_DEBUG_INFO = INCLUDE_SOURCE;
				MTL_FAST_MATH = YES;
				ONLY_ACTIVE_ARCH = YES;
				SDKROOT = iphoneos;
				SWIFT_ACTIVE_COMPILATION_CONDITIONS = DEBUG;
				SWIFT_OPTIMIZATION_LEVEL = "-Onone";
			};
			name = Debug;
		};
		82A851F225E6333A001024D9 /* Release */ = {
			isa = XCBuildConfiguration;
			buildSettings = {
				ALWAYS_SEARCH_USER_PATHS = NO;
				CLANG_ANALYZER_NONNULL = YES;
				CLANG_ANALYZER_NUMBER_OBJECT_CONVERSION = YES_AGGRESSIVE;
				CLANG_CXX_LANGUAGE_STANDARD = "gnu++14";
				CLANG_CXX_LIBRARY = "libc++";
				CLANG_ENABLE_MODULES = YES;
				CLANG_ENABLE_OBJC_ARC = YES;
				CLANG_ENABLE_OBJC_WEAK = YES;
				CLANG_WARN_BLOCK_CAPTURE_AUTORELEASING = YES;
				CLANG_WARN_BOOL_CONVERSION = YES;
				CLANG_WARN_COMMA = YES;
				CLANG_WARN_CONSTANT_CONVERSION = YES;
				CLANG_WARN_DEPRECATED_OBJC_IMPLEMENTATIONS = YES;
				CLANG_WARN_DIRECT_OBJC_ISA_USAGE = YES_ERROR;
				CLANG_WARN_DOCUMENTATION_COMMENTS = YES;
				CLANG_WARN_EMPTY_BODY = YES;
				CLANG_WARN_ENUM_CONVERSION = YES;
				CLANG_WARN_INFINITE_RECURSION = YES;
				CLANG_WARN_INT_CONVERSION = YES;
				CLANG_WARN_NON_LITERAL_NULL_CONVERSION = YES;
				CLANG_WARN_OBJC_IMPLICIT_RETAIN_SELF = YES;
				CLANG_WARN_OBJC_LITERAL_CONVERSION = YES;
				CLANG_WARN_OBJC_ROOT_CLASS = YES_ERROR;
				CLANG_WARN_QUOTED_INCLUDE_IN_FRAMEWORK_HEADER = YES;
				CLANG_WARN_RANGE_LOOP_ANALYSIS = YES;
				CLANG_WARN_STRICT_PROTOTYPES = YES;
				CLANG_WARN_SUSPICIOUS_MOVE = YES;
				CLANG_WARN_UNGUARDED_AVAILABILITY = YES_AGGRESSIVE;
				CLANG_WARN_UNREACHABLE_CODE = YES;
				CLANG_WARN__DUPLICATE_METHOD_MATCH = YES;
				COPY_PHASE_STRIP = NO;
				DEBUG_INFORMATION_FORMAT = "dwarf-with-dsym";
				ENABLE_NS_ASSERTIONS = NO;
				ENABLE_STRICT_OBJC_MSGSEND = YES;
				GCC_C_LANGUAGE_STANDARD = gnu11;
				GCC_NO_COMMON_BLOCKS = YES;
				GCC_WARN_64_TO_32_BIT_CONVERSION = YES;
				GCC_WARN_ABOUT_RETURN_TYPE = YES_ERROR;
				GCC_WARN_UNDECLARED_SELECTOR = YES;
				GCC_WARN_UNINITIALIZED_AUTOS = YES_AGGRESSIVE;
				GCC_WARN_UNUSED_FUNCTION = YES;
				GCC_WARN_UNUSED_VARIABLE = YES;
				IPHONEOS_DEPLOYMENT_TARGET = 14.4;
				MTL_ENABLE_DEBUG_INFO = NO;
				MTL_FAST_MATH = YES;
				SDKROOT = iphoneos;
				SWIFT_COMPILATION_MODE = wholemodule;
				SWIFT_OPTIMIZATION_LEVEL = "-O";
				VALIDATE_PRODUCT = YES;
			};
			name = Release;
		};
		82A851F425E6333A001024D9 /* Debug */ = {
			isa = XCBuildConfiguration;
			buildSettings = {
				ASSETCATALOG_COMPILER_APPICON_NAME = AppIcon;
				ASSETCATALOG_COMPILER_GLOBAL_ACCENT_COLOR_NAME = AccentColor;
				CODE_SIGN_STYLE = Automatic;
				DEVELOPMENT_TEAM = TA9B4FGCP9;
				INFOPLIST_FILE = VendingMachineApp/Info.plist;
				LD_RUNPATH_SEARCH_PATHS = (
					"$(inherited)",
					"@executable_path/Frameworks",
				);
				PRODUCT_BUNDLE_IDENTIFIER = jhPark.VendingMachineApp;
				PRODUCT_NAME = "$(TARGET_NAME)";
				SWIFT_VERSION = 5.0;
				TARGETED_DEVICE_FAMILY = 2;
			};
			name = Debug;
		};
		82A851F525E6333A001024D9 /* Release */ = {
			isa = XCBuildConfiguration;
			buildSettings = {
				ASSETCATALOG_COMPILER_APPICON_NAME = AppIcon;
				ASSETCATALOG_COMPILER_GLOBAL_ACCENT_COLOR_NAME = AccentColor;
				CODE_SIGN_STYLE = Automatic;
				DEVELOPMENT_TEAM = TA9B4FGCP9;
				INFOPLIST_FILE = VendingMachineApp/Info.plist;
				LD_RUNPATH_SEARCH_PATHS = (
					"$(inherited)",
					"@executable_path/Frameworks",
				);
				PRODUCT_BUNDLE_IDENTIFIER = jhPark.VendingMachineApp;
				PRODUCT_NAME = "$(TARGET_NAME)";
				SWIFT_VERSION = 5.0;
				TARGETED_DEVICE_FAMILY = 2;
			};
			name = Release;
		};
/* End XCBuildConfiguration section */

/* Begin XCConfigurationList section */
		828EB06925EFD1BD00EC132C /* Build configuration list for PBXNativeTarget "VendingMachineAppTests" */ = {
			isa = XCConfigurationList;
			buildConfigurations = (
				828EB06A25EFD1BD00EC132C /* Debug */,
				828EB06B25EFD1BD00EC132C /* Release */,
			);
			defaultConfigurationIsVisible = 0;
			defaultConfigurationName = Release;
		};
		82A851DA25E63339001024D9 /* Build configuration list for PBXProject "VendingMachineApp" */ = {
			isa = XCConfigurationList;
			buildConfigurations = (
				82A851F125E6333A001024D9 /* Debug */,
				82A851F225E6333A001024D9 /* Release */,
			);
			defaultConfigurationIsVisible = 0;
			defaultConfigurationName = Release;
		};
		82A851F325E6333A001024D9 /* Build configuration list for PBXNativeTarget "VendingMachineApp" */ = {
			isa = XCConfigurationList;
			buildConfigurations = (
				82A851F425E6333A001024D9 /* Debug */,
				82A851F525E6333A001024D9 /* Release */,
			);
			defaultConfigurationIsVisible = 0;
			defaultConfigurationName = Release;
		};
/* End XCConfigurationList section */
	};
	rootObject = 82A851D725E63339001024D9 /* Project object */;
}
