// !$*UTF8*$!
{
	archiveVersion = 1;
	classes = {
	};
	objectVersion = 50;
	objects = {

/* Begin PBXBuildFile section */
		D46F1A3C25E62A3200BFBD9C /* AppDelegate.swift in Sources */ = {isa = PBXBuildFile; fileRef = D46F1A3B25E62A3200BFBD9C /* AppDelegate.swift */; };
		D46F1A3E25E62A3200BFBD9C /* SceneDelegate.swift in Sources */ = {isa = PBXBuildFile; fileRef = D46F1A3D25E62A3200BFBD9C /* SceneDelegate.swift */; };
		D46F1A4025E62A3200BFBD9C /* ViewController.swift in Sources */ = {isa = PBXBuildFile; fileRef = D46F1A3F25E62A3200BFBD9C /* ViewController.swift */; };
		D46F1A4325E62A3200BFBD9C /* Main.storyboard in Resources */ = {isa = PBXBuildFile; fileRef = D46F1A4125E62A3200BFBD9C /* Main.storyboard */; };
		D46F1A4525E62A3300BFBD9C /* Assets.xcassets in Resources */ = {isa = PBXBuildFile; fileRef = D46F1A4425E62A3300BFBD9C /* Assets.xcassets */; };
		D46F1A4825E62A3300BFBD9C /* LaunchScreen.storyboard in Resources */ = {isa = PBXBuildFile; fileRef = D46F1A4625E62A3300BFBD9C /* LaunchScreen.storyboard */; };
		D46F1A5325E6323700BFBD9C /* Beverage.swift in Sources */ = {isa = PBXBuildFile; fileRef = D46F1A5225E6323700BFBD9C /* Beverage.swift */; };
		D46F1A5C25E6675E00BFBD9C /* Milk.swift in Sources */ = {isa = PBXBuildFile; fileRef = D46F1A5B25E6675E00BFBD9C /* Milk.swift */; };
		D46F1A5F25E671EF00BFBD9C /* Soda.swift in Sources */ = {isa = PBXBuildFile; fileRef = D46F1A5E25E671EF00BFBD9C /* Soda.swift */; };
		D46F1A6225E6730200BFBD9C /* Coffee.swift in Sources */ = {isa = PBXBuildFile; fileRef = D46F1A6125E6730200BFBD9C /* Coffee.swift */; };
		D46F1A6525E6782F00BFBD9C /* VendingMachine.swift in Sources */ = {isa = PBXBuildFile; fileRef = D46F1A6425E6782F00BFBD9C /* VendingMachine.swift */; };
		D46F1A6C25E6813900BFBD9C /* Date.swift in Sources */ = {isa = PBXBuildFile; fileRef = D46F1A6B25E6813900BFBD9C /* Date.swift */; };
		D46F1A6F25E6A52B00BFBD9C /* Inventory.swift in Sources */ = {isa = PBXBuildFile; fileRef = D46F1A6E25E6A52B00BFBD9C /* Inventory.swift */; };
		D46F1A7925E8BC0000BFBD9C /* StrawberryMilk.swift in Sources */ = {isa = PBXBuildFile; fileRef = D46F1A7825E8BBFF00BFBD9C /* StrawberryMilk.swift */; };
		D46F1A7C25E8BC1800BFBD9C /* BananaMilk.swift in Sources */ = {isa = PBXBuildFile; fileRef = D46F1A7B25E8BC1800BFBD9C /* BananaMilk.swift */; };
		D46F1A7F25E8BC2400BFBD9C /* ChocoMilk.swift in Sources */ = {isa = PBXBuildFile; fileRef = D46F1A7E25E8BC2400BFBD9C /* ChocoMilk.swift */; };
		D46F1A8225E8BE8A00BFBD9C /* Top.swift in Sources */ = {isa = PBXBuildFile; fileRef = D46F1A8125E8BE8A00BFBD9C /* Top.swift */; };
		D46F1A8525E8BE9200BFBD9C /* Cantata.swift in Sources */ = {isa = PBXBuildFile; fileRef = D46F1A8425E8BE9200BFBD9C /* Cantata.swift */; };
		D46F1A8825E8BE9C00BFBD9C /* Georgia.swift in Sources */ = {isa = PBXBuildFile; fileRef = D46F1A8725E8BE9C00BFBD9C /* Georgia.swift */; };
		D46F1A8B25E8C1D000BFBD9C /* Fanta.swift in Sources */ = {isa = PBXBuildFile; fileRef = D46F1A8A25E8C1D000BFBD9C /* Fanta.swift */; };
		D46F1A8E25E8C1D900BFBD9C /* Sprite.swift in Sources */ = {isa = PBXBuildFile; fileRef = D46F1A8D25E8C1D900BFBD9C /* Sprite.swift */; };
		D46F1A9125E8C1E000BFBD9C /* Coke.swift in Sources */ = {isa = PBXBuildFile; fileRef = D46F1A9025E8C1E000BFBD9C /* Coke.swift */; };
		D46F1AF925EA146800BFBD9C /* VendingMachineappTests.swift in Sources */ = {isa = PBXBuildFile; fileRef = D46F1AF825EA146800BFBD9C /* VendingMachineappTests.swift */; };
		D46F1B0325EA147600BFBD9C /* BeverageTests.swift in Sources */ = {isa = PBXBuildFile; fileRef = D46F1B0225EA147600BFBD9C /* BeverageTests.swift */; };
		D46F1B0D25EE0A3900BFBD9C /* VendingMachineManager.swift in Sources */ = {isa = PBXBuildFile; fileRef = D46F1B0C25EE0A3900BFBD9C /* VendingMachineManager.swift */; };
		D46F1B1125EE16BE00BFBD9C /* Money.swift in Sources */ = {isa = PBXBuildFile; fileRef = D46F1B1025EE16BE00BFBD9C /* Money.swift */; };
		D46F1B1525EE220E00BFBD9C /* BeverageFactory.swift in Sources */ = {isa = PBXBuildFile; fileRef = D46F1B1425EE220E00BFBD9C /* BeverageFactory.swift */; };
		D46F1B1925EE223A00BFBD9C /* MilkFactory.swift in Sources */ = {isa = PBXBuildFile; fileRef = D46F1B1825EE223A00BFBD9C /* MilkFactory.swift */; };
		D46F1B1D25EE2A3900BFBD9C /* CoffeeFactory.swift in Sources */ = {isa = PBXBuildFile; fileRef = D46F1B1C25EE2A3900BFBD9C /* CoffeeFactory.swift */; };
		D46F1B2325EE31CA00BFBD9C /* SodaFactory.swift in Sources */ = {isa = PBXBuildFile; fileRef = D46F1B2225EE31CA00BFBD9C /* SodaFactory.swift */; };
/* End PBXBuildFile section */

/* Begin PBXContainerItemProxy section */
		D46F1AFB25EA146800BFBD9C /* PBXContainerItemProxy */ = {
			isa = PBXContainerItemProxy;
			containerPortal = D46F1A3025E62A3200BFBD9C /* Project object */;
			proxyType = 1;
			remoteGlobalIDString = D46F1A3725E62A3200BFBD9C;
			remoteInfo = VendingMachineapp;
		};
/* End PBXContainerItemProxy section */

/* Begin PBXFileReference section */
		D46F1A3825E62A3200BFBD9C /* VendingMachineapp.app */ = {isa = PBXFileReference; explicitFileType = wrapper.application; includeInIndex = 0; path = VendingMachineapp.app; sourceTree = BUILT_PRODUCTS_DIR; };
		D46F1A3B25E62A3200BFBD9C /* AppDelegate.swift */ = {isa = PBXFileReference; lastKnownFileType = sourcecode.swift; path = AppDelegate.swift; sourceTree = "<group>"; };
		D46F1A3D25E62A3200BFBD9C /* SceneDelegate.swift */ = {isa = PBXFileReference; lastKnownFileType = sourcecode.swift; path = SceneDelegate.swift; sourceTree = "<group>"; };
		D46F1A3F25E62A3200BFBD9C /* ViewController.swift */ = {isa = PBXFileReference; lastKnownFileType = sourcecode.swift; path = ViewController.swift; sourceTree = "<group>"; };
		D46F1A4225E62A3200BFBD9C /* Base */ = {isa = PBXFileReference; lastKnownFileType = file.storyboard; name = Base; path = Base.lproj/Main.storyboard; sourceTree = "<group>"; };
		D46F1A4425E62A3300BFBD9C /* Assets.xcassets */ = {isa = PBXFileReference; lastKnownFileType = folder.assetcatalog; path = Assets.xcassets; sourceTree = "<group>"; };
		D46F1A4725E62A3300BFBD9C /* Base */ = {isa = PBXFileReference; lastKnownFileType = file.storyboard; name = Base; path = Base.lproj/LaunchScreen.storyboard; sourceTree = "<group>"; };
		D46F1A4925E62A3300BFBD9C /* Info.plist */ = {isa = PBXFileReference; lastKnownFileType = text.plist.xml; path = Info.plist; sourceTree = "<group>"; };
		D46F1A5225E6323700BFBD9C /* Beverage.swift */ = {isa = PBXFileReference; lastKnownFileType = sourcecode.swift; path = Beverage.swift; sourceTree = "<group>"; };
		D46F1A5B25E6675E00BFBD9C /* Milk.swift */ = {isa = PBXFileReference; lastKnownFileType = sourcecode.swift; path = Milk.swift; sourceTree = "<group>"; };
		D46F1A5E25E671EF00BFBD9C /* Soda.swift */ = {isa = PBXFileReference; lastKnownFileType = sourcecode.swift; path = Soda.swift; sourceTree = "<group>"; };
		D46F1A6125E6730200BFBD9C /* Coffee.swift */ = {isa = PBXFileReference; lastKnownFileType = sourcecode.swift; path = Coffee.swift; sourceTree = "<group>"; };
		D46F1A6425E6782F00BFBD9C /* VendingMachine.swift */ = {isa = PBXFileReference; lastKnownFileType = sourcecode.swift; path = VendingMachine.swift; sourceTree = "<group>"; };
		D46F1A6B25E6813900BFBD9C /* Date.swift */ = {isa = PBXFileReference; lastKnownFileType = sourcecode.swift; path = Date.swift; sourceTree = "<group>"; };
		D46F1A6E25E6A52B00BFBD9C /* Inventory.swift */ = {isa = PBXFileReference; lastKnownFileType = sourcecode.swift; path = Inventory.swift; sourceTree = "<group>"; };
		D46F1A7825E8BBFF00BFBD9C /* StrawberryMilk.swift */ = {isa = PBXFileReference; lastKnownFileType = sourcecode.swift; path = StrawberryMilk.swift; sourceTree = "<group>"; };
		D46F1A7B25E8BC1800BFBD9C /* BananaMilk.swift */ = {isa = PBXFileReference; lastKnownFileType = sourcecode.swift; path = BananaMilk.swift; sourceTree = "<group>"; };
		D46F1A7E25E8BC2400BFBD9C /* ChocoMilk.swift */ = {isa = PBXFileReference; lastKnownFileType = sourcecode.swift; path = ChocoMilk.swift; sourceTree = "<group>"; };
		D46F1A8125E8BE8A00BFBD9C /* Top.swift */ = {isa = PBXFileReference; lastKnownFileType = sourcecode.swift; path = Top.swift; sourceTree = "<group>"; };
		D46F1A8425E8BE9200BFBD9C /* Cantata.swift */ = {isa = PBXFileReference; lastKnownFileType = sourcecode.swift; path = Cantata.swift; sourceTree = "<group>"; };
		D46F1A8725E8BE9C00BFBD9C /* Georgia.swift */ = {isa = PBXFileReference; lastKnownFileType = sourcecode.swift; path = Georgia.swift; sourceTree = "<group>"; };
		D46F1A8A25E8C1D000BFBD9C /* Fanta.swift */ = {isa = PBXFileReference; lastKnownFileType = sourcecode.swift; path = Fanta.swift; sourceTree = "<group>"; };
		D46F1A8D25E8C1D900BFBD9C /* Sprite.swift */ = {isa = PBXFileReference; lastKnownFileType = sourcecode.swift; path = Sprite.swift; sourceTree = "<group>"; };
		D46F1A9025E8C1E000BFBD9C /* Coke.swift */ = {isa = PBXFileReference; lastKnownFileType = sourcecode.swift; path = Coke.swift; sourceTree = "<group>"; };
		D46F1AF625EA146800BFBD9C /* VendingMachineappTests.xctest */ = {isa = PBXFileReference; explicitFileType = wrapper.cfbundle; includeInIndex = 0; path = VendingMachineappTests.xctest; sourceTree = BUILT_PRODUCTS_DIR; };
		D46F1AF825EA146800BFBD9C /* VendingMachineappTests.swift */ = {isa = PBXFileReference; lastKnownFileType = sourcecode.swift; path = VendingMachineappTests.swift; sourceTree = "<group>"; };
		D46F1AFA25EA146800BFBD9C /* Info.plist */ = {isa = PBXFileReference; lastKnownFileType = text.plist.xml; path = Info.plist; sourceTree = "<group>"; };
		D46F1B0225EA147600BFBD9C /* BeverageTests.swift */ = {isa = PBXFileReference; lastKnownFileType = sourcecode.swift; path = BeverageTests.swift; sourceTree = "<group>"; };
		D46F1B0C25EE0A3900BFBD9C /* VendingMachineManager.swift */ = {isa = PBXFileReference; lastKnownFileType = sourcecode.swift; path = VendingMachineManager.swift; sourceTree = "<group>"; };
		D46F1B1025EE16BE00BFBD9C /* Money.swift */ = {isa = PBXFileReference; lastKnownFileType = sourcecode.swift; path = Money.swift; sourceTree = "<group>"; };
		D46F1B1425EE220E00BFBD9C /* BeverageFactory.swift */ = {isa = PBXFileReference; lastKnownFileType = sourcecode.swift; path = BeverageFactory.swift; sourceTree = "<group>"; };
		D46F1B1825EE223A00BFBD9C /* MilkFactory.swift */ = {isa = PBXFileReference; lastKnownFileType = sourcecode.swift; path = MilkFactory.swift; sourceTree = "<group>"; };
		D46F1B1C25EE2A3900BFBD9C /* CoffeeFactory.swift */ = {isa = PBXFileReference; lastKnownFileType = sourcecode.swift; path = CoffeeFactory.swift; sourceTree = "<group>"; };
		D46F1B2225EE31CA00BFBD9C /* SodaFactory.swift */ = {isa = PBXFileReference; lastKnownFileType = sourcecode.swift; path = SodaFactory.swift; sourceTree = "<group>"; };
/* End PBXFileReference section */

/* Begin PBXFrameworksBuildPhase section */
		D46F1A3525E62A3200BFBD9C /* Frameworks */ = {
			isa = PBXFrameworksBuildPhase;
			buildActionMask = 2147483647;
			files = (
			);
			runOnlyForDeploymentPostprocessing = 0;
		};
		D46F1AF325EA146800BFBD9C /* Frameworks */ = {
			isa = PBXFrameworksBuildPhase;
			buildActionMask = 2147483647;
			files = (
			);
			runOnlyForDeploymentPostprocessing = 0;
		};
/* End PBXFrameworksBuildPhase section */

/* Begin PBXGroup section */
		D46F1A2F25E62A3200BFBD9C = {
			isa = PBXGroup;
			children = (
				D46F1A3A25E62A3200BFBD9C /* VendingMachineapp */,
				D46F1AF725EA146800BFBD9C /* VendingMachineappTests */,
				D46F1A3925E62A3200BFBD9C /* Products */,
			);
			sourceTree = "<group>";
		};
		D46F1A3925E62A3200BFBD9C /* Products */ = {
			isa = PBXGroup;
			children = (
				D46F1A3825E62A3200BFBD9C /* VendingMachineapp.app */,
				D46F1AF625EA146800BFBD9C /* VendingMachineappTests.xctest */,
			);
			name = Products;
			sourceTree = "<group>";
		};
		D46F1A3A25E62A3200BFBD9C /* VendingMachineapp */ = {
			isa = PBXGroup;
			children = (
				D46F1A5125E6321400BFBD9C /* Model */,
				D46F1A3B25E62A3200BFBD9C /* AppDelegate.swift */,
				D46F1A3D25E62A3200BFBD9C /* SceneDelegate.swift */,
				D46F1A3F25E62A3200BFBD9C /* ViewController.swift */,
				D46F1A4125E62A3200BFBD9C /* Main.storyboard */,
				D46F1A4425E62A3300BFBD9C /* Assets.xcassets */,
				D46F1A4625E62A3300BFBD9C /* LaunchScreen.storyboard */,
				D46F1A4925E62A3300BFBD9C /* Info.plist */,
			);
			path = VendingMachineapp;
			sourceTree = "<group>";
		};
		D46F1A5125E6321400BFBD9C /* Model */ = {
			isa = PBXGroup;
			children = (
				D46F1B2925EE42BF00BFBD9C /* Beverage */,
				D46F1A6425E6782F00BFBD9C /* VendingMachine.swift */,
				D46F1A6B25E6813900BFBD9C /* Date.swift */,
				D46F1A6E25E6A52B00BFBD9C /* Inventory.swift */,
				D46F1B0C25EE0A3900BFBD9C /* VendingMachineManager.swift */,
				D46F1B1025EE16BE00BFBD9C /* Money.swift */,
			);
			path = Model;
			sourceTree = "<group>";
		};
		D46F1AF725EA146800BFBD9C /* VendingMachineappTests */ = {
			isa = PBXGroup;
			children = (
				D46F1AF825EA146800BFBD9C /* VendingMachineappTests.swift */,
				D46F1AFA25EA146800BFBD9C /* Info.plist */,
				D46F1B0225EA147600BFBD9C /* BeverageTests.swift */,
			);
			path = VendingMachineappTests;
			sourceTree = "<group>";
		};
		D46F1B2625EE427B00BFBD9C /* Milk */ = {
			isa = PBXGroup;
			children = (
				D46F1A7825E8BBFF00BFBD9C /* StrawberryMilk.swift */,
				D46F1B1825EE223A00BFBD9C /* MilkFactory.swift */,
				D46F1A7B25E8BC1800BFBD9C /* BananaMilk.swift */,
				D46F1A7E25E8BC2400BFBD9C /* ChocoMilk.swift */,
				D46F1A5B25E6675E00BFBD9C /* Milk.swift */,
			);
			path = Milk;
			sourceTree = "<group>";
		};
		D46F1B2725EE429400BFBD9C /* Coffee */ = {
			isa = PBXGroup;
			children = (
				D46F1A8125E8BE8A00BFBD9C /* Top.swift */,
				D46F1A6125E6730200BFBD9C /* Coffee.swift */,
				D46F1A8425E8BE9200BFBD9C /* Cantata.swift */,
				D46F1A8725E8BE9C00BFBD9C /* Georgia.swift */,
				D46F1B1C25EE2A3900BFBD9C /* CoffeeFactory.swift */,
			);
			path = Coffee;
			sourceTree = "<group>";
		};
		D46F1B2825EE42A700BFBD9C /* Soda */ = {
			isa = PBXGroup;
			children = (
				D46F1A5E25E671EF00BFBD9C /* Soda.swift */,
				D46F1A8A25E8C1D000BFBD9C /* Fanta.swift */,
				D46F1A8D25E8C1D900BFBD9C /* Sprite.swift */,
				D46F1A9025E8C1E000BFBD9C /* Coke.swift */,
				D46F1B2225EE31CA00BFBD9C /* SodaFactory.swift */,
			);
			path = Soda;
			sourceTree = "<group>";
		};
		D46F1B2925EE42BF00BFBD9C /* Beverage */ = {
			isa = PBXGroup;
			children = (
				D46F1A5225E6323700BFBD9C /* Beverage.swift */,
				D46F1B1425EE220E00BFBD9C /* BeverageFactory.swift */,
				D46F1B2825EE42A700BFBD9C /* Soda */,
				D46F1B2725EE429400BFBD9C /* Coffee */,
				D46F1B2625EE427B00BFBD9C /* Milk */,
			);
			path = Beverage;
			sourceTree = "<group>";
		};
/* End PBXGroup section */

/* Begin PBXNativeTarget section */
		D46F1A3725E62A3200BFBD9C /* VendingMachineapp */ = {
			isa = PBXNativeTarget;
			buildConfigurationList = D46F1A4C25E62A3300BFBD9C /* Build configuration list for PBXNativeTarget "VendingMachineapp" */;
			buildPhases = (
				D46F1A3425E62A3200BFBD9C /* Sources */,
				D46F1A3525E62A3200BFBD9C /* Frameworks */,
				D46F1A3625E62A3200BFBD9C /* Resources */,
			);
			buildRules = (
			);
			dependencies = (
			);
			name = VendingMachineapp;
			productName = VendingMachineapp;
			productReference = D46F1A3825E62A3200BFBD9C /* VendingMachineapp.app */;
			productType = "com.apple.product-type.application";
		};
		D46F1AF525EA146800BFBD9C /* VendingMachineappTests */ = {
			isa = PBXNativeTarget;
			buildConfigurationList = D46F1AFF25EA146800BFBD9C /* Build configuration list for PBXNativeTarget "VendingMachineappTests" */;
			buildPhases = (
				D46F1AF225EA146800BFBD9C /* Sources */,
				D46F1AF325EA146800BFBD9C /* Frameworks */,
				D46F1AF425EA146800BFBD9C /* Resources */,
			);
			buildRules = (
			);
			dependencies = (
				D46F1AFC25EA146800BFBD9C /* PBXTargetDependency */,
			);
			name = VendingMachineappTests;
			productName = VendingMachineappTests;
			productReference = D46F1AF625EA146800BFBD9C /* VendingMachineappTests.xctest */;
			productType = "com.apple.product-type.bundle.unit-test";
		};
/* End PBXNativeTarget section */

/* Begin PBXProject section */
		D46F1A3025E62A3200BFBD9C /* Project object */ = {
			isa = PBXProject;
			attributes = {
				LastSwiftUpdateCheck = 1200;
				LastUpgradeCheck = 1200;
				TargetAttributes = {
					D46F1A3725E62A3200BFBD9C = {
						CreatedOnToolsVersion = 12.0.1;
					};
					D46F1AF525EA146800BFBD9C = {
						CreatedOnToolsVersion = 12.0.1;
						TestTargetID = D46F1A3725E62A3200BFBD9C;
					};
				};
			};
			buildConfigurationList = D46F1A3325E62A3200BFBD9C /* Build configuration list for PBXProject "VendingMachineapp" */;
			compatibilityVersion = "Xcode 9.3";
			developmentRegion = en;
			hasScannedForEncodings = 0;
			knownRegions = (
				en,
				Base,
			);
			mainGroup = D46F1A2F25E62A3200BFBD9C;
			productRefGroup = D46F1A3925E62A3200BFBD9C /* Products */;
			projectDirPath = "";
			projectRoot = "";
			targets = (
				D46F1A3725E62A3200BFBD9C /* VendingMachineapp */,
				D46F1AF525EA146800BFBD9C /* VendingMachineappTests */,
			);
		};
/* End PBXProject section */

/* Begin PBXResourcesBuildPhase section */
		D46F1A3625E62A3200BFBD9C /* Resources */ = {
			isa = PBXResourcesBuildPhase;
			buildActionMask = 2147483647;
			files = (
				D46F1A4825E62A3300BFBD9C /* LaunchScreen.storyboard in Resources */,
				D46F1A4525E62A3300BFBD9C /* Assets.xcassets in Resources */,
				D46F1A4325E62A3200BFBD9C /* Main.storyboard in Resources */,
			);
			runOnlyForDeploymentPostprocessing = 0;
		};
		D46F1AF425EA146800BFBD9C /* Resources */ = {
			isa = PBXResourcesBuildPhase;
			buildActionMask = 2147483647;
			files = (
			);
			runOnlyForDeploymentPostprocessing = 0;
		};
/* End PBXResourcesBuildPhase section */

/* Begin PBXSourcesBuildPhase section */
		D46F1A3425E62A3200BFBD9C /* Sources */ = {
			isa = PBXSourcesBuildPhase;
			buildActionMask = 2147483647;
			files = (
				D46F1A5F25E671EF00BFBD9C /* Soda.swift in Sources */,
				D46F1A8B25E8C1D000BFBD9C /* Fanta.swift in Sources */,
				D46F1B1925EE223A00BFBD9C /* MilkFactory.swift in Sources */,
				D46F1A4025E62A3200BFBD9C /* ViewController.swift in Sources */,
				D46F1A6F25E6A52B00BFBD9C /* Inventory.swift in Sources */,
				D46F1A9125E8C1E000BFBD9C /* Coke.swift in Sources */,
				D46F1B1D25EE2A3900BFBD9C /* CoffeeFactory.swift in Sources */,
				D46F1A3C25E62A3200BFBD9C /* AppDelegate.swift in Sources */,
				D46F1A5325E6323700BFBD9C /* Beverage.swift in Sources */,
				D46F1A8525E8BE9200BFBD9C /* Cantata.swift in Sources */,
				D46F1A8825E8BE9C00BFBD9C /* Georgia.swift in Sources */,
				D46F1B1525EE220E00BFBD9C /* BeverageFactory.swift in Sources */,
				D46F1B1125EE16BE00BFBD9C /* Money.swift in Sources */,
				D46F1A7F25E8BC2400BFBD9C /* ChocoMilk.swift in Sources */,
				D46F1A7C25E8BC1800BFBD9C /* BananaMilk.swift in Sources */,
				D46F1A8E25E8C1D900BFBD9C /* Sprite.swift in Sources */,
				D46F1A3E25E62A3200BFBD9C /* SceneDelegate.swift in Sources */,
				D46F1A5C25E6675E00BFBD9C /* Milk.swift in Sources */,
				D46F1A6225E6730200BFBD9C /* Coffee.swift in Sources */,
				D46F1A7925E8BC0000BFBD9C /* StrawberryMilk.swift in Sources */,
				D46F1A6C25E6813900BFBD9C /* Date.swift in Sources */,
				D46F1B0D25EE0A3900BFBD9C /* VendingMachineManager.swift in Sources */,
				D46F1A6525E6782F00BFBD9C /* VendingMachine.swift in Sources */,
				D46F1A8225E8BE8A00BFBD9C /* Top.swift in Sources */,
				D46F1B2325EE31CA00BFBD9C /* SodaFactory.swift in Sources */,
			);
			runOnlyForDeploymentPostprocessing = 0;
		};
		D46F1AF225EA146800BFBD9C /* Sources */ = {
			isa = PBXSourcesBuildPhase;
			buildActionMask = 2147483647;
			files = (
				D46F1B0325EA147600BFBD9C /* BeverageTests.swift in Sources */,
				D46F1AF925EA146800BFBD9C /* VendingMachineappTests.swift in Sources */,
			);
			runOnlyForDeploymentPostprocessing = 0;
		};
/* End PBXSourcesBuildPhase section */

/* Begin PBXTargetDependency section */
		D46F1AFC25EA146800BFBD9C /* PBXTargetDependency */ = {
			isa = PBXTargetDependency;
			target = D46F1A3725E62A3200BFBD9C /* VendingMachineapp */;
			targetProxy = D46F1AFB25EA146800BFBD9C /* PBXContainerItemProxy */;
		};
/* End PBXTargetDependency section */

/* Begin PBXVariantGroup section */
		D46F1A4125E62A3200BFBD9C /* Main.storyboard */ = {
			isa = PBXVariantGroup;
			children = (
				D46F1A4225E62A3200BFBD9C /* Base */,
			);
			name = Main.storyboard;
			sourceTree = "<group>";
		};
		D46F1A4625E62A3300BFBD9C /* LaunchScreen.storyboard */ = {
			isa = PBXVariantGroup;
			children = (
				D46F1A4725E62A3300BFBD9C /* Base */,
			);
			name = LaunchScreen.storyboard;
			sourceTree = "<group>";
		};
/* End PBXVariantGroup section */

/* Begin XCBuildConfiguration section */
		D46F1A4A25E62A3300BFBD9C /* Debug */ = {
			isa = XCBuildConfiguration;
			buildSettings = {
				ALWAYS_SEARCH_USER_PATHS = NO;
				CLANG_ANALYZER_NONNULL = YES;
				CLANG_ANALYZER_NUMBER_OBJECT_CONVERSION = YES_AGGRESSIVE;
				CLANG_CXX_LANGUAGE_STANDARD = "gnu++14";
				CLANG_CXX_LIBRARY = "libc++";
				CLANG_ENABLE_MODULES = YES;
				CLANG_ENABLE_OBJC_ARC = YES;
				CLANG_ENABLE_OBJC_WEAK = YES;
				CLANG_WARN_BLOCK_CAPTURE_AUTORELEASING = YES;
				CLANG_WARN_BOOL_CONVERSION = YES;
				CLANG_WARN_COMMA = YES;
				CLANG_WARN_CONSTANT_CONVERSION = YES;
				CLANG_WARN_DEPRECATED_OBJC_IMPLEMENTATIONS = YES;
				CLANG_WARN_DIRECT_OBJC_ISA_USAGE = YES_ERROR;
				CLANG_WARN_DOCUMENTATION_COMMENTS = YES;
				CLANG_WARN_EMPTY_BODY = YES;
				CLANG_WARN_ENUM_CONVERSION = YES;
				CLANG_WARN_INFINITE_RECURSION = YES;
				CLANG_WARN_INT_CONVERSION = YES;
				CLANG_WARN_NON_LITERAL_NULL_CONVERSION = YES;
				CLANG_WARN_OBJC_IMPLICIT_RETAIN_SELF = YES;
				CLANG_WARN_OBJC_LITERAL_CONVERSION = YES;
				CLANG_WARN_OBJC_ROOT_CLASS = YES_ERROR;
				CLANG_WARN_QUOTED_INCLUDE_IN_FRAMEWORK_HEADER = YES;
				CLANG_WARN_RANGE_LOOP_ANALYSIS = YES;
				CLANG_WARN_STRICT_PROTOTYPES = YES;
				CLANG_WARN_SUSPICIOUS_MOVE = YES;
				CLANG_WARN_UNGUARDED_AVAILABILITY = YES_AGGRESSIVE;
				CLANG_WARN_UNREACHABLE_CODE = YES;
				CLANG_WARN__DUPLICATE_METHOD_MATCH = YES;
				COPY_PHASE_STRIP = NO;
				DEBUG_INFORMATION_FORMAT = dwarf;
				ENABLE_STRICT_OBJC_MSGSEND = YES;
				ENABLE_TESTABILITY = YES;
				GCC_C_LANGUAGE_STANDARD = gnu11;
				GCC_DYNAMIC_NO_PIC = NO;
				GCC_NO_COMMON_BLOCKS = YES;
				GCC_OPTIMIZATION_LEVEL = 0;
				GCC_PREPROCESSOR_DEFINITIONS = (
					"DEBUG=1",
					"$(inherited)",
				);
				GCC_WARN_64_TO_32_BIT_CONVERSION = YES;
				GCC_WARN_ABOUT_RETURN_TYPE = YES_ERROR;
				GCC_WARN_UNDECLARED_SELECTOR = YES;
				GCC_WARN_UNINITIALIZED_AUTOS = YES_AGGRESSIVE;
				GCC_WARN_UNUSED_FUNCTION = YES;
				GCC_WARN_UNUSED_VARIABLE = YES;
				IPHONEOS_DEPLOYMENT_TARGET = 14.0;
				MTL_ENABLE_DEBUG_INFO = INCLUDE_SOURCE;
				MTL_FAST_MATH = YES;
				ONLY_ACTIVE_ARCH = YES;
				SDKROOT = iphoneos;
				SWIFT_ACTIVE_COMPILATION_CONDITIONS = DEBUG;
				SWIFT_OPTIMIZATION_LEVEL = "-Onone";
			};
			name = Debug;
		};
		D46F1A4B25E62A3300BFBD9C /* Release */ = {
			isa = XCBuildConfiguration;
			buildSettings = {
				ALWAYS_SEARCH_USER_PATHS = NO;
				CLANG_ANALYZER_NONNULL = YES;
				CLANG_ANALYZER_NUMBER_OBJECT_CONVERSION = YES_AGGRESSIVE;
				CLANG_CXX_LANGUAGE_STANDARD = "gnu++14";
				CLANG_CXX_LIBRARY = "libc++";
				CLANG_ENABLE_MODULES = YES;
				CLANG_ENABLE_OBJC_ARC = YES;
				CLANG_ENABLE_OBJC_WEAK = YES;
				CLANG_WARN_BLOCK_CAPTURE_AUTORELEASING = YES;
				CLANG_WARN_BOOL_CONVERSION = YES;
				CLANG_WARN_COMMA = YES;
				CLANG_WARN_CONSTANT_CONVERSION = YES;
				CLANG_WARN_DEPRECATED_OBJC_IMPLEMENTATIONS = YES;
				CLANG_WARN_DIRECT_OBJC_ISA_USAGE = YES_ERROR;
				CLANG_WARN_DOCUMENTATION_COMMENTS = YES;
				CLANG_WARN_EMPTY_BODY = YES;
				CLANG_WARN_ENUM_CONVERSION = YES;
				CLANG_WARN_INFINITE_RECURSION = YES;
				CLANG_WARN_INT_CONVERSION = YES;
				CLANG_WARN_NON_LITERAL_NULL_CONVERSION = YES;
				CLANG_WARN_OBJC_IMPLICIT_RETAIN_SELF = YES;
				CLANG_WARN_OBJC_LITERAL_CONVERSION = YES;
				CLANG_WARN_OBJC_ROOT_CLASS = YES_ERROR;
				CLANG_WARN_QUOTED_INCLUDE_IN_FRAMEWORK_HEADER = YES;
				CLANG_WARN_RANGE_LOOP_ANALYSIS = YES;
				CLANG_WARN_STRICT_PROTOTYPES = YES;
				CLANG_WARN_SUSPICIOUS_MOVE = YES;
				CLANG_WARN_UNGUARDED_AVAILABILITY = YES_AGGRESSIVE;
				CLANG_WARN_UNREACHABLE_CODE = YES;
				CLANG_WARN__DUPLICATE_METHOD_MATCH = YES;
				COPY_PHASE_STRIP = NO;
				DEBUG_INFORMATION_FORMAT = "dwarf-with-dsym";
				ENABLE_NS_ASSERTIONS = NO;
				ENABLE_STRICT_OBJC_MSGSEND = YES;
				GCC_C_LANGUAGE_STANDARD = gnu11;
				GCC_NO_COMMON_BLOCKS = YES;
				GCC_WARN_64_TO_32_BIT_CONVERSION = YES;
				GCC_WARN_ABOUT_RETURN_TYPE = YES_ERROR;
				GCC_WARN_UNDECLARED_SELECTOR = YES;
				GCC_WARN_UNINITIALIZED_AUTOS = YES_AGGRESSIVE;
				GCC_WARN_UNUSED_FUNCTION = YES;
				GCC_WARN_UNUSED_VARIABLE = YES;
				IPHONEOS_DEPLOYMENT_TARGET = 14.0;
				MTL_ENABLE_DEBUG_INFO = NO;
				MTL_FAST_MATH = YES;
				SDKROOT = iphoneos;
				SWIFT_COMPILATION_MODE = wholemodule;
				SWIFT_OPTIMIZATION_LEVEL = "-O";
				VALIDATE_PRODUCT = YES;
			};
			name = Release;
		};
		D46F1A4D25E62A3300BFBD9C /* Debug */ = {
			isa = XCBuildConfiguration;
			buildSettings = {
				ASSETCATALOG_COMPILER_APPICON_NAME = AppIcon;
				ASSETCATALOG_COMPILER_GLOBAL_ACCENT_COLOR_NAME = AccentColor;
				CODE_SIGN_STYLE = Automatic;
				INFOPLIST_FILE = VendingMachineapp/Info.plist;
				LD_RUNPATH_SEARCH_PATHS = (
					"$(inherited)",
					"@executable_path/Frameworks",
				);
				PRODUCT_BUNDLE_IDENTIFIER = com.VendingMachineapp;
				PRODUCT_NAME = "$(TARGET_NAME)";
				SWIFT_VERSION = 5.0;
				TARGETED_DEVICE_FAMILY = 2;
			};
			name = Debug;
		};
		D46F1A4E25E62A3300BFBD9C /* Release */ = {
			isa = XCBuildConfiguration;
			buildSettings = {
				ASSETCATALOG_COMPILER_APPICON_NAME = AppIcon;
				ASSETCATALOG_COMPILER_GLOBAL_ACCENT_COLOR_NAME = AccentColor;
				CODE_SIGN_STYLE = Automatic;
				INFOPLIST_FILE = VendingMachineapp/Info.plist;
				LD_RUNPATH_SEARCH_PATHS = (
					"$(inherited)",
					"@executable_path/Frameworks",
				);
				PRODUCT_BUNDLE_IDENTIFIER = com.VendingMachineapp;
				PRODUCT_NAME = "$(TARGET_NAME)";
				SWIFT_VERSION = 5.0;
				TARGETED_DEVICE_FAMILY = 2;
			};
			name = Release;
		};
		D46F1AFD25EA146800BFBD9C /* Debug */ = {
			isa = XCBuildConfiguration;
			buildSettings = {
				BUNDLE_LOADER = "$(TEST_HOST)";
				CODE_SIGN_STYLE = Automatic;
				INFOPLIST_FILE = VendingMachineappTests/Info.plist;
				LD_RUNPATH_SEARCH_PATHS = (
					"$(inherited)",
					"@executable_path/Frameworks",
					"@loader_path/Frameworks",
				);
				PRODUCT_BUNDLE_IDENTIFIER = com.VendingMachineappTests;
				PRODUCT_NAME = "$(TARGET_NAME)";
				SWIFT_VERSION = 5.0;
				TARGETED_DEVICE_FAMILY = "1,2";
				TEST_HOST = "$(BUILT_PRODUCTS_DIR)/VendingMachineapp.app/VendingMachineapp";
			};
			name = Debug;
		};
		D46F1AFE25EA146800BFBD9C /* Release */ = {
			isa = XCBuildConfiguration;
			buildSettings = {
				BUNDLE_LOADER = "$(TEST_HOST)";
				CODE_SIGN_STYLE = Automatic;
				INFOPLIST_FILE = VendingMachineappTests/Info.plist;
				LD_RUNPATH_SEARCH_PATHS = (
					"$(inherited)",
					"@executable_path/Frameworks",
					"@loader_path/Frameworks",
				);
				PRODUCT_BUNDLE_IDENTIFIER = com.VendingMachineappTests;
				PRODUCT_NAME = "$(TARGET_NAME)";
				SWIFT_VERSION = 5.0;
				TARGETED_DEVICE_FAMILY = "1,2";
				TEST_HOST = "$(BUILT_PRODUCTS_DIR)/VendingMachineapp.app/VendingMachineapp";
			};
			name = Release;
		};
/* End XCBuildConfiguration section */

/* Begin XCConfigurationList section */
		D46F1A3325E62A3200BFBD9C /* Build configuration list for PBXProject "VendingMachineapp" */ = {
			isa = XCConfigurationList;
			buildConfigurations = (
				D46F1A4A25E62A3300BFBD9C /* Debug */,
				D46F1A4B25E62A3300BFBD9C /* Release */,
			);
			defaultConfigurationIsVisible = 0;
			defaultConfigurationName = Release;
		};
		D46F1A4C25E62A3300BFBD9C /* Build configuration list for PBXNativeTarget "VendingMachineapp" */ = {
			isa = XCConfigurationList;
			buildConfigurations = (
				D46F1A4D25E62A3300BFBD9C /* Debug */,
				D46F1A4E25E62A3300BFBD9C /* Release */,
			);
			defaultConfigurationIsVisible = 0;
			defaultConfigurationName = Release;
		};
		D46F1AFF25EA146800BFBD9C /* Build configuration list for PBXNativeTarget "VendingMachineappTests" */ = {
			isa = XCConfigurationList;
			buildConfigurations = (
				D46F1AFD25EA146800BFBD9C /* Debug */,
				D46F1AFE25EA146800BFBD9C /* Release */,
			);
			defaultConfigurationIsVisible = 0;
			defaultConfigurationName = Release;
		};
/* End XCConfigurationList section */
	};
	rootObject = D46F1A3025E62A3200BFBD9C /* Project object */;
}
