// !$*UTF8*$!
{
	archiveVersion = 1;
	classes = {
	};
	objectVersion = 50;
	objects = {

/* Begin PBXBuildFile section */
		471983E421665B6100FBD76C /* AppDelegate.swift in Sources */ = {isa = PBXBuildFile; fileRef = 471983E321665B6100FBD76C /* AppDelegate.swift */; };
		471983E621665B6100FBD76C /* ViewController.swift in Sources */ = {isa = PBXBuildFile; fileRef = 471983E521665B6100FBD76C /* ViewController.swift */; };
		471983E921665B6100FBD76C /* Main.storyboard in Resources */ = {isa = PBXBuildFile; fileRef = 471983E721665B6100FBD76C /* Main.storyboard */; };
		471983EB21665B6200FBD76C /* Assets.xcassets in Resources */ = {isa = PBXBuildFile; fileRef = 471983EA21665B6200FBD76C /* Assets.xcassets */; };
		471983EE21665B6200FBD76C /* LaunchScreen.storyboard in Resources */ = {isa = PBXBuildFile; fileRef = 471983EC21665B6200FBD76C /* LaunchScreen.storyboard */; };
		471983F721665FC100FBD76C /* AdminMode.swift in Sources */ = {isa = PBXBuildFile; fileRef = 471983F621665FC100FBD76C /* AdminMode.swift */; };
		471983F921665FE000FBD76C /* Beverage.swift in Sources */ = {isa = PBXBuildFile; fileRef = 471983F821665FE000FBD76C /* Beverage.swift */; };
		471983FB21665FEE00FBD76C /* Cash.swift in Sources */ = {isa = PBXBuildFile; fileRef = 471983FA21665FEE00FBD76C /* Cash.swift */; };
		471983FD21665FFE00FBD76C /* Coffee.swift in Sources */ = {isa = PBXBuildFile; fileRef = 471983FC21665FFE00FBD76C /* Coffee.swift */; };
		471983FF2166600B00FBD76C /* Error.swift in Sources */ = {isa = PBXBuildFile; fileRef = 471983FE2166600B00FBD76C /* Error.swift */; };
		471984012166601A00FBD76C /* History.swift in Sources */ = {isa = PBXBuildFile; fileRef = 471984002166601A00FBD76C /* History.swift */; };
		471984032166602B00FBD76C /* Menu.swift in Sources */ = {isa = PBXBuildFile; fileRef = 471984022166602B00FBD76C /* Menu.swift */; };
		471984052166603A00FBD76C /* Milk.swift in Sources */ = {isa = PBXBuildFile; fileRef = 471984042166603A00FBD76C /* Milk.swift */; };
		471984072166604B00FBD76C /* Soda.swift in Sources */ = {isa = PBXBuildFile; fileRef = 471984062166604B00FBD76C /* Soda.swift */; };
		471984092166605800FBD76C /* Stock.swift in Sources */ = {isa = PBXBuildFile; fileRef = 471984082166605800FBD76C /* Stock.swift */; };
		4719840B2166606400FBD76C /* UserMode.swift in Sources */ = {isa = PBXBuildFile; fileRef = 4719840A2166606400FBD76C /* UserMode.swift */; };
		4719840D2166607200FBD76C /* Utility.swift in Sources */ = {isa = PBXBuildFile; fileRef = 4719840C2166607200FBD76C /* Utility.swift */; };
		4719840F2166608300FBD76C /* VendingMachine.swift in Sources */ = {isa = PBXBuildFile; fileRef = 4719840E2166608300FBD76C /* VendingMachine.swift */; };
		476B46A92175D01B004768F7 /* Formatter.swift in Sources */ = {isa = PBXBuildFile; fileRef = 476B46A82175D01B004768F7 /* Formatter.swift */; };
		47B6F9A0216DD8AC0090FA01 /* TOP.jpeg in Resources */ = {isa = PBXBuildFile; fileRef = 47B6F997216DD8AB0090FA01 /* TOP.jpeg */; };
		47B6F9A1216DD8AC0090FA01 /* Georgia.jpeg in Resources */ = {isa = PBXBuildFile; fileRef = 47B6F998216DD8AB0090FA01 /* Georgia.jpeg */; };
		47B6F9A2216DD8AC0090FA01 /* Cider.jpeg in Resources */ = {isa = PBXBuildFile; fileRef = 47B6F999216DD8AB0090FA01 /* Cider.jpeg */; };
		47B6F9A3216DD8AC0090FA01 /* ChocolateMilk.jpeg in Resources */ = {isa = PBXBuildFile; fileRef = 47B6F99A216DD8AB0090FA01 /* ChocolateMilk.jpeg */; };
		47B6F9A4216DD8AC0090FA01 /* Fanta.jpeg in Resources */ = {isa = PBXBuildFile; fileRef = 47B6F99B216DD8AB0090FA01 /* Fanta.jpeg */; };
		47B6F9A5216DD8AC0090FA01 /* BananaMilk.jpeg in Resources */ = {isa = PBXBuildFile; fileRef = 47B6F99C216DD8AB0090FA01 /* BananaMilk.jpeg */; };
		47B6F9A6216DD8AC0090FA01 /* Cantata.jpeg in Resources */ = {isa = PBXBuildFile; fileRef = 47B6F99D216DD8AB0090FA01 /* Cantata.jpeg */; };
		47B6F9A7216DD8AC0090FA01 /* StrawberryMilk.jpeg in Resources */ = {isa = PBXBuildFile; fileRef = 47B6F99E216DD8AB0090FA01 /* StrawberryMilk.jpeg */; };
		47B6F9A8216DD8AC0090FA01 /* Coke.jpeg in Resources */ = {isa = PBXBuildFile; fileRef = 47B6F99F216DD8AB0090FA01 /* Coke.jpeg */; };
		47C9C534216CF5D400D379C2 /* Pods_VendingMachineApp.framework in Frameworks */ = {isa = PBXBuildFile; fileRef = C879EB5DB4CB4526F4E0FFD3 /* Pods_VendingMachineApp.framework */; };
		47CD4D5C21771A08002B94B2 /* AdminViewController.swift in Sources */ = {isa = PBXBuildFile; fileRef = 47CD4D5B21771A08002B94B2 /* AdminViewController.swift */; };
/* End PBXBuildFile section */

/* Begin PBXFileReference section */
		471983E021665B6100FBD76C /* VendingMachineApp.app */ = {isa = PBXFileReference; explicitFileType = wrapper.application; includeInIndex = 0; path = VendingMachineApp.app; sourceTree = BUILT_PRODUCTS_DIR; };
		471983E321665B6100FBD76C /* AppDelegate.swift */ = {isa = PBXFileReference; lastKnownFileType = sourcecode.swift; path = AppDelegate.swift; sourceTree = "<group>"; };
		471983E521665B6100FBD76C /* ViewController.swift */ = {isa = PBXFileReference; lastKnownFileType = sourcecode.swift; path = ViewController.swift; sourceTree = "<group>"; };
		471983E821665B6100FBD76C /* Base */ = {isa = PBXFileReference; lastKnownFileType = file.storyboard; name = Base; path = Base.lproj/Main.storyboard; sourceTree = "<group>"; };
		471983EA21665B6200FBD76C /* Assets.xcassets */ = {isa = PBXFileReference; lastKnownFileType = folder.assetcatalog; path = Assets.xcassets; sourceTree = "<group>"; };
		471983ED21665B6200FBD76C /* Base */ = {isa = PBXFileReference; lastKnownFileType = file.storyboard; name = Base; path = Base.lproj/LaunchScreen.storyboard; sourceTree = "<group>"; };
		471983EF21665B6200FBD76C /* Info.plist */ = {isa = PBXFileReference; lastKnownFileType = text.plist.xml; path = Info.plist; sourceTree = "<group>"; };
		471983F621665FC100FBD76C /* AdminMode.swift */ = {isa = PBXFileReference; lastKnownFileType = sourcecode.swift; path = AdminMode.swift; sourceTree = "<group>"; };
		471983F821665FE000FBD76C /* Beverage.swift */ = {isa = PBXFileReference; lastKnownFileType = sourcecode.swift; path = Beverage.swift; sourceTree = "<group>"; };
		471983FA21665FEE00FBD76C /* Cash.swift */ = {isa = PBXFileReference; lastKnownFileType = sourcecode.swift; path = Cash.swift; sourceTree = "<group>"; };
		471983FC21665FFE00FBD76C /* Coffee.swift */ = {isa = PBXFileReference; lastKnownFileType = sourcecode.swift; path = Coffee.swift; sourceTree = "<group>"; };
		471983FE2166600B00FBD76C /* Error.swift */ = {isa = PBXFileReference; lastKnownFileType = sourcecode.swift; path = Error.swift; sourceTree = "<group>"; };
		471984002166601A00FBD76C /* History.swift */ = {isa = PBXFileReference; lastKnownFileType = sourcecode.swift; path = History.swift; sourceTree = "<group>"; };
		471984022166602B00FBD76C /* Menu.swift */ = {isa = PBXFileReference; lastKnownFileType = sourcecode.swift; path = Menu.swift; sourceTree = "<group>"; };
		471984042166603A00FBD76C /* Milk.swift */ = {isa = PBXFileReference; lastKnownFileType = sourcecode.swift; path = Milk.swift; sourceTree = "<group>"; };
		471984062166604B00FBD76C /* Soda.swift */ = {isa = PBXFileReference; lastKnownFileType = sourcecode.swift; path = Soda.swift; sourceTree = "<group>"; };
		471984082166605800FBD76C /* Stock.swift */ = {isa = PBXFileReference; lastKnownFileType = sourcecode.swift; path = Stock.swift; sourceTree = "<group>"; };
		4719840A2166606400FBD76C /* UserMode.swift */ = {isa = PBXFileReference; lastKnownFileType = sourcecode.swift; path = UserMode.swift; sourceTree = "<group>"; };
		4719840C2166607200FBD76C /* Utility.swift */ = {isa = PBXFileReference; lastKnownFileType = sourcecode.swift; path = Utility.swift; sourceTree = "<group>"; };
		4719840E2166608300FBD76C /* VendingMachine.swift */ = {isa = PBXFileReference; lastKnownFileType = sourcecode.swift; path = VendingMachine.swift; sourceTree = "<group>"; };
		476B46A82175D01B004768F7 /* Formatter.swift */ = {isa = PBXFileReference; lastKnownFileType = sourcecode.swift; name = Formatter.swift; path = VendingMachineApp/Formatter.swift; sourceTree = SOURCE_ROOT; };
		47B6F997216DD8AB0090FA01 /* TOP.jpeg */ = {isa = PBXFileReference; lastKnownFileType = image.jpeg; path = TOP.jpeg; sourceTree = "<group>"; };
		47B6F998216DD8AB0090FA01 /* Georgia.jpeg */ = {isa = PBXFileReference; lastKnownFileType = image.jpeg; path = Georgia.jpeg; sourceTree = "<group>"; };
		47B6F999216DD8AB0090FA01 /* Cider.jpeg */ = {isa = PBXFileReference; lastKnownFileType = image.jpeg; path = Cider.jpeg; sourceTree = "<group>"; };
		47B6F99A216DD8AB0090FA01 /* ChocolateMilk.jpeg */ = {isa = PBXFileReference; lastKnownFileType = image.jpeg; path = ChocolateMilk.jpeg; sourceTree = "<group>"; };
		47B6F99B216DD8AB0090FA01 /* Fanta.jpeg */ = {isa = PBXFileReference; lastKnownFileType = image.jpeg; path = Fanta.jpeg; sourceTree = "<group>"; };
		47B6F99C216DD8AB0090FA01 /* BananaMilk.jpeg */ = {isa = PBXFileReference; lastKnownFileType = image.jpeg; path = BananaMilk.jpeg; sourceTree = "<group>"; };
		47B6F99D216DD8AB0090FA01 /* Cantata.jpeg */ = {isa = PBXFileReference; lastKnownFileType = image.jpeg; path = Cantata.jpeg; sourceTree = "<group>"; };
		47B6F99E216DD8AB0090FA01 /* StrawberryMilk.jpeg */ = {isa = PBXFileReference; lastKnownFileType = image.jpeg; path = StrawberryMilk.jpeg; sourceTree = "<group>"; };
		47B6F99F216DD8AB0090FA01 /* Coke.jpeg */ = {isa = PBXFileReference; lastKnownFileType = image.jpeg; path = Coke.jpeg; sourceTree = "<group>"; };
		47CD4D5B21771A08002B94B2 /* AdminViewController.swift */ = {isa = PBXFileReference; lastKnownFileType = sourcecode.swift; path = AdminViewController.swift; sourceTree = "<group>"; };
		A36A848CF7B9DC66269298E4 /* Pods-VendingMachineApp.debug.xcconfig */ = {isa = PBXFileReference; includeInIndex = 1; lastKnownFileType = text.xcconfig; name = "Pods-VendingMachineApp.debug.xcconfig"; path = "Pods/Target Support Files/Pods-VendingMachineApp/Pods-VendingMachineApp.debug.xcconfig"; sourceTree = "<group>"; };
		C879EB5DB4CB4526F4E0FFD3 /* Pods_VendingMachineApp.framework */ = {isa = PBXFileReference; explicitFileType = wrapper.framework; includeInIndex = 0; path = Pods_VendingMachineApp.framework; sourceTree = BUILT_PRODUCTS_DIR; };
		F76D1F23FCC66115E1F42DD4 /* Pods-VendingMachineApp.release.xcconfig */ = {isa = PBXFileReference; includeInIndex = 1; lastKnownFileType = text.xcconfig; name = "Pods-VendingMachineApp.release.xcconfig"; path = "Pods/Target Support Files/Pods-VendingMachineApp/Pods-VendingMachineApp.release.xcconfig"; sourceTree = "<group>"; };
/* End PBXFileReference section */

/* Begin PBXFrameworksBuildPhase section */
		471983DD21665B6100FBD76C /* Frameworks */ = {
			isa = PBXFrameworksBuildPhase;
			buildActionMask = 2147483647;
			files = (
				47C9C534216CF5D400D379C2 /* Pods_VendingMachineApp.framework in Frameworks */,
			);
			runOnlyForDeploymentPostprocessing = 0;
		};
/* End PBXFrameworksBuildPhase section */

/* Begin PBXGroup section */
		471983D721665B6100FBD76C = {
			isa = PBXGroup;
			children = (
				471983E221665B6100FBD76C /* VendingMachineApp */,
				471983E121665B6100FBD76C /* Products */,
				BC849FE6A9B656ED2F73143C /* Pods */,
				BD9266B76B82F3CB8BD997EB /* Frameworks */,
			);
			sourceTree = "<group>";
		};
		471983E121665B6100FBD76C /* Products */ = {
			isa = PBXGroup;
			children = (
				471983E021665B6100FBD76C /* VendingMachineApp.app */,
			);
			name = Products;
			sourceTree = "<group>";
		};
		471983E221665B6100FBD76C /* VendingMachineApp */ = {
			isa = PBXGroup;
			children = (
				47B6F996216DD8AB0090FA01 /* BeverageImages */,
				471983E321665B6100FBD76C /* AppDelegate.swift */,
				47CD4D5B21771A08002B94B2 /* AdminViewController.swift */,
				471983E521665B6100FBD76C /* ViewController.swift */,
				471983E721665B6100FBD76C /* Main.storyboard */,
				471983F621665FC100FBD76C /* AdminMode.swift */,
				476B46A82175D01B004768F7 /* Formatter.swift */,
				471983F821665FE000FBD76C /* Beverage.swift */,
				471983FA21665FEE00FBD76C /* Cash.swift */,
				471983FC21665FFE00FBD76C /* Coffee.swift */,
				471983FE2166600B00FBD76C /* Error.swift */,
				471984002166601A00FBD76C /* History.swift */,
				471984022166602B00FBD76C /* Menu.swift */,
				471984042166603A00FBD76C /* Milk.swift */,
				471984062166604B00FBD76C /* Soda.swift */,
				471984082166605800FBD76C /* Stock.swift */,
				4719840A2166606400FBD76C /* UserMode.swift */,
				4719840C2166607200FBD76C /* Utility.swift */,
				4719840E2166608300FBD76C /* VendingMachine.swift */,
				471983EA21665B6200FBD76C /* Assets.xcassets */,
				471983EC21665B6200FBD76C /* LaunchScreen.storyboard */,
				471983EF21665B6200FBD76C /* Info.plist */,
			);
			path = VendingMachineApp;
			sourceTree = "<group>";
		};
		47B6F996216DD8AB0090FA01 /* BeverageImages */ = {
			isa = PBXGroup;
			children = (
				47B6F997216DD8AB0090FA01 /* TOP.jpeg */,
				47B6F998216DD8AB0090FA01 /* Georgia.jpeg */,
				47B6F999216DD8AB0090FA01 /* Cider.jpeg */,
				47B6F99A216DD8AB0090FA01 /* ChocolateMilk.jpeg */,
				47B6F99B216DD8AB0090FA01 /* Fanta.jpeg */,
				47B6F99C216DD8AB0090FA01 /* BananaMilk.jpeg */,
				47B6F99D216DD8AB0090FA01 /* Cantata.jpeg */,
				47B6F99E216DD8AB0090FA01 /* StrawberryMilk.jpeg */,
				47B6F99F216DD8AB0090FA01 /* Coke.jpeg */,
			);
			path = BeverageImages;
			sourceTree = "<group>";
		};
		BC849FE6A9B656ED2F73143C /* Pods */ = {
			isa = PBXGroup;
			children = (
				A36A848CF7B9DC66269298E4 /* Pods-VendingMachineApp.debug.xcconfig */,
				F76D1F23FCC66115E1F42DD4 /* Pods-VendingMachineApp.release.xcconfig */,
			);
			name = Pods;
			sourceTree = "<group>";
		};
		BD9266B76B82F3CB8BD997EB /* Frameworks */ = {
			isa = PBXGroup;
			children = (
				C879EB5DB4CB4526F4E0FFD3 /* Pods_VendingMachineApp.framework */,
			);
			name = Frameworks;
			sourceTree = "<group>";
		};
/* End PBXGroup section */

/* Begin PBXNativeTarget section */
		471983DF21665B6100FBD76C /* VendingMachineApp */ = {
			isa = PBXNativeTarget;
			buildConfigurationList = 471983F221665B6200FBD76C /* Build configuration list for PBXNativeTarget "VendingMachineApp" */;
			buildPhases = (
				88C2EB1C531A7E9F704DF6EF /* [CP] Check Pods Manifest.lock */,
				471983DC21665B6100FBD76C /* Sources */,
				471983DD21665B6100FBD76C /* Frameworks */,
				471983DE21665B6100FBD76C /* Resources */,
				471983F521665BE600FBD76C /* ShellScript */,
			);
			buildRules = (
			);
			dependencies = (
			);
			name = VendingMachineApp;
			productName = VendingMachineApp;
			productReference = 471983E021665B6100FBD76C /* VendingMachineApp.app */;
			productType = "com.apple.product-type.application";
		};
/* End PBXNativeTarget section */

/* Begin PBXProject section */
		471983D821665B6100FBD76C /* Project object */ = {
			isa = PBXProject;
			attributes = {
				LastSwiftUpdateCheck = 1000;
				LastUpgradeCheck = 1000;
				ORGANIZATIONNAME = oingbong;
				TargetAttributes = {
					471983DF21665B6100FBD76C = {
						CreatedOnToolsVersion = 10.0;
					};
				};
			};
			buildConfigurationList = 471983DB21665B6100FBD76C /* Build configuration list for PBXProject "VendingMachineApp" */;
			compatibilityVersion = "Xcode 9.3";
			developmentRegion = en;
			hasScannedForEncodings = 0;
			knownRegions = (
				en,
				Base,
			);
			mainGroup = 471983D721665B6100FBD76C;
			productRefGroup = 471983E121665B6100FBD76C /* Products */;
			projectDirPath = "";
			projectRoot = "";
			targets = (
				471983DF21665B6100FBD76C /* VendingMachineApp */,
			);
		};
/* End PBXProject section */

/* Begin PBXResourcesBuildPhase section */
		471983DE21665B6100FBD76C /* Resources */ = {
			isa = PBXResourcesBuildPhase;
			buildActionMask = 2147483647;
			files = (
				47B6F9A4216DD8AC0090FA01 /* Fanta.jpeg in Resources */,
				471983EE21665B6200FBD76C /* LaunchScreen.storyboard in Resources */,
				47B6F9A3216DD8AC0090FA01 /* ChocolateMilk.jpeg in Resources */,
				47B6F9A8216DD8AC0090FA01 /* Coke.jpeg in Resources */,
				47B6F9A0216DD8AC0090FA01 /* TOP.jpeg in Resources */,
				47B6F9A6216DD8AC0090FA01 /* Cantata.jpeg in Resources */,
				471983EB21665B6200FBD76C /* Assets.xcassets in Resources */,
				471983E921665B6100FBD76C /* Main.storyboard in Resources */,
				47B6F9A7216DD8AC0090FA01 /* StrawberryMilk.jpeg in Resources */,
				47B6F9A1216DD8AC0090FA01 /* Georgia.jpeg in Resources */,
				47B6F9A2216DD8AC0090FA01 /* Cider.jpeg in Resources */,
				47B6F9A5216DD8AC0090FA01 /* BananaMilk.jpeg in Resources */,
			);
			runOnlyForDeploymentPostprocessing = 0;
		};
/* End PBXResourcesBuildPhase section */

/* Begin PBXShellScriptBuildPhase section */
		471983F521665BE600FBD76C /* ShellScript */ = {
			isa = PBXShellScriptBuildPhase;
			buildActionMask = 2147483647;
			files = (
			);
			inputFileListPaths = (
			);
			inputPaths = (
			);
			outputFileListPaths = (
			);
			outputPaths = (
			);
			runOnlyForDeploymentPostprocessing = 0;
			shellPath = /bin/sh;
			shellScript = "${PODS_ROOT}/SwiftLint/swiftlint\n";
		};
		88C2EB1C531A7E9F704DF6EF /* [CP] Check Pods Manifest.lock */ = {
			isa = PBXShellScriptBuildPhase;
			buildActionMask = 2147483647;
			files = (
			);
			inputFileListPaths = (
			);
			inputPaths = (
				"${PODS_PODFILE_DIR_PATH}/Podfile.lock",
				"${PODS_ROOT}/Manifest.lock",
			);
			name = "[CP] Check Pods Manifest.lock";
			outputFileListPaths = (
			);
			outputPaths = (
				"$(DERIVED_FILE_DIR)/Pods-VendingMachineApp-checkManifestLockResult.txt",
			);
			runOnlyForDeploymentPostprocessing = 0;
			shellPath = /bin/sh;
			shellScript = "diff \"${PODS_PODFILE_DIR_PATH}/Podfile.lock\" \"${PODS_ROOT}/Manifest.lock\" > /dev/null\nif [ $? != 0 ] ; then\n    # print error to STDERR\n    echo \"error: The sandbox is not in sync with the Podfile.lock. Run 'pod install' or update your CocoaPods installation.\" >&2\n    exit 1\nfi\n# This output is used by Xcode 'outputs' to avoid re-running this script phase.\necho \"SUCCESS\" > \"${SCRIPT_OUTPUT_FILE_0}\"\n";
			showEnvVarsInLog = 0;
		};
/* End PBXShellScriptBuildPhase section */

/* Begin PBXSourcesBuildPhase section */
		471983DC21665B6100FBD76C /* Sources */ = {
			isa = PBXSourcesBuildPhase;
			buildActionMask = 2147483647;
			files = (
				4719840D2166607200FBD76C /* Utility.swift in Sources */,
				471983E621665B6100FBD76C /* ViewController.swift in Sources */,
				47CD4D5C21771A08002B94B2 /* AdminViewController.swift in Sources */,
				471983F721665FC100FBD76C /* AdminMode.swift in Sources */,
				471984092166605800FBD76C /* Stock.swift in Sources */,
				471984012166601A00FBD76C /* History.swift in Sources */,
				4719840F2166608300FBD76C /* VendingMachine.swift in Sources */,
				4719840B2166606400FBD76C /* UserMode.swift in Sources */,
				471984072166604B00FBD76C /* Soda.swift in Sources */,
				471983FB21665FEE00FBD76C /* Cash.swift in Sources */,
				471984052166603A00FBD76C /* Milk.swift in Sources */,
				471983F921665FE000FBD76C /* Beverage.swift in Sources */,
				471983E421665B6100FBD76C /* AppDelegate.swift in Sources */,
				471984032166602B00FBD76C /* Menu.swift in Sources */,
				471983FF2166600B00FBD76C /* Error.swift in Sources */,
				476B46A92175D01B004768F7 /* Formatter.swift in Sources */,
				471983FD21665FFE00FBD76C /* Coffee.swift in Sources */,
			);
			runOnlyForDeploymentPostprocessing = 0;
		};
/* End PBXSourcesBuildPhase section */

/* Begin PBXVariantGroup section */
		471983E721665B6100FBD76C /* Main.storyboard */ = {
			isa = PBXVariantGroup;
			children = (
				471983E821665B6100FBD76C /* Base */,
			);
			name = Main.storyboard;
			sourceTree = "<group>";
		};
		471983EC21665B6200FBD76C /* LaunchScreen.storyboard */ = {
			isa = PBXVariantGroup;
			children = (
				471983ED21665B6200FBD76C /* Base */,
			);
			name = LaunchScreen.storyboard;
			sourceTree = "<group>";
		};
/* End PBXVariantGroup section */

/* Begin XCBuildConfiguration section */
		471983F021665B6200FBD76C /* Debug */ = {
			isa = XCBuildConfiguration;
			buildSettings = {
				ALWAYS_SEARCH_USER_PATHS = NO;
				CLANG_ANALYZER_NONNULL = YES;
				CLANG_ANALYZER_NUMBER_OBJECT_CONVERSION = YES_AGGRESSIVE;
				CLANG_CXX_LANGUAGE_STANDARD = "gnu++14";
				CLANG_CXX_LIBRARY = "libc++";
				CLANG_ENABLE_MODULES = YES;
				CLANG_ENABLE_OBJC_ARC = YES;
				CLANG_ENABLE_OBJC_WEAK = YES;
				CLANG_WARN_BLOCK_CAPTURE_AUTORELEASING = YES;
				CLANG_WARN_BOOL_CONVERSION = YES;
				CLANG_WARN_COMMA = YES;
				CLANG_WARN_CONSTANT_CONVERSION = YES;
				CLANG_WARN_DEPRECATED_OBJC_IMPLEMENTATIONS = YES;
				CLANG_WARN_DIRECT_OBJC_ISA_USAGE = YES_ERROR;
				CLANG_WARN_DOCUMENTATION_COMMENTS = YES;
				CLANG_WARN_EMPTY_BODY = YES;
				CLANG_WARN_ENUM_CONVERSION = YES;
				CLANG_WARN_INFINITE_RECURSION = YES;
				CLANG_WARN_INT_CONVERSION = YES;
				CLANG_WARN_NON_LITERAL_NULL_CONVERSION = YES;
				CLANG_WARN_OBJC_IMPLICIT_RETAIN_SELF = YES;
				CLANG_WARN_OBJC_LITERAL_CONVERSION = YES;
				CLANG_WARN_OBJC_ROOT_CLASS = YES_ERROR;
				CLANG_WARN_RANGE_LOOP_ANALYSIS = YES;
				CLANG_WARN_STRICT_PROTOTYPES = YES;
				CLANG_WARN_SUSPICIOUS_MOVE = YES;
				CLANG_WARN_UNGUARDED_AVAILABILITY = YES_AGGRESSIVE;
				CLANG_WARN_UNREACHABLE_CODE = YES;
				CLANG_WARN__DUPLICATE_METHOD_MATCH = YES;
				CODE_SIGN_IDENTITY = "iPhone Developer";
				COPY_PHASE_STRIP = NO;
				DEBUG_INFORMATION_FORMAT = dwarf;
				ENABLE_STRICT_OBJC_MSGSEND = YES;
				ENABLE_TESTABILITY = YES;
				GCC_C_LANGUAGE_STANDARD = gnu11;
				GCC_DYNAMIC_NO_PIC = NO;
				GCC_NO_COMMON_BLOCKS = YES;
				GCC_OPTIMIZATION_LEVEL = 0;
				GCC_PREPROCESSOR_DEFINITIONS = (
					"DEBUG=1",
					"$(inherited)",
				);
				GCC_WARN_64_TO_32_BIT_CONVERSION = YES;
				GCC_WARN_ABOUT_RETURN_TYPE = YES_ERROR;
				GCC_WARN_UNDECLARED_SELECTOR = YES;
				GCC_WARN_UNINITIALIZED_AUTOS = YES_AGGRESSIVE;
				GCC_WARN_UNUSED_FUNCTION = YES;
				GCC_WARN_UNUSED_VARIABLE = YES;
				IPHONEOS_DEPLOYMENT_TARGET = 12.0;
				MTL_ENABLE_DEBUG_INFO = INCLUDE_SOURCE;
				MTL_FAST_MATH = YES;
				ONLY_ACTIVE_ARCH = YES;
				SDKROOT = iphoneos;
				SWIFT_ACTIVE_COMPILATION_CONDITIONS = DEBUG;
				SWIFT_OPTIMIZATION_LEVEL = "-Onone";
			};
			name = Debug;
		};
		471983F121665B6200FBD76C /* Release */ = {
			isa = XCBuildConfiguration;
			buildSettings = {
				ALWAYS_SEARCH_USER_PATHS = NO;
				CLANG_ANALYZER_NONNULL = YES;
				CLANG_ANALYZER_NUMBER_OBJECT_CONVERSION = YES_AGGRESSIVE;
				CLANG_CXX_LANGUAGE_STANDARD = "gnu++14";
				CLANG_CXX_LIBRARY = "libc++";
				CLANG_ENABLE_MODULES = YES;
				CLANG_ENABLE_OBJC_ARC = YES;
				CLANG_ENABLE_OBJC_WEAK = YES;
				CLANG_WARN_BLOCK_CAPTURE_AUTORELEASING = YES;
				CLANG_WARN_BOOL_CONVERSION = YES;
				CLANG_WARN_COMMA = YES;
				CLANG_WARN_CONSTANT_CONVERSION = YES;
				CLANG_WARN_DEPRECATED_OBJC_IMPLEMENTATIONS = YES;
				CLANG_WARN_DIRECT_OBJC_ISA_USAGE = YES_ERROR;
				CLANG_WARN_DOCUMENTATION_COMMENTS = YES;
				CLANG_WARN_EMPTY_BODY = YES;
				CLANG_WARN_ENUM_CONVERSION = YES;
				CLANG_WARN_INFINITE_RECURSION = YES;
				CLANG_WARN_INT_CONVERSION = YES;
				CLANG_WARN_NON_LITERAL_NULL_CONVERSION = YES;
				CLANG_WARN_OBJC_IMPLICIT_RETAIN_SELF = YES;
				CLANG_WARN_OBJC_LITERAL_CONVERSION = YES;
				CLANG_WARN_OBJC_ROOT_CLASS = YES_ERROR;
				CLANG_WARN_RANGE_LOOP_ANALYSIS = YES;
				CLANG_WARN_STRICT_PROTOTYPES = YES;
				CLANG_WARN_SUSPICIOUS_MOVE = YES;
				CLANG_WARN_UNGUARDED_AVAILABILITY = YES_AGGRESSIVE;
				CLANG_WARN_UNREACHABLE_CODE = YES;
				CLANG_WARN__DUPLICATE_METHOD_MATCH = YES;
				CODE_SIGN_IDENTITY = "iPhone Developer";
				COPY_PHASE_STRIP = NO;
				DEBUG_INFORMATION_FORMAT = "dwarf-with-dsym";
				ENABLE_NS_ASSERTIONS = NO;
				ENABLE_STRICT_OBJC_MSGSEND = YES;
				GCC_C_LANGUAGE_STANDARD = gnu11;
				GCC_NO_COMMON_BLOCKS = YES;
				GCC_WARN_64_TO_32_BIT_CONVERSION = YES;
				GCC_WARN_ABOUT_RETURN_TYPE = YES_ERROR;
				GCC_WARN_UNDECLARED_SELECTOR = YES;
				GCC_WARN_UNINITIALIZED_AUTOS = YES_AGGRESSIVE;
				GCC_WARN_UNUSED_FUNCTION = YES;
				GCC_WARN_UNUSED_VARIABLE = YES;
				IPHONEOS_DEPLOYMENT_TARGET = 12.0;
				MTL_ENABLE_DEBUG_INFO = NO;
				MTL_FAST_MATH = YES;
				SDKROOT = iphoneos;
				SWIFT_COMPILATION_MODE = wholemodule;
				SWIFT_OPTIMIZATION_LEVEL = "-O";
				VALIDATE_PRODUCT = YES;
			};
			name = Release;
		};
		471983F321665B6200FBD76C /* Debug */ = {
			isa = XCBuildConfiguration;
			baseConfigurationReference = A36A848CF7B9DC66269298E4 /* Pods-VendingMachineApp.debug.xcconfig */;
			buildSettings = {
				ASSETCATALOG_COMPILER_APPICON_NAME = AppIcon;
				CODE_SIGN_STYLE = Automatic;
				INFOPLIST_FILE = VendingMachineApp/Info.plist;
				LD_RUNPATH_SEARCH_PATHS = (
					"$(inherited)",
					"@executable_path/Frameworks",
				);
				PRODUCT_BUNDLE_IDENTIFIER = oingbong.VendingMachineApp;
				PRODUCT_NAME = "$(TARGET_NAME)";
				SWIFT_VERSION = 4.2;
				TARGETED_DEVICE_FAMILY = 2;
			};
			name = Debug;
		};
		471983F421665B6200FBD76C /* Release */ = {
			isa = XCBuildConfiguration;
			baseConfigurationReference = F76D1F23FCC66115E1F42DD4 /* Pods-VendingMachineApp.release.xcconfig */;
			buildSettings = {
				ASSETCATALOG_COMPILER_APPICON_NAME = AppIcon;
				CODE_SIGN_STYLE = Automatic;
				INFOPLIST_FILE = VendingMachineApp/Info.plist;
				LD_RUNPATH_SEARCH_PATHS = (
					"$(inherited)",
					"@executable_path/Frameworks",
				);
				PRODUCT_BUNDLE_IDENTIFIER = oingbong.VendingMachineApp;
				PRODUCT_NAME = "$(TARGET_NAME)";
				SWIFT_VERSION = 4.2;
				TARGETED_DEVICE_FAMILY = 2;
			};
			name = Release;
		};
/* End XCBuildConfiguration section */

/* Begin XCConfigurationList section */
		471983DB21665B6100FBD76C /* Build configuration list for PBXProject "VendingMachineApp" */ = {
			isa = XCConfigurationList;
			buildConfigurations = (
				471983F021665B6200FBD76C /* Debug */,
				471983F121665B6200FBD76C /* Release */,
			);
			defaultConfigurationIsVisible = 0;
			defaultConfigurationName = Release;
		};
		471983F221665B6200FBD76C /* Build configuration list for PBXNativeTarget "VendingMachineApp" */ = {
			isa = XCConfigurationList;
			buildConfigurations = (
				471983F321665B6200FBD76C /* Debug */,
				471983F421665B6200FBD76C /* Release */,
			);
			defaultConfigurationIsVisible = 0;
			defaultConfigurationName = Release;
		};
/* End XCConfigurationList section */
	};
	rootObject = 471983D821665B6100FBD76C /* Project object */;
}
